// !$*UTF8*$!
{
	archiveVersion = 1;
	classes = {
	};
	objectVersion = 52;
	objects = {

/* Begin PBXBuildFile section */
		330867522566D67E000C3EB8 /* HostScreen.swift in Sources */ = {isa = PBXBuildFile; fileRef = 330867512566D67E000C3EB8 /* HostScreen.swift */; };
		3317B5D425A59C7C008681ED /* ProductDetails.swift in Sources */ = {isa = PBXBuildFile; fileRef = 3317B5D325A59C7C008681ED /* ProductDetails.swift */; };
		331A23CB258CDE630089E42A /* UserInfoNavigationBarScreenTests.swift in Sources */ = {isa = PBXBuildFile; fileRef = 331A23CA258CDE630089E42A /* UserInfoNavigationBarScreenTests.swift */; };
		331BED592593614600757694 /* GoogleService-Info.plist in Resources */ = {isa = PBXBuildFile; fileRef = 331BED582593614600757694 /* GoogleService-Info.plist */; };
		331BEDCC259385EC00757694 /* AuthNewPasswordScreenTests.swift in Sources */ = {isa = PBXBuildFile; fileRef = 331BEDCB259385EB00757694 /* AuthNewPasswordScreenTests.swift */; };
		33289420256537A50003E092 /* Localizable.strings in Resources */ = {isa = PBXBuildFile; fileRef = 33289422256537A50003E092 /* Localizable.strings */; };
		33385A7D256FB66B00DACD7C /* ColorExt.swift in Sources */ = {isa = PBXBuildFile; fileRef = 33385A7A256FB66B00DACD7C /* ColorExt.swift */; };
		33385A7E256FB66B00DACD7C /* CommonExt.swift in Sources */ = {isa = PBXBuildFile; fileRef = 33385A7B256FB66B00DACD7C /* CommonExt.swift */; };
		33385A86256FB7C200DACD7C /* ViewExtensions.swift in Sources */ = {isa = PBXBuildFile; fileRef = 33385A85256FB7C200DACD7C /* ViewExtensions.swift */; };
		333F45D125A49AC8008DE1D2 /* Introspect in Frameworks */ = {isa = PBXBuildFile; productRef = 333F45D025A49AC8008DE1D2 /* Introspect */; };
		333F45D325A4B5A8008DE1D2 /* URLImage.swift in Sources */ = {isa = PBXBuildFile; fileRef = 333F45D225A4B5A8008DE1D2 /* URLImage.swift */; };
		334574F025762A5F002839C5 /* SignUpScreen.swift in Sources */ = {isa = PBXBuildFile; fileRef = 334574EF25762A5F002839C5 /* SignUpScreen.swift */; };
		3356497425AC453300F2D3CE /* NavigationBar.swift in Sources */ = {isa = PBXBuildFile; fileRef = 3356497325AC453300F2D3CE /* NavigationBar.swift */; };
		335EE0D5257A7EF90004AD42 /* SignUpTraderDetails.swift in Sources */ = {isa = PBXBuildFile; fileRef = 335EE0D4257A7EF90004AD42 /* SignUpTraderDetails.swift */; };
		33621CF62571009D004BD4CF /* MedicoText.swift in Sources */ = {isa = PBXBuildFile; fileRef = 33621CF52571009D004BD4CF /* MedicoText.swift */; };
		33621CFA257125B2004BD4CF /* ActivityView.swift in Sources */ = {isa = PBXBuildFile; fileRef = 33621CF9257125B2004BD4CF /* ActivityView.swift */; };
		33621D0225712DE6004BD4CF /* AuthNewPasswordScreen.swift in Sources */ = {isa = PBXBuildFile; fileRef = 33621D0125712DE6004BD4CF /* AuthNewPasswordScreen.swift */; };
		33638EFD2574FB8400A9E8B4 /* SwiftDataSource.swift in Sources */ = {isa = PBXBuildFile; fileRef = 33638EFC2574FB8400A9E8B4 /* SwiftDataSource.swift */; };
		336589BF257E779C008D1CCC /* SignUpLegalDocumentsScreen.swift in Sources */ = {isa = PBXBuildFile; fileRef = 336589BE257E779C008D1CCC /* SignUpLegalDocumentsScreen.swift */; };
		336728222578E1CB00C7E73D /* KeyboardResponder.swift in Sources */ = {isa = PBXBuildFile; fileRef = 336728212578E1CB00C7E73D /* KeyboardResponder.swift */; };
		3367284D2579294F00C7E73D /* PhoneTextField.swift in Sources */ = {isa = PBXBuildFile; fileRef = 3367284C2579294F00C7E73D /* PhoneTextField.swift */; };
		336EE4FB259490E400D354C8 /* OtpScopeInfo.swift in Sources */ = {isa = PBXBuildFile; fileRef = 336EE4FA259490E400D354C8 /* OtpScopeInfo.swift */; };
		336EE4FC259490E400D354C8 /* OtpScopeInfo.swift in Sources */ = {isa = PBXBuildFile; fileRef = 336EE4FA259490E400D354C8 /* OtpScopeInfo.swift */; };
		336EE5002594A09200D354C8 /* LogInScopeInfo.swift in Sources */ = {isa = PBXBuildFile; fileRef = 336EE4FF2594A09200D354C8 /* LogInScopeInfo.swift */; };
		336EE5012594A09200D354C8 /* LogInScopeInfo.swift in Sources */ = {isa = PBXBuildFile; fileRef = 336EE4FF2594A09200D354C8 /* LogInScopeInfo.swift */; };
		3372E216259A10570034EF2D /* SignUpWelcomeScreen.swift in Sources */ = {isa = PBXBuildFile; fileRef = 3372E215259A10570034EF2D /* SignUpWelcomeScreen.swift */; };
		3376EC762583737800570BB3 /* LimitedAppAccessScreen.swift in Sources */ = {isa = PBXBuildFile; fileRef = 3376EC752583737800570BB3 /* LimitedAppAccessScreen.swift */; };
		3376EC7A2583875900570BB3 /* FilePicker.swift in Sources */ = {isa = PBXBuildFile; fileRef = 3376EC792583875900570BB3 /* FilePicker.swift */; };
		33789562256E3BE70034D79F /* FloatingPlaceholderTextField.swift in Sources */ = {isa = PBXBuildFile; fileRef = 33789561256E3BE70034D79F /* FloatingPlaceholderTextField.swift */; };
		337DE57D258A069B00614951 /* AuthScreenTests.swift in Sources */ = {isa = PBXBuildFile; fileRef = 337DE57C258A069B00614951 /* AuthScreenTests.swift */; };
		337DE5A3258A0FAE00614951 /* core.framework in Frameworks */ = {isa = PBXBuildFile; fileRef = 33F8DFC425763A91009E98EE /* core.framework */; };
		337DE625258A44B900614951 /* core.framework in CopyFiles */ = {isa = PBXBuildFile; fileRef = 33F8DFC425763A91009E98EE /* core.framework */; settings = {ATTRIBUTES = (CodeSignOnCopy, RemoveHeadersOnCopy, ); }; };
		337DE628258A523800614951 /* TestsHelper.swift in Sources */ = {isa = PBXBuildFile; fileRef = 337DE627258A523800614951 /* TestsHelper.swift */; };
		337DE62A258A55DA00614951 /* LimitedAppAccessScopeInfo.swift in Sources */ = {isa = PBXBuildFile; fileRef = 337DE629258A55DA00614951 /* LimitedAppAccessScopeInfo.swift */; };
		338F98E7257F77C3002D36FF /* ImagePicker.swift in Sources */ = {isa = PBXBuildFile; fileRef = 338F98E6257F77C3002D36FF /* ImagePicker.swift */; };
		3395030F25824ABB0080CC88 /* SlidingNavigationPanelView.swift in Sources */ = {isa = PBXBuildFile; fileRef = 3395030E25824ABB0080CC88 /* SlidingNavigationPanelView.swift */; };
		3395031325824C060080CC88 /* BlurEffectView.swift in Sources */ = {isa = PBXBuildFile; fileRef = 3395031225824C060080CC88 /* BlurEffectView.swift */; };
		339C503D257A2D9B00AAB45F /* SignUpAddressScreen.swift in Sources */ = {isa = PBXBuildFile; fileRef = 339C503C257A2D9B00AAB45F /* SignUpAddressScreen.swift */; };
		339C5041257A2E7600AAB45F /* CommonViewModifiers.swift in Sources */ = {isa = PBXBuildFile; fileRef = 339C5040257A2E7600AAB45F /* CommonViewModifiers.swift */; };
		339C5045257A548F00AAB45F /* PickerSelector.swift in Sources */ = {isa = PBXBuildFile; fileRef = 339C5044257A548F00AAB45F /* PickerSelector.swift */; };
		33A1586125920325005A634F /* PasswordRestoreOtpPhoneVerificationScreenTests.swift in Sources */ = {isa = PBXBuildFile; fileRef = 33A1586025920325005A634F /* PasswordRestoreOtpPhoneVerificationScreenTests.swift */; };
		33ABAEC8258B826A0061F63C /* CommonViews.swift in Sources */ = {isa = PBXBuildFile; fileRef = 33ABAEC7258B826A0061F63C /* CommonViews.swift */; };
		33ABAECB258B8FE90061F63C /* Extensions.swift in Sources */ = {isa = PBXBuildFile; fileRef = 33ABAECA258B8FE90061F63C /* Extensions.swift */; };
		33ABAECC258B90850061F63C /* Localizable.strings in Resources */ = {isa = PBXBuildFile; fileRef = 33289422256537A50003E092 /* Localizable.strings */; };
		33ABAECE258B93370061F63C /* BaseTests.swift in Sources */ = {isa = PBXBuildFile; fileRef = 33ABAECD258B93370061F63C /* BaseTests.swift */; };
		33AD104C256F92CC005FF354 /* SwiftUIExtensions.swift in Sources */ = {isa = PBXBuildFile; fileRef = 33AD104B256F92CC005FF354 /* SwiftUIExtensions.swift */; };
		33B1581F258A637A009B69AB /* TestsHelper.swift in Sources */ = {isa = PBXBuildFile; fileRef = 337DE627258A523800614951 /* TestsHelper.swift */; };
		33B15820258A637D009B69AB /* LimitedAppAccessScopeInfo.swift in Sources */ = {isa = PBXBuildFile; fileRef = 337DE629258A55DA00614951 /* LimitedAppAccessScopeInfo.swift */; };
		33B1B8002563F4EB005215A3 /* AuthScreen.swift in Sources */ = {isa = PBXBuildFile; fileRef = 33B1B7FF2563F4EB005215A3 /* AuthScreen.swift */; };
		33B1B80F2564378E005215A3 /* HostingController.swift in Sources */ = {isa = PBXBuildFile; fileRef = 33B1B80E2564378E005215A3 /* HostingController.swift */; };
		33B4A30D25A30F3F00B04AF3 /* FlexibleView.swift in Sources */ = {isa = PBXBuildFile; fileRef = 33B4A30C25A30F3F00B04AF3 /* FlexibleView.swift */; };
		33B4A30F25A34E6900B04AF3 /* Barlow-Black.ttf in Resources */ = {isa = PBXBuildFile; fileRef = 33B4A30E25A34E6900B04AF3 /* Barlow-Black.ttf */; };
		33B834DF2577764D00D72CE8 /* SignUpPersonalDataScreen.swift in Sources */ = {isa = PBXBuildFile; fileRef = 33B834DE2577764D00D72CE8 /* SignUpPersonalDataScreen.swift */; };
		33CDAA2C256E55AB001C189A /* AppColor.swift in Sources */ = {isa = PBXBuildFile; fileRef = 33CDAA2B256E55AB001C189A /* AppColor.swift */; };
		33CDAA32256E5D42001C189A /* AppColorViewsExtensions.swift in Sources */ = {isa = PBXBuildFile; fileRef = 33CDAA31256E5D42001C189A /* AppColorViewsExtensions.swift */; };
		33CE886D2590C86700E4D316 /* OtpPhoneRequestScreenTests.swift in Sources */ = {isa = PBXBuildFile; fileRef = 33CE886C2590C86700E4D316 /* OtpPhoneRequestScreenTests.swift */; };
		33CE886E2590D7A700E4D316 /* PhoneNumberUtil.swift in Sources */ = {isa = PBXBuildFile; fileRef = 33F151D0256FBF5F00C4C656 /* PhoneNumberUtil.swift */; };
		33D57335259B167100A9B5C5 /* SignUpAadhaarCardDetailsScreen.swift in Sources */ = {isa = PBXBuildFile; fileRef = 33D57334259B167100A9B5C5 /* SignUpAadhaarCardDetailsScreen.swift */; };
		33E76830256D5F9900B35FDF /* Barlow-Medium.ttf in Resources */ = {isa = PBXBuildFile; fileRef = 33E7682E256D5F9800B35FDF /* Barlow-Medium.ttf */; };
		33E76831256D5F9900B35FDF /* Barlow-Regular.ttf in Resources */ = {isa = PBXBuildFile; fileRef = 33E7682F256D5F9900B35FDF /* Barlow-Regular.ttf */; };
		33E76837256D621B00B35FDF /* Barlow-SemiBold.ttf in Resources */ = {isa = PBXBuildFile; fileRef = 33E76836256D621B00B35FDF /* Barlow-SemiBold.ttf */; };
		33F151D1256FBF5F00C4C656 /* PhoneNumberUtil.swift in Sources */ = {isa = PBXBuildFile; fileRef = 33F151D0256FBF5F00C4C656 /* PhoneNumberUtil.swift */; };
		33F151EB256FE1F000C4C656 /* OtpPhoneRequestScreen.swift in Sources */ = {isa = PBXBuildFile; fileRef = 33F151EA256FE1F000C4C656 /* OtpPhoneRequestScreen.swift */; };
		33F151F1256FE7F000C4C656 /* OtpPhoneVerification.swift in Sources */ = {isa = PBXBuildFile; fileRef = 33F151F0256FE7F000C4C656 /* OtpPhoneVerification.swift */; };
		33F1520A256FF5D200C4C656 /* Colors.xcassets in Resources */ = {isa = PBXBuildFile; fileRef = 33F15209256FF5D200C4C656 /* Colors.xcassets */; };
		33F1C07225683FFF0041A890 /* OtpFlowScreen.swift in Sources */ = {isa = PBXBuildFile; fileRef = 33F1C07125683FFF0041A890 /* OtpFlowScreen.swift */; };
		33F51B23258CD15200DA2F9F /* LimitedAppAccessTests.swift in Sources */ = {isa = PBXBuildFile; fileRef = 33F51B22258CD15200DA2F9F /* LimitedAppAccessTests.swift */; };
		33F8DFBB25763732009E98EE /* SelectUserTypeScreen.swift in Sources */ = {isa = PBXBuildFile; fileRef = 33F8DFBA25763732009E98EE /* SelectUserTypeScreen.swift */; };
		33F8DFC525763A91009E98EE /* core.framework in Frameworks */ = {isa = PBXBuildFile; fileRef = 33F8DFC425763A91009E98EE /* core.framework */; };
		33F8DFC625763A91009E98EE /* core.framework in Embed Frameworks */ = {isa = PBXBuildFile; fileRef = 33F8DFC425763A91009E98EE /* core.framework */; settings = {ATTRIBUTES = (CodeSignOnCopy, RemoveHeadersOnCopy, ); }; };
		33F8DFE325764253009E98EE /* Barlow-Bold.ttf in Resources */ = {isa = PBXBuildFile; fileRef = 33F8DFE225764253009E98EE /* Barlow-Bold.ttf */; };
		33FD1266259238A700B956CC /* OtpPhoneVerificationScreenTests.swift in Sources */ = {isa = PBXBuildFile; fileRef = 33FD1265259238A700B956CC /* OtpPhoneVerificationScreenTests.swift */; };
		33FD6A40259CAD640092887D /* SearchBar.swift in Sources */ = {isa = PBXBuildFile; fileRef = 33FD6A3F259CAD640092887D /* SearchBar.swift */; };
		33FD6A44259CBE9B0092887D /* GlobalSearchScreen.swift in Sources */ = {isa = PBXBuildFile; fileRef = 33FD6A43259CBE9B0092887D /* GlobalSearchScreen.swift */; };
		33FF54E3257FBCD40018DE59 /* DocumentPicker.swift in Sources */ = {isa = PBXBuildFile; fileRef = 33FF54E2257FBCD40018DE59 /* DocumentPicker.swift */; };
		4BA0007DEC69B01DBC21A4C4 /* Pods_Medico.framework in Frameworks */ = {isa = PBXBuildFile; fileRef = 7AA80CF33BE2304862146BEE /* Pods_Medico.framework */; };
		7555FF7F242A565900829871 /* AppDelegate.swift in Sources */ = {isa = PBXBuildFile; fileRef = 7555FF7E242A565900829871 /* AppDelegate.swift */; };
		7555FF81242A565900829871 /* SceneDelegate.swift in Sources */ = {isa = PBXBuildFile; fileRef = 7555FF80242A565900829871 /* SceneDelegate.swift */; };
		7555FF85242A565B00829871 /* Assets.xcassets in Resources */ = {isa = PBXBuildFile; fileRef = 7555FF84242A565B00829871 /* Assets.xcassets */; };
		7555FF88242A565B00829871 /* Preview Assets.xcassets in Resources */ = {isa = PBXBuildFile; fileRef = 7555FF87242A565B00829871 /* Preview Assets.xcassets */; };
		7555FF8B242A565B00829871 /* LaunchScreen.storyboard in Resources */ = {isa = PBXBuildFile; fileRef = 7555FF89242A565B00829871 /* LaunchScreen.storyboard */; };
		93D6184DBDC1D373CA663C31 /* Pods_Medico_MedicoUITests.framework in Frameworks */ = {isa = PBXBuildFile; fileRef = A4D04C257EEAE918940525D2 /* Pods_Medico_MedicoUITests.framework */; };
/* End PBXBuildFile section */

/* Begin PBXContainerItemProxy section */
		337DE57F258A069B00614951 /* PBXContainerItemProxy */ = {
			isa = PBXContainerItemProxy;
			containerPortal = 7555FF73242A565900829871 /* Project object */;
			proxyType = 1;
			remoteGlobalIDString = 7555FF7A242A565900829871;
			remoteInfo = ios;
		};
/* End PBXContainerItemProxy section */

/* Begin PBXCopyFilesBuildPhase section */
		337DE624258A44AA00614951 /* CopyFiles */ = {
			isa = PBXCopyFilesBuildPhase;
			buildActionMask = 2147483647;
			dstPath = "";
			dstSubfolderSpec = 10;
			files = (
				337DE625258A44B900614951 /* core.framework in CopyFiles */,
			);
			runOnlyForDeploymentPostprocessing = 0;
		};
		7555FFB4242A642300829871 /* Embed Frameworks */ = {
			isa = PBXCopyFilesBuildPhase;
			buildActionMask = 2147483647;
			dstPath = "";
			dstSubfolderSpec = 10;
			files = (
				33F8DFC625763A91009E98EE /* core.framework in Embed Frameworks */,
			);
			name = "Embed Frameworks";
			runOnlyForDeploymentPostprocessing = 0;
		};
/* End PBXCopyFilesBuildPhase section */

/* Begin PBXFileReference section */
		251BB946665B9AAA979DC276 /* Pods-Medico-MedicoUITests.debug.xcconfig */ = {isa = PBXFileReference; includeInIndex = 1; lastKnownFileType = text.xcconfig; name = "Pods-Medico-MedicoUITests.debug.xcconfig"; path = "Target Support Files/Pods-Medico-MedicoUITests/Pods-Medico-MedicoUITests.debug.xcconfig"; sourceTree = "<group>"; };
		289BFD22E9FAC8B5DB1DEF7A /* Pods-Medico.debug.xcconfig */ = {isa = PBXFileReference; includeInIndex = 1; lastKnownFileType = text.xcconfig; name = "Pods-Medico.debug.xcconfig"; path = "Target Support Files/Pods-Medico/Pods-Medico.debug.xcconfig"; sourceTree = "<group>"; };
		2F2D1DD0CD71D0C64852DCA3 /* Pods_iosTests.framework */ = {isa = PBXFileReference; explicitFileType = wrapper.framework; includeInIndex = 0; path = Pods_iosTests.framework; sourceTree = BUILT_PRODUCTS_DIR; };
		330867512566D67E000C3EB8 /* HostScreen.swift */ = {isa = PBXFileReference; lastKnownFileType = sourcecode.swift; path = HostScreen.swift; sourceTree = "<group>"; };
		3317B5D325A59C7C008681ED /* ProductDetails.swift */ = {isa = PBXFileReference; lastKnownFileType = sourcecode.swift; path = ProductDetails.swift; sourceTree = "<group>"; };
		331A23CA258CDE630089E42A /* UserInfoNavigationBarScreenTests.swift */ = {isa = PBXFileReference; lastKnownFileType = sourcecode.swift; path = UserInfoNavigationBarScreenTests.swift; sourceTree = "<group>"; };
		331BED582593614600757694 /* GoogleService-Info.plist */ = {isa = PBXFileReference; fileEncoding = 4; lastKnownFileType = text.plist.xml; path = "GoogleService-Info.plist"; sourceTree = "<group>"; };
		331BEDCB259385EB00757694 /* AuthNewPasswordScreenTests.swift */ = {isa = PBXFileReference; lastKnownFileType = sourcecode.swift; path = AuthNewPasswordScreenTests.swift; sourceTree = "<group>"; };
		33289421256537A50003E092 /* en */ = {isa = PBXFileReference; lastKnownFileType = text.plist.strings; name = en; path = en.lproj/Localizable.strings; sourceTree = "<group>"; };
		332F7E0C258B3BB100C5BF6B /* commonMain */ = {isa = PBXFileReference; lastKnownFileType = folder; name = commonMain; path = ../../data/src/commonMain; sourceTree = "<group>"; };
		332F7E0D258B3BC100C5BF6B /* iosMain */ = {isa = PBXFileReference; lastKnownFileType = folder; name = iosMain; path = ../../core/src/iosMain; sourceTree = "<group>"; };
		332F7E0E258B3BC100C5BF6B /* commonMain */ = {isa = PBXFileReference; lastKnownFileType = folder; name = commonMain; path = ../../core/src/commonMain; sourceTree = "<group>"; };
		33385A7A256FB66B00DACD7C /* ColorExt.swift */ = {isa = PBXFileReference; fileEncoding = 4; lastKnownFileType = sourcecode.swift; name = ColorExt.swift; path = ios/extensions/ColorExt.swift; sourceTree = SOURCE_ROOT; };
		33385A7B256FB66B00DACD7C /* CommonExt.swift */ = {isa = PBXFileReference; fileEncoding = 4; lastKnownFileType = sourcecode.swift; name = CommonExt.swift; path = ios/extensions/CommonExt.swift; sourceTree = SOURCE_ROOT; };
		33385A85256FB7C200DACD7C /* ViewExtensions.swift */ = {isa = PBXFileReference; lastKnownFileType = sourcecode.swift; name = ViewExtensions.swift; path = ios/extensions/ViewExtensions.swift; sourceTree = SOURCE_ROOT; };
		333F45D225A4B5A8008DE1D2 /* URLImage.swift */ = {isa = PBXFileReference; lastKnownFileType = sourcecode.swift; path = URLImage.swift; sourceTree = "<group>"; };
		334574EF25762A5F002839C5 /* SignUpScreen.swift */ = {isa = PBXFileReference; lastKnownFileType = sourcecode.swift; path = SignUpScreen.swift; sourceTree = "<group>"; };
		3356497325AC453300F2D3CE /* NavigationBar.swift */ = {isa = PBXFileReference; lastKnownFileType = sourcecode.swift; path = NavigationBar.swift; sourceTree = "<group>"; };
		335EE0D4257A7EF90004AD42 /* SignUpTraderDetails.swift */ = {isa = PBXFileReference; lastKnownFileType = sourcecode.swift; path = SignUpTraderDetails.swift; sourceTree = "<group>"; };
		33621CF52571009D004BD4CF /* MedicoText.swift */ = {isa = PBXFileReference; lastKnownFileType = sourcecode.swift; path = MedicoText.swift; sourceTree = "<group>"; };
		33621CF9257125B2004BD4CF /* ActivityView.swift */ = {isa = PBXFileReference; lastKnownFileType = sourcecode.swift; path = ActivityView.swift; sourceTree = "<group>"; };
		33621D0125712DE6004BD4CF /* AuthNewPasswordScreen.swift */ = {isa = PBXFileReference; lastKnownFileType = sourcecode.swift; path = AuthNewPasswordScreen.swift; sourceTree = "<group>"; };
		33638EFC2574FB8400A9E8B4 /* SwiftDataSource.swift */ = {isa = PBXFileReference; lastKnownFileType = sourcecode.swift; path = SwiftDataSource.swift; sourceTree = "<group>"; };
		336589BE257E779C008D1CCC /* SignUpLegalDocumentsScreen.swift */ = {isa = PBXFileReference; lastKnownFileType = sourcecode.swift; path = SignUpLegalDocumentsScreen.swift; sourceTree = "<group>"; };
		336728212578E1CB00C7E73D /* KeyboardResponder.swift */ = {isa = PBXFileReference; fileEncoding = 4; lastKnownFileType = sourcecode.swift; path = KeyboardResponder.swift; sourceTree = "<group>"; };
		3367284C2579294F00C7E73D /* PhoneTextField.swift */ = {isa = PBXFileReference; lastKnownFileType = sourcecode.swift; path = PhoneTextField.swift; sourceTree = "<group>"; };
		336EE4FA259490E400D354C8 /* OtpScopeInfo.swift */ = {isa = PBXFileReference; lastKnownFileType = sourcecode.swift; path = OtpScopeInfo.swift; sourceTree = "<group>"; };
		336EE4FF2594A09200D354C8 /* LogInScopeInfo.swift */ = {isa = PBXFileReference; lastKnownFileType = sourcecode.swift; path = LogInScopeInfo.swift; sourceTree = "<group>"; };
		3372E215259A10570034EF2D /* SignUpWelcomeScreen.swift */ = {isa = PBXFileReference; lastKnownFileType = sourcecode.swift; path = SignUpWelcomeScreen.swift; sourceTree = "<group>"; };
		3376EC752583737800570BB3 /* LimitedAppAccessScreen.swift */ = {isa = PBXFileReference; lastKnownFileType = sourcecode.swift; path = LimitedAppAccessScreen.swift; sourceTree = "<group>"; };
		3376EC792583875900570BB3 /* FilePicker.swift */ = {isa = PBXFileReference; lastKnownFileType = sourcecode.swift; path = FilePicker.swift; sourceTree = "<group>"; };
		33789561256E3BE70034D79F /* FloatingPlaceholderTextField.swift */ = {isa = PBXFileReference; lastKnownFileType = sourcecode.swift; path = FloatingPlaceholderTextField.swift; sourceTree = "<group>"; };
		337DE57A258A069B00614951 /* MedicoUITests.xctest */ = {isa = PBXFileReference; explicitFileType = wrapper.cfbundle; includeInIndex = 0; path = MedicoUITests.xctest; sourceTree = BUILT_PRODUCTS_DIR; };
		337DE57C258A069B00614951 /* AuthScreenTests.swift */ = {isa = PBXFileReference; lastKnownFileType = sourcecode.swift; path = AuthScreenTests.swift; sourceTree = "<group>"; };
		337DE57E258A069B00614951 /* Info.plist */ = {isa = PBXFileReference; lastKnownFileType = text.plist.xml; path = Info.plist; sourceTree = "<group>"; };
		337DE627258A523800614951 /* TestsHelper.swift */ = {isa = PBXFileReference; lastKnownFileType = sourcecode.swift; path = TestsHelper.swift; sourceTree = "<group>"; };
		337DE629258A55DA00614951 /* LimitedAppAccessScopeInfo.swift */ = {isa = PBXFileReference; lastKnownFileType = sourcecode.swift; path = LimitedAppAccessScopeInfo.swift; sourceTree = "<group>"; };
		338F98E6257F77C3002D36FF /* ImagePicker.swift */ = {isa = PBXFileReference; lastKnownFileType = sourcecode.swift; path = ImagePicker.swift; sourceTree = "<group>"; };
		3395030E25824ABB0080CC88 /* SlidingNavigationPanelView.swift */ = {isa = PBXFileReference; lastKnownFileType = sourcecode.swift; path = SlidingNavigationPanelView.swift; sourceTree = "<group>"; };
		3395031225824C060080CC88 /* BlurEffectView.swift */ = {isa = PBXFileReference; lastKnownFileType = sourcecode.swift; path = BlurEffectView.swift; sourceTree = "<group>"; };
		339C503C257A2D9B00AAB45F /* SignUpAddressScreen.swift */ = {isa = PBXFileReference; lastKnownFileType = sourcecode.swift; path = SignUpAddressScreen.swift; sourceTree = "<group>"; };
		339C5040257A2E7600AAB45F /* CommonViewModifiers.swift */ = {isa = PBXFileReference; lastKnownFileType = sourcecode.swift; path = CommonViewModifiers.swift; sourceTree = "<group>"; };
		339C5044257A548F00AAB45F /* PickerSelector.swift */ = {isa = PBXFileReference; lastKnownFileType = sourcecode.swift; path = PickerSelector.swift; sourceTree = "<group>"; };
		33A1586025920325005A634F /* PasswordRestoreOtpPhoneVerificationScreenTests.swift */ = {isa = PBXFileReference; lastKnownFileType = sourcecode.swift; path = PasswordRestoreOtpPhoneVerificationScreenTests.swift; sourceTree = "<group>"; };
		33ABAEC7258B826A0061F63C /* CommonViews.swift */ = {isa = PBXFileReference; lastKnownFileType = sourcecode.swift; path = CommonViews.swift; sourceTree = "<group>"; };
		33ABAECA258B8FE90061F63C /* Extensions.swift */ = {isa = PBXFileReference; lastKnownFileType = sourcecode.swift; path = Extensions.swift; sourceTree = "<group>"; };
		33ABAECD258B93370061F63C /* BaseTests.swift */ = {isa = PBXFileReference; lastKnownFileType = sourcecode.swift; path = BaseTests.swift; sourceTree = "<group>"; };
		33AD104B256F92CC005FF354 /* SwiftUIExtensions.swift */ = {isa = PBXFileReference; lastKnownFileType = sourcecode.swift; name = SwiftUIExtensions.swift; path = ios/extensions/SwiftUIExtensions.swift; sourceTree = SOURCE_ROOT; };
		33B1B7FF2563F4EB005215A3 /* AuthScreen.swift */ = {isa = PBXFileReference; lastKnownFileType = sourcecode.swift; path = AuthScreen.swift; sourceTree = "<group>"; };
		33B1B80E2564378E005215A3 /* HostingController.swift */ = {isa = PBXFileReference; lastKnownFileType = sourcecode.swift; path = HostingController.swift; sourceTree = "<group>"; };
		33B4A30C25A30F3F00B04AF3 /* FlexibleView.swift */ = {isa = PBXFileReference; lastKnownFileType = sourcecode.swift; path = FlexibleView.swift; sourceTree = "<group>"; };
		33B4A30E25A34E6900B04AF3 /* Barlow-Black.ttf */ = {isa = PBXFileReference; lastKnownFileType = file; path = "Barlow-Black.ttf"; sourceTree = "<group>"; };
		33B834DE2577764D00D72CE8 /* SignUpPersonalDataScreen.swift */ = {isa = PBXFileReference; lastKnownFileType = sourcecode.swift; path = SignUpPersonalDataScreen.swift; sourceTree = "<group>"; };
		33CDAA2B256E55AB001C189A /* AppColor.swift */ = {isa = PBXFileReference; lastKnownFileType = sourcecode.swift; name = AppColor.swift; path = ios/utils/AppColor.swift; sourceTree = SOURCE_ROOT; };
		33CDAA31256E5D42001C189A /* AppColorViewsExtensions.swift */ = {isa = PBXFileReference; lastKnownFileType = sourcecode.swift; name = AppColorViewsExtensions.swift; path = ios/extensions/AppColorViewsExtensions.swift; sourceTree = SOURCE_ROOT; };
		33CE886C2590C86700E4D316 /* OtpPhoneRequestScreenTests.swift */ = {isa = PBXFileReference; lastKnownFileType = sourcecode.swift; path = OtpPhoneRequestScreenTests.swift; sourceTree = "<group>"; };
		33D57334259B167100A9B5C5 /* SignUpAadhaarCardDetailsScreen.swift */ = {isa = PBXFileReference; lastKnownFileType = sourcecode.swift; path = SignUpAadhaarCardDetailsScreen.swift; sourceTree = "<group>"; };
		33E7682E256D5F9800B35FDF /* Barlow-Medium.ttf */ = {isa = PBXFileReference; lastKnownFileType = file; path = "Barlow-Medium.ttf"; sourceTree = "<group>"; };
		33E7682F256D5F9900B35FDF /* Barlow-Regular.ttf */ = {isa = PBXFileReference; lastKnownFileType = file; path = "Barlow-Regular.ttf"; sourceTree = "<group>"; };
		33E76836256D621B00B35FDF /* Barlow-SemiBold.ttf */ = {isa = PBXFileReference; lastKnownFileType = file; path = "Barlow-SemiBold.ttf"; sourceTree = "<group>"; };
		33F151D0256FBF5F00C4C656 /* PhoneNumberUtil.swift */ = {isa = PBXFileReference; lastKnownFileType = sourcecode.swift; name = PhoneNumberUtil.swift; path = ios/utils/PhoneNumberUtil.swift; sourceTree = SOURCE_ROOT; };
		33F151EA256FE1F000C4C656 /* OtpPhoneRequestScreen.swift */ = {isa = PBXFileReference; lastKnownFileType = sourcecode.swift; path = OtpPhoneRequestScreen.swift; sourceTree = "<group>"; };
		33F151F0256FE7F000C4C656 /* OtpPhoneVerification.swift */ = {isa = PBXFileReference; lastKnownFileType = sourcecode.swift; path = OtpPhoneVerification.swift; sourceTree = "<group>"; };
		33F15209256FF5D200C4C656 /* Colors.xcassets */ = {isa = PBXFileReference; lastKnownFileType = folder.assetcatalog; path = Colors.xcassets; sourceTree = "<group>"; };
		33F1C07125683FFF0041A890 /* OtpFlowScreen.swift */ = {isa = PBXFileReference; lastKnownFileType = sourcecode.swift; path = OtpFlowScreen.swift; sourceTree = "<group>"; };
		33F51B22258CD15200DA2F9F /* LimitedAppAccessTests.swift */ = {isa = PBXFileReference; lastKnownFileType = sourcecode.swift; path = LimitedAppAccessTests.swift; sourceTree = "<group>"; };
		33F8DFBA25763732009E98EE /* SelectUserTypeScreen.swift */ = {isa = PBXFileReference; lastKnownFileType = sourcecode.swift; path = SelectUserTypeScreen.swift; sourceTree = "<group>"; };
		33F8DFC425763A91009E98EE /* core.framework */ = {isa = PBXFileReference; lastKnownFileType = wrapper.framework; name = core.framework; path = "../core/build/xcode-frameworks/core.framework"; sourceTree = "<group>"; };
		33F8DFE225764253009E98EE /* Barlow-Bold.ttf */ = {isa = PBXFileReference; lastKnownFileType = file; path = "Barlow-Bold.ttf"; sourceTree = "<group>"; };
		33FD1265259238A700B956CC /* OtpPhoneVerificationScreenTests.swift */ = {isa = PBXFileReference; lastKnownFileType = sourcecode.swift; path = OtpPhoneVerificationScreenTests.swift; sourceTree = "<group>"; };
		33FD6A3F259CAD640092887D /* SearchBar.swift */ = {isa = PBXFileReference; lastKnownFileType = sourcecode.swift; path = SearchBar.swift; sourceTree = "<group>"; };
		33FD6A43259CBE9B0092887D /* GlobalSearchScreen.swift */ = {isa = PBXFileReference; lastKnownFileType = sourcecode.swift; path = GlobalSearchScreen.swift; sourceTree = "<group>"; };
		33FF54E2257FBCD40018DE59 /* DocumentPicker.swift */ = {isa = PBXFileReference; lastKnownFileType = sourcecode.swift; path = DocumentPicker.swift; sourceTree = "<group>"; };
		5D3B9C379AD2162E729C5D31 /* Pods_ios_iosUITests.framework */ = {isa = PBXFileReference; explicitFileType = wrapper.framework; includeInIndex = 0; path = Pods_ios_iosUITests.framework; sourceTree = BUILT_PRODUCTS_DIR; };
		5D65B56B42EA12578B135D16 /* Pods-Medico.release.xcconfig */ = {isa = PBXFileReference; includeInIndex = 1; lastKnownFileType = text.xcconfig; name = "Pods-Medico.release.xcconfig"; path = "Target Support Files/Pods-Medico/Pods-Medico.release.xcconfig"; sourceTree = "<group>"; };
		7555FF7B242A565900829871 /* Medico.app */ = {isa = PBXFileReference; explicitFileType = wrapper.application; includeInIndex = 0; path = Medico.app; sourceTree = BUILT_PRODUCTS_DIR; };
		7555FF7E242A565900829871 /* AppDelegate.swift */ = {isa = PBXFileReference; lastKnownFileType = sourcecode.swift; path = AppDelegate.swift; sourceTree = "<group>"; };
		7555FF80242A565900829871 /* SceneDelegate.swift */ = {isa = PBXFileReference; lastKnownFileType = sourcecode.swift; path = SceneDelegate.swift; sourceTree = "<group>"; };
		7555FF84242A565B00829871 /* Assets.xcassets */ = {isa = PBXFileReference; lastKnownFileType = folder.assetcatalog; path = Assets.xcassets; sourceTree = "<group>"; };
		7555FF87242A565B00829871 /* Preview Assets.xcassets */ = {isa = PBXFileReference; lastKnownFileType = folder.assetcatalog; path = "Preview Assets.xcassets"; sourceTree = "<group>"; };
		7555FF8A242A565B00829871 /* Base */ = {isa = PBXFileReference; lastKnownFileType = file.storyboard; name = Base; path = Base.lproj/LaunchScreen.storyboard; sourceTree = "<group>"; };
		7555FF8C242A565B00829871 /* Info.plist */ = {isa = PBXFileReference; lastKnownFileType = text.plist.xml; path = Info.plist; sourceTree = "<group>"; };
		7AA80CF33BE2304862146BEE /* Pods_Medico.framework */ = {isa = PBXFileReference; explicitFileType = wrapper.framework; includeInIndex = 0; path = Pods_Medico.framework; sourceTree = BUILT_PRODUCTS_DIR; };
		8F4C16B158170595A4EC8EE8 /* Pods-Medico-MedicoUITests.release.xcconfig */ = {isa = PBXFileReference; includeInIndex = 1; lastKnownFileType = text.xcconfig; name = "Pods-Medico-MedicoUITests.release.xcconfig"; path = "Target Support Files/Pods-Medico-MedicoUITests/Pods-Medico-MedicoUITests.release.xcconfig"; sourceTree = "<group>"; };
		A4D04C257EEAE918940525D2 /* Pods_Medico_MedicoUITests.framework */ = {isa = PBXFileReference; explicitFileType = wrapper.framework; includeInIndex = 0; path = Pods_Medico_MedicoUITests.framework; sourceTree = BUILT_PRODUCTS_DIR; };
/* End PBXFileReference section */

/* Begin PBXFrameworksBuildPhase section */
		337DE577258A069B00614951 /* Frameworks */ = {
			isa = PBXFrameworksBuildPhase;
			buildActionMask = 2147483647;
			files = (
				337DE5A3258A0FAE00614951 /* core.framework in Frameworks */,
				93D6184DBDC1D373CA663C31 /* Pods_Medico_MedicoUITests.framework in Frameworks */,
			);
			runOnlyForDeploymentPostprocessing = 0;
		};
		7555FF78242A565900829871 /* Frameworks */ = {
			isa = PBXFrameworksBuildPhase;
			buildActionMask = 2147483647;
			files = (
				33F8DFC525763A91009E98EE /* core.framework in Frameworks */,
				333F45D125A49AC8008DE1D2 /* Introspect in Frameworks */,
				4BA0007DEC69B01DBC21A4C4 /* Pods_Medico.framework in Frameworks */,
			);
			runOnlyForDeploymentPostprocessing = 0;
		};
/* End PBXFrameworksBuildPhase section */

/* Begin PBXGroup section */
		33016394255999F200835961 /* Utils */ = {
			isa = PBXGroup;
			children = (
				33CDAA2B256E55AB001C189A /* AppColor.swift */,
				33B4A30C25A30F3F00B04AF3 /* FlexibleView.swift */,
				33B1B80E2564378E005215A3 /* HostingController.swift */,
				336728212578E1CB00C7E73D /* KeyboardResponder.swift */,
				33F151D0256FBF5F00C4C656 /* PhoneNumberUtil.swift */,
				33638EFC2574FB8400A9E8B4 /* SwiftDataSource.swift */,
			);
			path = Utils;
			sourceTree = "<group>";
		};
		3317B5D525A59CE3008681ED /* Product */ = {
			isa = PBXGroup;
			children = (
				3317B5D325A59C7C008681ED /* ProductDetails.swift */,
			);
			path = Product;
			sourceTree = "<group>";
		};
		332F7DF9258B39BD00C5BF6B /* KotlinSources */ = {
			isa = PBXGroup;
			children = (
				332F7E02258B3A1500C5BF6B /* Core */,
				332F7E03258B3A8700C5BF6B /* Data */,
			);
			name = KotlinSources;
			sourceTree = "<group>";
		};
		332F7E02258B3A1500C5BF6B /* Core */ = {
			isa = PBXGroup;
			children = (
				332F7E0E258B3BC100C5BF6B /* commonMain */,
				332F7E0D258B3BC100C5BF6B /* iosMain */,
			);
			name = Core;
			sourceTree = "<group>";
		};
		332F7E03258B3A8700C5BF6B /* Data */ = {
			isa = PBXGroup;
			children = (
				332F7E0C258B3BB100C5BF6B /* commonMain */,
			);
			name = Data;
			sourceTree = "<group>";
		};
		333AE3F925821ED000C249C1 /* Main */ = {
			isa = PBXGroup;
			children = (
				3376EC742583736200570BB3 /* LimitedAppAccess */,
				3317B5D525A59CE3008681ED /* Product */,
			);
			path = Main;
			sourceTree = "<group>";
		};
		333F45D425A4B608008DE1D2 /* Pickers */ = {
			isa = PBXGroup;
			children = (
				3376EC792583875900570BB3 /* FilePicker.swift */,
				339C5044257A548F00AAB45F /* PickerSelector.swift */,
			);
			path = Pickers;
			sourceTree = "<group>";
		};
		333F45D525A4B616008DE1D2 /* Inputs */ = {
			isa = PBXGroup;
			children = (
				33789561256E3BE70034D79F /* FloatingPlaceholderTextField.swift */,
				33FD6A3F259CAD640092887D /* SearchBar.swift */,
			);
			path = Inputs;
			sourceTree = "<group>";
		};
		333F45D625A4B636008DE1D2 /* Texts */ = {
			isa = PBXGroup;
			children = (
				33621CF52571009D004BD4CF /* MedicoText.swift */,
			);
			path = Texts;
			sourceTree = "<group>";
		};
		333F45D725A4B63C008DE1D2 /* Images */ = {
			isa = PBXGroup;
			children = (
				333F45D225A4B5A8008DE1D2 /* URLImage.swift */,
			);
			path = Images;
			sourceTree = "<group>";
		};
		334574EE257629B6002839C5 /* SignUp */ = {
			isa = PBXGroup;
			children = (
				33D57336259B37B200A9B5C5 /* DocumentsDetails */,
				33F8DFBA25763732009E98EE /* SelectUserTypeScreen.swift */,
				33B834DE2577764D00D72CE8 /* SignUpPersonalDataScreen.swift */,
				339C503C257A2D9B00AAB45F /* SignUpAddressScreen.swift */,
				336589BE257E779C008D1CCC /* SignUpLegalDocumentsScreen.swift */,
				3372E215259A10570034EF2D /* SignUpWelcomeScreen.swift */,
			);
			path = SignUp;
			sourceTree = "<group>";
		};
		3367284B2579293800C7E73D /* User */ = {
			isa = PBXGroup;
			children = (
				3367284C2579294F00C7E73D /* PhoneTextField.swift */,
				3395030E25824ABB0080CC88 /* SlidingNavigationPanelView.swift */,
			);
			path = User;
			sourceTree = "<group>";
		};
		336EE4FD2594A05600D354C8 /* Authentication */ = {
			isa = PBXGroup;
			children = (
				336EE4FF2594A09200D354C8 /* LogInScopeInfo.swift */,
				336EE4FA259490E400D354C8 /* OtpScopeInfo.swift */,
			);
			path = Authentication;
			sourceTree = "<group>";
		};
		336EE5022594A1B000D354C8 /* Main */ = {
			isa = PBXGroup;
			children = (
				337DE629258A55DA00614951 /* LimitedAppAccessScopeInfo.swift */,
			);
			path = Main;
			sourceTree = "<group>";
		};
		3376EC742583736200570BB3 /* LimitedAppAccess */ = {
			isa = PBXGroup;
			children = (
				3376EC752583737800570BB3 /* LimitedAppAccessScreen.swift */,
			);
			path = LimitedAppAccess;
			sourceTree = "<group>";
		};
		3378955F256E3B970034D79F /* Views */ = {
			isa = PBXGroup;
			children = (
				33789560256E3BBC0034D79F /* Shared */,
				3367284B2579293800C7E73D /* User */,
			);
			path = Views;
			sourceTree = "<group>";
		};
		33789560256E3BBC0034D79F /* Shared */ = {
			isa = PBXGroup;
			children = (
				333F45D725A4B63C008DE1D2 /* Images */,
				333F45D525A4B616008DE1D2 /* Inputs */,
				333F45D425A4B608008DE1D2 /* Pickers */,
				333F45D625A4B636008DE1D2 /* Texts */,
				338F98EA257F7808002D36FF /* UIKitElements */,
				33ABAEC7258B826A0061F63C /* CommonViews.swift */,
				339C5040257A2E7600AAB45F /* CommonViewModifiers.swift */,
				3356497325AC453300F2D3CE /* NavigationBar.swift */,
			);
			path = Shared;
			sourceTree = "<group>";
		};
		337C0A35256D423D00C3F0A5 /* Screens */ = {
			isa = PBXGroup;
			children = (
				33B1B7FE2563F4C6005215A3 /* Authentication */,
				33FD6A42259CBE7E0092887D /* GlobalSearch */,
				333AE3F925821ED000C249C1 /* Main */,
				330867512566D67E000C3EB8 /* HostScreen.swift */,
			);
			path = Screens;
			sourceTree = "<group>";
		};
		337C0A36256D426900C3F0A5 /* Resources */ = {
			isa = PBXGroup;
			children = (
				7555FF84242A565B00829871 /* Assets.xcassets */,
				33F15209256FF5D200C4C656 /* Colors.xcassets */,
				33E7682D256D5F6D00B35FDF /* Fonts */,
				331BED582593614600757694 /* GoogleService-Info.plist */,
				7555FF8C242A565B00829871 /* Info.plist */,
				7555FF89242A565B00829871 /* LaunchScreen.storyboard */,
				33289422256537A50003E092 /* Localizable.strings */,
				7555FF86242A565B00829871 /* Preview Content */,
			);
			path = Resources;
			sourceTree = "<group>";
		};
		337DE57B258A069B00614951 /* MedicoUITests */ = {
			isa = PBXGroup;
			children = (
				33F51B20258CD13000DA2F9F /* Authentication */,
				338006B4258CFF6000F9D437 /* Base */,
				33F51B21258CD13C00DA2F9F /* Main */,
				33ABAEC9258B8F810061F63C /* Utils */,
				337DE57E258A069B00614951 /* Info.plist */,
			);
			path = MedicoUITests;
			sourceTree = "<group>";
		};
		337DE626258A522100614951 /* Testing */ = {
			isa = PBXGroup;
			children = (
				336EE4FD2594A05600D354C8 /* Authentication */,
				336EE5022594A1B000D354C8 /* Main */,
				337DE627258A523800614951 /* TestsHelper.swift */,
			);
			path = Testing;
			sourceTree = "<group>";
		};
		338006B4258CFF6000F9D437 /* Base */ = {
			isa = PBXGroup;
			children = (
				33ABAECD258B93370061F63C /* BaseTests.swift */,
				33FD1265259238A700B956CC /* OtpPhoneVerificationScreenTests.swift */,
				331A23CA258CDE630089E42A /* UserInfoNavigationBarScreenTests.swift */,
			);
			path = Base;
			sourceTree = "<group>";
		};
		338F98EA257F7808002D36FF /* UIKitElements */ = {
			isa = PBXGroup;
			children = (
				33621CF9257125B2004BD4CF /* ActivityView.swift */,
				3395031225824C060080CC88 /* BlurEffectView.swift */,
				33FF54E2257FBCD40018DE59 /* DocumentPicker.swift */,
				338F98E6257F77C3002D36FF /* ImagePicker.swift */,
			);
			path = UIKitElements;
			sourceTree = "<group>";
		};
		33946A942580E65800A01804 /* Otp */ = {
			isa = PBXGroup;
			children = (
				33F151EA256FE1F000C4C656 /* OtpPhoneRequestScreen.swift */,
				33F151F0256FE7F000C4C656 /* OtpPhoneVerification.swift */,
			);
			path = Otp;
			sourceTree = "<group>";
		};
		33ABAEC9258B8F810061F63C /* Utils */ = {
			isa = PBXGroup;
			children = (
				33ABAECA258B8FE90061F63C /* Extensions.swift */,
			);
			path = Utils;
			sourceTree = "<group>";
		};
		33B1B7FE2563F4C6005215A3 /* Authentication */ = {
			isa = PBXGroup;
			children = (
				33946A942580E65800A01804 /* Otp */,
				33F151E9256FE1C500C4C656 /* PasswordRestore */,
				334574EE257629B6002839C5 /* SignUp */,
				33B1B7FF2563F4EB005215A3 /* AuthScreen.swift */,
				33F1C07125683FFF0041A890 /* OtpFlowScreen.swift */,
				334574EF25762A5F002839C5 /* SignUpScreen.swift */,
			);
			path = Authentication;
			sourceTree = "<group>";
		};
		33B1B80725642192005215A3 /* Extensions */ = {
			isa = PBXGroup;
			children = (
				33CDAA31256E5D42001C189A /* AppColorViewsExtensions.swift */,
				33385A7A256FB66B00DACD7C /* ColorExt.swift */,
				33385A7B256FB66B00DACD7C /* CommonExt.swift */,
				33AD104B256F92CC005FF354 /* SwiftUIExtensions.swift */,
				33385A85256FB7C200DACD7C /* ViewExtensions.swift */,
			);
			path = Extensions;
			sourceTree = "<group>";
		};
		33CE886B2590C84400E4D316 /* PasswordRestore */ = {
			isa = PBXGroup;
			children = (
				331BEDCB259385EB00757694 /* AuthNewPasswordScreenTests.swift */,
				33CE886C2590C86700E4D316 /* OtpPhoneRequestScreenTests.swift */,
				33A1586025920325005A634F /* PasswordRestoreOtpPhoneVerificationScreenTests.swift */,
			);
			path = PasswordRestore;
			sourceTree = "<group>";
		};
		33D57336259B37B200A9B5C5 /* DocumentsDetails */ = {
			isa = PBXGroup;
			children = (
				33D57334259B167100A9B5C5 /* SignUpAadhaarCardDetailsScreen.swift */,
				335EE0D4257A7EF90004AD42 /* SignUpTraderDetails.swift */,
			);
			path = DocumentsDetails;
			sourceTree = "<group>";
		};
		33E7682D256D5F6D00B35FDF /* Fonts */ = {
			isa = PBXGroup;
			children = (
				33B4A30E25A34E6900B04AF3 /* Barlow-Black.ttf */,
				33F8DFE225764253009E98EE /* Barlow-Bold.ttf */,
				33E76836256D621B00B35FDF /* Barlow-SemiBold.ttf */,
				33E7682E256D5F9800B35FDF /* Barlow-Medium.ttf */,
				33E7682F256D5F9900B35FDF /* Barlow-Regular.ttf */,
			);
			path = Fonts;
			sourceTree = "<group>";
		};
		33F151E9256FE1C500C4C656 /* PasswordRestore */ = {
			isa = PBXGroup;
			children = (
				33621D0125712DE6004BD4CF /* AuthNewPasswordScreen.swift */,
			);
			path = PasswordRestore;
			sourceTree = "<group>";
		};
		33F51B20258CD13000DA2F9F /* Authentication */ = {
			isa = PBXGroup;
			children = (
				33CE886B2590C84400E4D316 /* PasswordRestore */,
				337DE57C258A069B00614951 /* AuthScreenTests.swift */,
			);
			path = Authentication;
			sourceTree = "<group>";
		};
		33F51B21258CD13C00DA2F9F /* Main */ = {
			isa = PBXGroup;
			children = (
				33F51B22258CD15200DA2F9F /* LimitedAppAccessTests.swift */,
			);
			path = Main;
			sourceTree = "<group>";
		};
		33FD6A42259CBE7E0092887D /* GlobalSearch */ = {
			isa = PBXGroup;
			children = (
				33FD6A43259CBE9B0092887D /* GlobalSearchScreen.swift */,
			);
			path = GlobalSearch;
			sourceTree = "<group>";
		};
		7555FF72242A565900829871 = {
			isa = PBXGroup;
			children = (
				7555FF7D242A565900829871 /* ios */,
				337DE57B258A069B00614951 /* MedicoUITests */,
				7555FF7C242A565900829871 /* Products */,
				7555FFB0242A642200829871 /* Frameworks */,
				F5E94E8000B79EC32F9C20E2 /* Pods */,
			);
			sourceTree = "<group>";
		};
		7555FF7C242A565900829871 /* Products */ = {
			isa = PBXGroup;
			children = (
				7555FF7B242A565900829871 /* Medico.app */,
				337DE57A258A069B00614951 /* MedicoUITests.xctest */,
			);
			name = Products;
			sourceTree = "<group>";
		};
		7555FF7D242A565900829871 /* ios */ = {
			isa = PBXGroup;
			children = (
				7555FF7E242A565900829871 /* AppDelegate.swift */,
				33B1B80725642192005215A3 /* Extensions */,
				332F7DF9258B39BD00C5BF6B /* KotlinSources */,
				337C0A36256D426900C3F0A5 /* Resources */,
				7555FF80242A565900829871 /* SceneDelegate.swift */,
				337C0A35256D423D00C3F0A5 /* Screens */,
				337DE626258A522100614951 /* Testing */,
				33016394255999F200835961 /* Utils */,
				3378955F256E3B970034D79F /* Views */,
			);
			path = ios;
			sourceTree = "<group>";
		};
		7555FF86242A565B00829871 /* Preview Content */ = {
			isa = PBXGroup;
			children = (
				7555FF87242A565B00829871 /* Preview Assets.xcassets */,
			);
			path = "Preview Content";
			sourceTree = "<group>";
		};
		7555FFB0242A642200829871 /* Frameworks */ = {
			isa = PBXGroup;
			children = (
				33F8DFC425763A91009E98EE /* core.framework */,
				5D3B9C379AD2162E729C5D31 /* Pods_ios_iosUITests.framework */,
				2F2D1DD0CD71D0C64852DCA3 /* Pods_iosTests.framework */,
				7AA80CF33BE2304862146BEE /* Pods_Medico.framework */,
				A4D04C257EEAE918940525D2 /* Pods_Medico_MedicoUITests.framework */,
			);
			name = Frameworks;
			sourceTree = "<group>";
		};
		F5E94E8000B79EC32F9C20E2 /* Pods */ = {
			isa = PBXGroup;
			children = (
				289BFD22E9FAC8B5DB1DEF7A /* Pods-Medico.debug.xcconfig */,
				5D65B56B42EA12578B135D16 /* Pods-Medico.release.xcconfig */,
				251BB946665B9AAA979DC276 /* Pods-Medico-MedicoUITests.debug.xcconfig */,
				8F4C16B158170595A4EC8EE8 /* Pods-Medico-MedicoUITests.release.xcconfig */,
			);
			path = Pods;
			sourceTree = "<group>";
		};
/* End PBXGroup section */

/* Begin PBXNativeTarget section */
		337DE579258A069B00614951 /* MedicoUITests */ = {
			isa = PBXNativeTarget;
			buildConfigurationList = 337DE581258A069B00614951 /* Build configuration list for PBXNativeTarget "MedicoUITests" */;
			buildPhases = (
				B5A6F4C2972F56D21FE9BFDF /* [CP] Check Pods Manifest.lock */,
				337DE576258A069B00614951 /* Sources */,
				337DE577258A069B00614951 /* Frameworks */,
				337DE578258A069B00614951 /* Resources */,
				5E6B4CEF20BD55232851E4EB /* [CP] Embed Pods Frameworks */,
				337DE624258A44AA00614951 /* CopyFiles */,
			);
			buildRules = (
			);
			dependencies = (
				337DE580258A069B00614951 /* PBXTargetDependency */,
			);
			name = MedicoUITests;
			productName = MedicoUITests;
			productReference = 337DE57A258A069B00614951 /* MedicoUITests.xctest */;
			productType = "com.apple.product-type.bundle.ui-testing";
		};
		7555FF7A242A565900829871 /* Medico */ = {
			isa = PBXNativeTarget;
			buildConfigurationList = 7555FFA5242A565B00829871 /* Build configuration list for PBXNativeTarget "Medico" */;
			buildPhases = (
				7555FFB5242A651A00829871 /* Run Script */,
				09DF2A296B4A29D1C3C82ECC /* [CP] Check Pods Manifest.lock */,
				7555FF77242A565900829871 /* Sources */,
				7555FF78242A565900829871 /* Frameworks */,
				7555FF79242A565900829871 /* Resources */,
				7555FFB4242A642300829871 /* Embed Frameworks */,
				D56BEB1B90779AF1E4EB6534 /* [CP] Embed Pods Frameworks */,
				331BECFF25934DC300757694 /* ShellScript */,
			);
			buildRules = (
			);
			dependencies = (
			);
			name = Medico;
			packageProductDependencies = (
				333F45D025A49AC8008DE1D2 /* Introspect */,
			);
			productName = ios;
			productReference = 7555FF7B242A565900829871 /* Medico.app */;
			productType = "com.apple.product-type.application";
		};
/* End PBXNativeTarget section */

/* Begin PBXProject section */
		7555FF73242A565900829871 /* Project object */ = {
			isa = PBXProject;
			attributes = {
				LastSwiftUpdateCheck = 1220;
				LastUpgradeCheck = 1130;
				ORGANIZATIONNAME = "Zeal Software Solutions";
				TargetAttributes = {
					337DE579258A069B00614951 = {
						CreatedOnToolsVersion = 12.2;
						TestTargetID = 7555FF7A242A565900829871;
					};
					7555FF7A242A565900829871 = {
						CreatedOnToolsVersion = 11.3.1;
					};
				};
			};
			buildConfigurationList = 7555FF76242A565900829871 /* Build configuration list for PBXProject "ios" */;
			compatibilityVersion = "Xcode 9.3";
			developmentRegion = en;
			hasScannedForEncodings = 0;
			knownRegions = (
				en,
				Base,
			);
			mainGroup = 7555FF72242A565900829871;
			packageReferences = (
				333F45BF25A499B8008DE1D2 /* XCRemoteSwiftPackageReference "SwiftUI-Introspect" */,
			);
			productRefGroup = 7555FF7C242A565900829871 /* Products */;
			projectDirPath = "";
			projectRoot = "";
			targets = (
				7555FF7A242A565900829871 /* Medico */,
				337DE579258A069B00614951 /* MedicoUITests */,
			);
		};
/* End PBXProject section */

/* Begin PBXResourcesBuildPhase section */
		337DE578258A069B00614951 /* Resources */ = {
			isa = PBXResourcesBuildPhase;
			buildActionMask = 2147483647;
			files = (
				33ABAECC258B90850061F63C /* Localizable.strings in Resources */,
			);
			runOnlyForDeploymentPostprocessing = 0;
		};
		7555FF79242A565900829871 /* Resources */ = {
			isa = PBXResourcesBuildPhase;
			buildActionMask = 2147483647;
			files = (
				33289420256537A50003E092 /* Localizable.strings in Resources */,
				33E76830256D5F9900B35FDF /* Barlow-Medium.ttf in Resources */,
				7555FF8B242A565B00829871 /* LaunchScreen.storyboard in Resources */,
				7555FF88242A565B00829871 /* Preview Assets.xcassets in Resources */,
				33E76831256D5F9900B35FDF /* Barlow-Regular.ttf in Resources */,
				33F1520A256FF5D200C4C656 /* Colors.xcassets in Resources */,
				33E76837256D621B00B35FDF /* Barlow-SemiBold.ttf in Resources */,
				331BED592593614600757694 /* GoogleService-Info.plist in Resources */,
				7555FF85242A565B00829871 /* Assets.xcassets in Resources */,
				33B4A30F25A34E6900B04AF3 /* Barlow-Black.ttf in Resources */,
				33F8DFE325764253009E98EE /* Barlow-Bold.ttf in Resources */,
			);
			runOnlyForDeploymentPostprocessing = 0;
		};
/* End PBXResourcesBuildPhase section */

/* Begin PBXShellScriptBuildPhase section */
		09DF2A296B4A29D1C3C82ECC /* [CP] Check Pods Manifest.lock */ = {
			isa = PBXShellScriptBuildPhase;
			buildActionMask = 2147483647;
			files = (
			);
			inputFileListPaths = (
			);
			inputPaths = (
				"${PODS_PODFILE_DIR_PATH}/Podfile.lock",
				"${PODS_ROOT}/Manifest.lock",
			);
			name = "[CP] Check Pods Manifest.lock";
			outputFileListPaths = (
			);
			outputPaths = (
				"$(DERIVED_FILE_DIR)/Pods-Medico-checkManifestLockResult.txt",
			);
			runOnlyForDeploymentPostprocessing = 0;
			shellPath = /bin/sh;
			shellScript = "diff \"${PODS_PODFILE_DIR_PATH}/Podfile.lock\" \"${PODS_ROOT}/Manifest.lock\" > /dev/null\nif [ $? != 0 ] ; then\n    # print error to STDERR\n    echo \"error: The sandbox is not in sync with the Podfile.lock. Run 'pod install' or update your CocoaPods installation.\" >&2\n    exit 1\nfi\n# This output is used by Xcode 'outputs' to avoid re-running this script phase.\necho \"SUCCESS\" > \"${SCRIPT_OUTPUT_FILE_0}\"\n";
			showEnvVarsInLog = 0;
		};
		331BECFF25934DC300757694 /* ShellScript */ = {
			isa = PBXShellScriptBuildPhase;
			buildActionMask = 2147483647;
			files = (
			);
			inputFileListPaths = (
			);
			inputPaths = (
				"$(SRCROOT)/$(BUILT_PRODUCTS_DIR)/$(INFOPLIST_PATH)",
				"${DWARF_DSYM_FOLDER_PATH}/${DWARF_DSYM_FILE_NAME}/Contents/Resources/DWARF/${TARGET_NAME}",
			);
			outputFileListPaths = (
			);
			outputPaths = (
			);
			runOnlyForDeploymentPostprocessing = 0;
			shellPath = /bin/sh;
			shellScript = "\"${PODS_ROOT}/FirebaseCrashlytics/run\"\n";
		};
		5E6B4CEF20BD55232851E4EB /* [CP] Embed Pods Frameworks */ = {
			isa = PBXShellScriptBuildPhase;
			buildActionMask = 2147483647;
			files = (
			);
			inputFileListPaths = (
				"${PODS_ROOT}/Target Support Files/Pods-Medico-MedicoUITests/Pods-Medico-MedicoUITests-frameworks-${CONFIGURATION}-input-files.xcfilelist",
			);
			name = "[CP] Embed Pods Frameworks";
			outputFileListPaths = (
				"${PODS_ROOT}/Target Support Files/Pods-Medico-MedicoUITests/Pods-Medico-MedicoUITests-frameworks-${CONFIGURATION}-output-files.xcfilelist",
			);
			runOnlyForDeploymentPostprocessing = 0;
			shellPath = /bin/sh;
			shellScript = "\"${PODS_ROOT}/Target Support Files/Pods-Medico-MedicoUITests/Pods-Medico-MedicoUITests-frameworks.sh\"\n";
			showEnvVarsInLog = 0;
		};
		7555FFB5242A651A00829871 /* Run Script */ = {
			isa = PBXShellScriptBuildPhase;
			buildActionMask = 2147483647;
			files = (
			);
			inputFileListPaths = (
			);
			inputPaths = (
			);
			name = "Run Script";
			outputFileListPaths = (
			);
			outputPaths = (
			);
			runOnlyForDeploymentPostprocessing = 0;
			shellPath = /bin/sh;
			shellScript = "cd \"$SRCROOT/..\"\n./gradlew :core:packForXCode -PXCODE_CONFIGURATION=${CONFIGURATION}\n";
		};
		B5A6F4C2972F56D21FE9BFDF /* [CP] Check Pods Manifest.lock */ = {
			isa = PBXShellScriptBuildPhase;
			buildActionMask = 2147483647;
			files = (
			);
			inputFileListPaths = (
			);
			inputPaths = (
				"${PODS_PODFILE_DIR_PATH}/Podfile.lock",
				"${PODS_ROOT}/Manifest.lock",
			);
			name = "[CP] Check Pods Manifest.lock";
			outputFileListPaths = (
			);
			outputPaths = (
				"$(DERIVED_FILE_DIR)/Pods-Medico-MedicoUITests-checkManifestLockResult.txt",
			);
			runOnlyForDeploymentPostprocessing = 0;
			shellPath = /bin/sh;
			shellScript = "diff \"${PODS_PODFILE_DIR_PATH}/Podfile.lock\" \"${PODS_ROOT}/Manifest.lock\" > /dev/null\nif [ $? != 0 ] ; then\n    # print error to STDERR\n    echo \"error: The sandbox is not in sync with the Podfile.lock. Run 'pod install' or update your CocoaPods installation.\" >&2\n    exit 1\nfi\n# This output is used by Xcode 'outputs' to avoid re-running this script phase.\necho \"SUCCESS\" > \"${SCRIPT_OUTPUT_FILE_0}\"\n";
			showEnvVarsInLog = 0;
		};
		D56BEB1B90779AF1E4EB6534 /* [CP] Embed Pods Frameworks */ = {
			isa = PBXShellScriptBuildPhase;
			buildActionMask = 2147483647;
			files = (
			);
			inputFileListPaths = (
				"${PODS_ROOT}/Target Support Files/Pods-Medico/Pods-Medico-frameworks-${CONFIGURATION}-input-files.xcfilelist",
			);
			name = "[CP] Embed Pods Frameworks";
			outputFileListPaths = (
				"${PODS_ROOT}/Target Support Files/Pods-Medico/Pods-Medico-frameworks-${CONFIGURATION}-output-files.xcfilelist",
			);
			runOnlyForDeploymentPostprocessing = 0;
			shellPath = /bin/sh;
			shellScript = "\"${PODS_ROOT}/Target Support Files/Pods-Medico/Pods-Medico-frameworks.sh\"\n";
			showEnvVarsInLog = 0;
		};
/* End PBXShellScriptBuildPhase section */

/* Begin PBXSourcesBuildPhase section */
		337DE576258A069B00614951 /* Sources */ = {
			isa = PBXSourcesBuildPhase;
			buildActionMask = 2147483647;
			files = (
				33CE886D2590C86700E4D316 /* OtpPhoneRequestScreenTests.swift in Sources */,
				336EE4FC259490E400D354C8 /* OtpScopeInfo.swift in Sources */,
				33F51B23258CD15200DA2F9F /* LimitedAppAccessTests.swift in Sources */,
				331A23CB258CDE630089E42A /* UserInfoNavigationBarScreenTests.swift in Sources */,
				33FD1266259238A700B956CC /* OtpPhoneVerificationScreenTests.swift in Sources */,
				33B15820258A637D009B69AB /* LimitedAppAccessScopeInfo.swift in Sources */,
				337DE57D258A069B00614951 /* AuthScreenTests.swift in Sources */,
				331BEDCC259385EC00757694 /* AuthNewPasswordScreenTests.swift in Sources */,
				33CE886E2590D7A700E4D316 /* PhoneNumberUtil.swift in Sources */,
				33B1581F258A637A009B69AB /* TestsHelper.swift in Sources */,
				336EE5012594A09200D354C8 /* LogInScopeInfo.swift in Sources */,
				33A1586125920325005A634F /* PasswordRestoreOtpPhoneVerificationScreenTests.swift in Sources */,
				33ABAECE258B93370061F63C /* BaseTests.swift in Sources */,
				33ABAECB258B8FE90061F63C /* Extensions.swift in Sources */,
			);
			runOnlyForDeploymentPostprocessing = 0;
		};
		7555FF77242A565900829871 /* Sources */ = {
			isa = PBXSourcesBuildPhase;
			buildActionMask = 2147483647;
			files = (
				3376EC7A2583875900570BB3 /* FilePicker.swift in Sources */,
				33ABAEC8258B826A0061F63C /* CommonViews.swift in Sources */,
				33B4A30D25A30F3F00B04AF3 /* FlexibleView.swift in Sources */,
				33AD104C256F92CC005FF354 /* SwiftUIExtensions.swift in Sources */,
				336589BF257E779C008D1CCC /* SignUpLegalDocumentsScreen.swift in Sources */,
				3356497425AC453300F2D3CE /* NavigationBar.swift in Sources */,
				33385A7D256FB66B00DACD7C /* ColorExt.swift in Sources */,
				338F98E7257F77C3002D36FF /* ImagePicker.swift in Sources */,
				330867522566D67E000C3EB8 /* HostScreen.swift in Sources */,
				33F151D1256FBF5F00C4C656 /* PhoneNumberUtil.swift in Sources */,
				336EE4FB259490E400D354C8 /* OtpScopeInfo.swift in Sources */,
				3395030F25824ABB0080CC88 /* SlidingNavigationPanelView.swift in Sources */,
				336EE5002594A09200D354C8 /* LogInScopeInfo.swift in Sources */,
				33D57335259B167100A9B5C5 /* SignUpAadhaarCardDetailsScreen.swift in Sources */,
				33CDAA32256E5D42001C189A /* AppColorViewsExtensions.swift in Sources */,
				3395031325824C060080CC88 /* BlurEffectView.swift in Sources */,
				333F45D325A4B5A8008DE1D2 /* URLImage.swift in Sources */,
				33385A7E256FB66B00DACD7C /* CommonExt.swift in Sources */,
				334574F025762A5F002839C5 /* SignUpScreen.swift in Sources */,
				33638EFD2574FB8400A9E8B4 /* SwiftDataSource.swift in Sources */,
				33789562256E3BE70034D79F /* FloatingPlaceholderTextField.swift in Sources */,
				3367284D2579294F00C7E73D /* PhoneTextField.swift in Sources */,
				339C5045257A548F00AAB45F /* PickerSelector.swift in Sources */,
				33B834DF2577764D00D72CE8 /* SignUpPersonalDataScreen.swift in Sources */,
				33F151F1256FE7F000C4C656 /* OtpPhoneVerification.swift in Sources */,
				33F151EB256FE1F000C4C656 /* OtpPhoneRequestScreen.swift in Sources */,
				33F1C07225683FFF0041A890 /* OtpFlowScreen.swift in Sources */,
				335EE0D5257A7EF90004AD42 /* SignUpTraderDetails.swift in Sources */,
				33B1B80F2564378E005215A3 /* HostingController.swift in Sources */,
				33CDAA2C256E55AB001C189A /* AppColor.swift in Sources */,
				33385A86256FB7C200DACD7C /* ViewExtensions.swift in Sources */,
				33621CF62571009D004BD4CF /* MedicoText.swift in Sources */,
				33F8DFBB25763732009E98EE /* SelectUserTypeScreen.swift in Sources */,
				339C5041257A2E7600AAB45F /* CommonViewModifiers.swift in Sources */,
				33FD6A40259CAD640092887D /* SearchBar.swift in Sources */,
				337DE62A258A55DA00614951 /* LimitedAppAccessScopeInfo.swift in Sources */,
				33621CFA257125B2004BD4CF /* ActivityView.swift in Sources */,
				337DE628258A523800614951 /* TestsHelper.swift in Sources */,
				3376EC762583737800570BB3 /* LimitedAppAccessScreen.swift in Sources */,
				3372E216259A10570034EF2D /* SignUpWelcomeScreen.swift in Sources */,
				7555FF7F242A565900829871 /* AppDelegate.swift in Sources */,
				33621D0225712DE6004BD4CF /* AuthNewPasswordScreen.swift in Sources */,
				33FD6A44259CBE9B0092887D /* GlobalSearchScreen.swift in Sources */,
				339C503D257A2D9B00AAB45F /* SignUpAddressScreen.swift in Sources */,
				336728222578E1CB00C7E73D /* KeyboardResponder.swift in Sources */,
				7555FF81242A565900829871 /* SceneDelegate.swift in Sources */,
				33FF54E3257FBCD40018DE59 /* DocumentPicker.swift in Sources */,
				33B1B8002563F4EB005215A3 /* AuthScreen.swift in Sources */,
				3317B5D425A59C7C008681ED /* ProductDetails.swift in Sources */,
			);
			runOnlyForDeploymentPostprocessing = 0;
		};
/* End PBXSourcesBuildPhase section */

/* Begin PBXTargetDependency section */
		337DE580258A069B00614951 /* PBXTargetDependency */ = {
			isa = PBXTargetDependency;
			target = 7555FF7A242A565900829871 /* Medico */;
			targetProxy = 337DE57F258A069B00614951 /* PBXContainerItemProxy */;
		};
/* End PBXTargetDependency section */

/* Begin PBXVariantGroup section */
		33289422256537A50003E092 /* Localizable.strings */ = {
			isa = PBXVariantGroup;
			children = (
				33289421256537A50003E092 /* en */,
			);
			name = Localizable.strings;
			sourceTree = "<group>";
		};
		7555FF89242A565B00829871 /* LaunchScreen.storyboard */ = {
			isa = PBXVariantGroup;
			children = (
				7555FF8A242A565B00829871 /* Base */,
			);
			name = LaunchScreen.storyboard;
			sourceTree = "<group>";
		};
/* End PBXVariantGroup section */

/* Begin XCBuildConfiguration section */
		337DE582258A069B00614951 /* Debug */ = {
			isa = XCBuildConfiguration;
			baseConfigurationReference = 251BB946665B9AAA979DC276 /* Pods-Medico-MedicoUITests.debug.xcconfig */;
			buildSettings = {
				ALWAYS_EMBED_SWIFT_STANDARD_LIBRARIES = NO;
				BUNDLE_LOADER = "";
				CLANG_WARN_QUOTED_INCLUDE_IN_FRAMEWORK_HEADER = YES;
				CODE_SIGN_IDENTITY = "iPhone Developer";
				"CODE_SIGN_IDENTITY[sdk=macosx*]" = "Apple Development";
				CODE_SIGN_STYLE = Manual;
				DEBUG_INFORMATION_FORMAT = dwarf;
				DEVELOPMENT_TEAM = QHQT856493;
				FRAMEWORK_SEARCH_PATHS = (
					"$(SRCROOT)/../core/build/xcode-frameworks",
					"$(inherited)",
				);
				INFOPLIST_FILE = MedicoUITests/Info.plist;
				IPHONEOS_DEPLOYMENT_TARGET = 14.2;
				LD_RUNPATH_SEARCH_PATHS = (
					"$(SRCROOT)/../core/build/xcode-frameworks",
					"$(inherited)",
					"@executable_path/Frameworks",
					"@loader_path/Frameworks",
				);
				PRODUCT_BUNDLE_IDENTIFIER = "";
				PRODUCT_NAME = "$(TARGET_NAME)";
				PROVISIONING_PROFILE = "";
				PROVISIONING_PROFILE_SPECIFIER = "Medico UI Tests";
				"PROVISIONING_PROFILE_SPECIFIER[sdk=macosx*]" = "";
				SWIFT_VERSION = 5.0;
				TARGETED_DEVICE_FAMILY = "1,2";
				TEST_TARGET_NAME = Medico;
			};
			name = Debug;
		};
		337DE583258A069B00614951 /* Release */ = {
			isa = XCBuildConfiguration;
			baseConfigurationReference = 8F4C16B158170595A4EC8EE8 /* Pods-Medico-MedicoUITests.release.xcconfig */;
			buildSettings = {
				ALWAYS_EMBED_SWIFT_STANDARD_LIBRARIES = NO;
				BUNDLE_LOADER = "";
				CLANG_WARN_QUOTED_INCLUDE_IN_FRAMEWORK_HEADER = YES;
				CODE_SIGN_IDENTITY = "iPhone Developer";
				"CODE_SIGN_IDENTITY[sdk=macosx*]" = "Apple Development";
				CODE_SIGN_STYLE = Manual;
				DEVELOPMENT_TEAM = QHQT856493;
				FRAMEWORK_SEARCH_PATHS = (
					"$(SRCROOT)/../core/build/xcode-frameworks",
					"$(inherited)",
				);
				INFOPLIST_FILE = MedicoUITests/Info.plist;
				IPHONEOS_DEPLOYMENT_TARGET = 14.2;
				LD_RUNPATH_SEARCH_PATHS = (
					"$(SRCROOT)/../core/build/xcode-frameworks",
					"$(inherited)",
					"@executable_path/Frameworks",
					"@loader_path/Frameworks",
				);
				PRODUCT_BUNDLE_IDENTIFIER = "";
				PRODUCT_NAME = "$(TARGET_NAME)";
				PROVISIONING_PROFILE = "";
				PROVISIONING_PROFILE_SPECIFIER = "Medico UI Tests";
				"PROVISIONING_PROFILE_SPECIFIER[sdk=macosx*]" = "";
				SWIFT_VERSION = 5.0;
				TARGETED_DEVICE_FAMILY = "1,2";
				TEST_TARGET_NAME = Medico;
			};
			name = Release;
		};
		7555FFA3242A565B00829871 /* Debug */ = {
			isa = XCBuildConfiguration;
			buildSettings = {
				ALWAYS_SEARCH_USER_PATHS = NO;
				CLANG_ANALYZER_NONNULL = YES;
				CLANG_ANALYZER_NUMBER_OBJECT_CONVERSION = YES_AGGRESSIVE;
				CLANG_CXX_LANGUAGE_STANDARD = "gnu++14";
				CLANG_CXX_LIBRARY = "libc++";
				CLANG_ENABLE_MODULES = YES;
				CLANG_ENABLE_OBJC_ARC = YES;
				CLANG_ENABLE_OBJC_WEAK = YES;
				CLANG_WARN_BLOCK_CAPTURE_AUTORELEASING = YES;
				CLANG_WARN_BOOL_CONVERSION = YES;
				CLANG_WARN_COMMA = YES;
				CLANG_WARN_CONSTANT_CONVERSION = YES;
				CLANG_WARN_DEPRECATED_OBJC_IMPLEMENTATIONS = YES;
				CLANG_WARN_DIRECT_OBJC_ISA_USAGE = YES_ERROR;
				CLANG_WARN_DOCUMENTATION_COMMENTS = YES;
				CLANG_WARN_EMPTY_BODY = YES;
				CLANG_WARN_ENUM_CONVERSION = YES;
				CLANG_WARN_INFINITE_RECURSION = YES;
				CLANG_WARN_INT_CONVERSION = YES;
				CLANG_WARN_NON_LITERAL_NULL_CONVERSION = YES;
				CLANG_WARN_OBJC_IMPLICIT_RETAIN_SELF = YES;
				CLANG_WARN_OBJC_LITERAL_CONVERSION = YES;
				CLANG_WARN_OBJC_ROOT_CLASS = YES_ERROR;
				CLANG_WARN_RANGE_LOOP_ANALYSIS = YES;
				CLANG_WARN_STRICT_PROTOTYPES = YES;
				CLANG_WARN_SUSPICIOUS_MOVE = YES;
				CLANG_WARN_UNGUARDED_AVAILABILITY = YES_AGGRESSIVE;
				CLANG_WARN_UNREACHABLE_CODE = YES;
				CLANG_WARN__DUPLICATE_METHOD_MATCH = YES;
				COPY_PHASE_STRIP = NO;
				DEBUG_INFORMATION_FORMAT = "dwarf-with-dsym";
				ENABLE_STRICT_OBJC_MSGSEND = YES;
				ENABLE_TESTABILITY = YES;
				GCC_C_LANGUAGE_STANDARD = gnu11;
				GCC_DYNAMIC_NO_PIC = NO;
				GCC_NO_COMMON_BLOCKS = YES;
				GCC_OPTIMIZATION_LEVEL = 0;
				GCC_PREPROCESSOR_DEFINITIONS = (
					"DEBUG=1",
					"$(inherited)",
				);
				GCC_WARN_64_TO_32_BIT_CONVERSION = YES;
				GCC_WARN_ABOUT_RETURN_TYPE = YES_ERROR;
				GCC_WARN_UNDECLARED_SELECTOR = YES;
				GCC_WARN_UNINITIALIZED_AUTOS = YES_AGGRESSIVE;
				GCC_WARN_UNUSED_FUNCTION = YES;
				GCC_WARN_UNUSED_VARIABLE = YES;
				IPHONEOS_DEPLOYMENT_TARGET = 13.0;
				MTL_ENABLE_DEBUG_INFO = INCLUDE_SOURCE;
				MTL_FAST_MATH = YES;
				ONLY_ACTIVE_ARCH = YES;
				SDKROOT = iphoneos;
				SWIFT_ACTIVE_COMPILATION_CONDITIONS = DEBUG;
				SWIFT_OPTIMIZATION_LEVEL = "-Onone";
			};
			name = Debug;
		};
		7555FFA4242A565B00829871 /* Release */ = {
			isa = XCBuildConfiguration;
			buildSettings = {
				ALWAYS_SEARCH_USER_PATHS = NO;
				CLANG_ANALYZER_NONNULL = YES;
				CLANG_ANALYZER_NUMBER_OBJECT_CONVERSION = YES_AGGRESSIVE;
				CLANG_CXX_LANGUAGE_STANDARD = "gnu++14";
				CLANG_CXX_LIBRARY = "libc++";
				CLANG_ENABLE_MODULES = YES;
				CLANG_ENABLE_OBJC_ARC = YES;
				CLANG_ENABLE_OBJC_WEAK = YES;
				CLANG_WARN_BLOCK_CAPTURE_AUTORELEASING = YES;
				CLANG_WARN_BOOL_CONVERSION = YES;
				CLANG_WARN_COMMA = YES;
				CLANG_WARN_CONSTANT_CONVERSION = YES;
				CLANG_WARN_DEPRECATED_OBJC_IMPLEMENTATIONS = YES;
				CLANG_WARN_DIRECT_OBJC_ISA_USAGE = YES_ERROR;
				CLANG_WARN_DOCUMENTATION_COMMENTS = YES;
				CLANG_WARN_EMPTY_BODY = YES;
				CLANG_WARN_ENUM_CONVERSION = YES;
				CLANG_WARN_INFINITE_RECURSION = YES;
				CLANG_WARN_INT_CONVERSION = YES;
				CLANG_WARN_NON_LITERAL_NULL_CONVERSION = YES;
				CLANG_WARN_OBJC_IMPLICIT_RETAIN_SELF = YES;
				CLANG_WARN_OBJC_LITERAL_CONVERSION = YES;
				CLANG_WARN_OBJC_ROOT_CLASS = YES_ERROR;
				CLANG_WARN_RANGE_LOOP_ANALYSIS = YES;
				CLANG_WARN_STRICT_PROTOTYPES = YES;
				CLANG_WARN_SUSPICIOUS_MOVE = YES;
				CLANG_WARN_UNGUARDED_AVAILABILITY = YES_AGGRESSIVE;
				CLANG_WARN_UNREACHABLE_CODE = YES;
				CLANG_WARN__DUPLICATE_METHOD_MATCH = YES;
				COPY_PHASE_STRIP = NO;
				DEBUG_INFORMATION_FORMAT = "dwarf-with-dsym";
				ENABLE_NS_ASSERTIONS = NO;
				ENABLE_STRICT_OBJC_MSGSEND = YES;
				GCC_C_LANGUAGE_STANDARD = gnu11;
				GCC_NO_COMMON_BLOCKS = YES;
				GCC_WARN_64_TO_32_BIT_CONVERSION = YES;
				GCC_WARN_ABOUT_RETURN_TYPE = YES_ERROR;
				GCC_WARN_UNDECLARED_SELECTOR = YES;
				GCC_WARN_UNINITIALIZED_AUTOS = YES_AGGRESSIVE;
				GCC_WARN_UNUSED_FUNCTION = YES;
				GCC_WARN_UNUSED_VARIABLE = YES;
				IPHONEOS_DEPLOYMENT_TARGET = 13.0;
				MTL_ENABLE_DEBUG_INFO = NO;
				MTL_FAST_MATH = YES;
				SDKROOT = iphoneos;
				SWIFT_COMPILATION_MODE = wholemodule;
				SWIFT_OPTIMIZATION_LEVEL = "-O";
				VALIDATE_PRODUCT = YES;
			};
			name = Release;
		};
		7555FFA6242A565B00829871 /* Debug */ = {
			isa = XCBuildConfiguration;
			baseConfigurationReference = 289BFD22E9FAC8B5DB1DEF7A /* Pods-Medico.debug.xcconfig */;
			buildSettings = {
				ASSETCATALOG_COMPILER_APPICON_NAME = AppIcon;
				BUNDLE_LOADER = "";
				CODE_SIGN_IDENTITY = "iPhone Developer";
				CODE_SIGN_STYLE = Manual;
				CURRENT_PROJECT_VERSION = 14;
				DEVELOPMENT_ASSET_PATHS = "\"ios/Resources/Preview Content\"";
				DEVELOPMENT_TEAM = QHQT856493;
				ENABLE_PREVIEWS = YES;
				FRAMEWORK_SEARCH_PATHS = (
					"$(SRCROOT)/../core/build/xcode-frameworks",
					"$(inherited)",
				);
				INFOPLIST_FILE = ios/Resources/Info.plist;
				IPHONEOS_DEPLOYMENT_TARGET = 13.0;
				LD_RUNPATH_SEARCH_PATHS = (
					"$(inherited)",
					"@executable_path/Frameworks",
				);
				MARKETING_VERSION = 1.0;
				PRODUCT_BUNDLE_IDENTIFIER = com.zealsoftsol.medico;
				PRODUCT_NAME = Medico;
				PROVISIONING_PROFILE_SPECIFIER = medicodevelopment;
				SWIFT_VERSION = 5.0;
				TARGETED_DEVICE_FAMILY = "1,2";
			};
			name = Debug;
		};
		7555FFA7242A565B00829871 /* Release */ = {
			isa = XCBuildConfiguration;
			baseConfigurationReference = 5D65B56B42EA12578B135D16 /* Pods-Medico.release.xcconfig */;
			buildSettings = {
				ASSETCATALOG_COMPILER_APPICON_NAME = AppIcon;
				BUNDLE_LOADER = "";
				CODE_SIGN_IDENTITY = "iPhone Distribution";
				CODE_SIGN_STYLE = Manual;
				CURRENT_PROJECT_VERSION = 14;
				DEVELOPMENT_ASSET_PATHS = "\"ios/Resources/Preview Content\"";
				DEVELOPMENT_TEAM = QHQT856493;
				ENABLE_PREVIEWS = YES;
				FRAMEWORK_SEARCH_PATHS = (
					"$(SRCROOT)/../core/build/xcode-frameworks",
					"$(inherited)",
				);
				INFOPLIST_FILE = ios/Resources/Info.plist;
				IPHONEOS_DEPLOYMENT_TARGET = 13.0;
				LD_RUNPATH_SEARCH_PATHS = (
					"$(inherited)",
					"@executable_path/Frameworks",
				);
				MARKETING_VERSION = 1.0;
				PRODUCT_BUNDLE_IDENTIFIER = com.zealsoftsol.medico;
				PRODUCT_NAME = Medico;
				PROVISIONING_PROFILE_SPECIFIER = medicodistribution;
				SWIFT_VERSION = 5.0;
				TARGETED_DEVICE_FAMILY = "1,2";
			};
			name = Release;
		};
/* End XCBuildConfiguration section */

/* Begin XCConfigurationList section */
		337DE581258A069B00614951 /* Build configuration list for PBXNativeTarget "MedicoUITests" */ = {
			isa = XCConfigurationList;
			buildConfigurations = (
				337DE582258A069B00614951 /* Debug */,
				337DE583258A069B00614951 /* Release */,
			);
			defaultConfigurationIsVisible = 0;
			defaultConfigurationName = Release;
		};
		7555FF76242A565900829871 /* Build configuration list for PBXProject "ios" */ = {
			isa = XCConfigurationList;
			buildConfigurations = (
				7555FFA3242A565B00829871 /* Debug */,
				7555FFA4242A565B00829871 /* Release */,
			);
			defaultConfigurationIsVisible = 0;
			defaultConfigurationName = Release;
		};
		7555FFA5242A565B00829871 /* Build configuration list for PBXNativeTarget "Medico" */ = {
			isa = XCConfigurationList;
			buildConfigurations = (
				7555FFA6242A565B00829871 /* Debug */,
				7555FFA7242A565B00829871 /* Release */,
			);
			defaultConfigurationIsVisible = 0;
			defaultConfigurationName = Release;
		};
/* End XCConfigurationList section */

/* Begin XCRemoteSwiftPackageReference section */
		333F45BF25A499B8008DE1D2 /* XCRemoteSwiftPackageReference "SwiftUI-Introspect" */ = {
			isa = XCRemoteSwiftPackageReference;
			repositoryURL = "https://github.com/siteline/SwiftUI-Introspect.git";
			requirement = {
				kind = upToNextMajorVersion;
				minimumVersion = 0.1.2;
			};
		};
/* End XCRemoteSwiftPackageReference section */

/* Begin XCSwiftPackageProductDependency section */
		333F45D025A49AC8008DE1D2 /* Introspect */ = {
			isa = XCSwiftPackageProductDependency;
			package = 333F45BF25A499B8008DE1D2 /* XCRemoteSwiftPackageReference "SwiftUI-Introspect" */;
			productName = Introspect;
		};
/* End XCSwiftPackageProductDependency section */
	};
	rootObject = 7555FF73242A565900829871 /* Project object */;
}
