// !$*UTF8*$!
{
	archiveVersion = 1;
	classes = {
	};
	objectVersion = 52;
	objects = {

/* Begin PBXBuildFile section */
		330867522566D67E000C3EB8 /* HostScreen.swift in Sources */ = {isa = PBXBuildFile; fileRef = 330867512566D67E000C3EB8 /* HostScreen.swift */; };
		330D8C51266A0F85005D46DB /* InvoicesScreen.swift in Sources */ = {isa = PBXBuildFile; fileRef = 330D8C50266A0F85005D46DB /* InvoicesScreen.swift */; };
		330D8C53266A0FFF005D46DB /* InvoiceDetailsScreen.swift in Sources */ = {isa = PBXBuildFile; fileRef = 330D8C52266A0FFF005D46DB /* InvoiceDetailsScreen.swift */; };
		3317B5D425A59C7C008681ED /* ProductDetails.swift in Sources */ = {isa = PBXBuildFile; fileRef = 3317B5D325A59C7C008681ED /* ProductDetails.swift */; };
		331B194E26C3D50A00F0E806 /* GoogleService-Info-stag.plist in Resources */ = {isa = PBXBuildFile; fileRef = 331B194C26C3D50A00F0E806 /* GoogleService-Info-stag.plist */; };
		331B194F26C3D50A00F0E806 /* GoogleService-Info-prod.plist in Resources */ = {isa = PBXBuildFile; fileRef = 331B194D26C3D50A00F0E806 /* GoogleService-Info-prod.plist */; };
		331BED592593614600757694 /* GoogleService-Info-dev.plist in Resources */ = {isa = PBXBuildFile; fileRef = 331BED582593614600757694 /* GoogleService-Info-dev.plist */; };
		331FC3A825D3D1410072D3B3 /* AddRetailerScreen.swift in Sources */ = {isa = PBXBuildFile; fileRef = 331FC3A725D3D1410072D3B3 /* AddRetailerScreen.swift */; };
		331FC3AC25D3F6C00072D3B3 /* ComplexNotifications.swift in Sources */ = {isa = PBXBuildFile; fileRef = 331FC3AB25D3F6C00072D3B3 /* ComplexNotifications.swift */; };
		33289420256537A50003E092 /* Localizable.strings in Resources */ = {isa = PBXBuildFile; fileRef = 33289422256537A50003E092 /* Localizable.strings */; };
		332CFD4125AF31FC00341A7E /* ScreenLogger.swift in Sources */ = {isa = PBXBuildFile; fileRef = 332CFD4025AF31FC00341A7E /* ScreenLogger.swift */; };
		332CFD4525AF335E00341A7E /* PhoneNumberUtil.swift in Sources */ = {isa = PBXBuildFile; fileRef = 332CFD4425AF335E00341A7E /* PhoneNumberUtil.swift */; };
		332CFD4825AF337F00341A7E /* AppColor.swift in Sources */ = {isa = PBXBuildFile; fileRef = 332CFD4725AF337F00341A7E /* AppColor.swift */; };
		332DE72726E6120C0032698A /* EditableInput.swift in Sources */ = {isa = PBXBuildFile; fileRef = 332DE72626E6120C0032698A /* EditableInput.swift */; };
		332EB65325F2253C009BC392 /* PopSheet.swift in Sources */ = {isa = PBXBuildFile; fileRef = 332EB65225F2253C009BC392 /* PopSheet.swift */; };
		33377B1C2632D49D00B619F9 /* CartScreen.swift in Sources */ = {isa = PBXBuildFile; fileRef = 33377B1B2632D49D00B619F9 /* CartScreen.swift */; };
		33385A7D256FB66B00DACD7C /* ColorExt.swift in Sources */ = {isa = PBXBuildFile; fileRef = 33385A7A256FB66B00DACD7C /* ColorExt.swift */; };
		33385A7E256FB66B00DACD7C /* CommonExt.swift in Sources */ = {isa = PBXBuildFile; fileRef = 33385A7B256FB66B00DACD7C /* CommonExt.swift */; };
		33385A86256FB7C200DACD7C /* ViewExtensions.swift in Sources */ = {isa = PBXBuildFile; fileRef = 33385A85256FB7C200DACD7C /* ViewExtensions.swift */; };
		333D3268262EBABF0075E1D3 /* HelpScreen.swift in Sources */ = {isa = PBXBuildFile; fileRef = 333D3267262EBABF0075E1D3 /* HelpScreen.swift */; };
		333D3299262EC6A20075E1D3 /* MailView.swift in Sources */ = {isa = PBXBuildFile; fileRef = 333D3298262EC6A20075E1D3 /* MailView.swift */; };
		333D329B262ED4BC0075E1D3 /* SafariView.swift in Sources */ = {isa = PBXBuildFile; fileRef = 333D329A262ED4BC0075E1D3 /* SafariView.swift */; };
		333F45D125A49AC8008DE1D2 /* Introspect in Frameworks */ = {isa = PBXBuildFile; productRef = 333F45D025A49AC8008DE1D2 /* Introspect */; };
		333F45D325A4B5A8008DE1D2 /* URLImage.swift in Sources */ = {isa = PBXBuildFile; fileRef = 333F45D225A4B5A8008DE1D2 /* URLImage.swift */; };
		334288AC25B3180F008F3890 /* MapView.swift in Sources */ = {isa = PBXBuildFile; fileRef = 334288AB25B3180F008F3890 /* MapView.swift */; };
		334574F025762A5F002839C5 /* SignUpScreen.swift in Sources */ = {isa = PBXBuildFile; fileRef = 334574EF25762A5F002839C5 /* SignUpScreen.swift */; };
		3354F95E26579C9400A4D252 /* PlaceOrderScreen.swift in Sources */ = {isa = PBXBuildFile; fileRef = 3354F95D26579C9400A4D252 /* PlaceOrderScreen.swift */; };
		3354F9702657D4CA00A4D252 /* CompletedCartOrderScreen.swift in Sources */ = {isa = PBXBuildFile; fileRef = 3354F96F2657D4CA00A4D252 /* CompletedCartOrderScreen.swift */; };
		3356497425AC453300F2D3CE /* NavigationBar.swift in Sources */ = {isa = PBXBuildFile; fileRef = 3356497325AC453300F2D3CE /* NavigationBar.swift */; };
		335EE0D5257A7EF90004AD42 /* SignUpTraderDetails.swift in Sources */ = {isa = PBXBuildFile; fileRef = 335EE0D4257A7EF90004AD42 /* SignUpTraderDetails.swift */; };
		335FFAF925DD07F600BC5FC1 /* DashboardScreen.swift in Sources */ = {isa = PBXBuildFile; fileRef = 335FFAF825DD07F600BC5FC1 /* DashboardScreen.swift */; };
		33621CF62571009D004BD4CF /* MedicoText.swift in Sources */ = {isa = PBXBuildFile; fileRef = 33621CF52571009D004BD4CF /* MedicoText.swift */; };
		33621CFA257125B2004BD4CF /* ActivityView.swift in Sources */ = {isa = PBXBuildFile; fileRef = 33621CF9257125B2004BD4CF /* ActivityView.swift */; };
		33621D0225712DE6004BD4CF /* PasswordScreen.swift in Sources */ = {isa = PBXBuildFile; fileRef = 33621D0125712DE6004BD4CF /* PasswordScreen.swift */; };
		33638EFD2574FB8400A9E8B4 /* SwiftDataSource.swift in Sources */ = {isa = PBXBuildFile; fileRef = 33638EFC2574FB8400A9E8B4 /* SwiftDataSource.swift */; };
		33648DAD261AFB2500CDB5D3 /* BuyProductScreen.swift in Sources */ = {isa = PBXBuildFile; fileRef = 33648DAC261AFB2500CDB5D3 /* BuyProductScreen.swift */; };
		33648DCF261B18A900CDB5D3 /* NumberPicker.swift in Sources */ = {isa = PBXBuildFile; fileRef = 33648DCE261B18A900CDB5D3 /* NumberPicker.swift */; };
		336589BF257E779C008D1CCC /* SignUpLegalDocumentsScreen.swift in Sources */ = {isa = PBXBuildFile; fileRef = 336589BE257E779C008D1CCC /* SignUpLegalDocumentsScreen.swift */; };
		336728222578E1CB00C7E73D /* KeyboardResponder.swift in Sources */ = {isa = PBXBuildFile; fileRef = 336728212578E1CB00C7E73D /* KeyboardResponder.swift */; };
		3367284D2579294F00C7E73D /* PhoneTextField.swift in Sources */ = {isa = PBXBuildFile; fileRef = 3367284C2579294F00C7E73D /* PhoneTextField.swift */; };
		336D347025C973470021F39A /* NotificationsScreen.swift in Sources */ = {isa = PBXBuildFile; fileRef = 336D346F25C973470021F39A /* NotificationsScreen.swift */; };
		3372E216259A10570034EF2D /* SignUpWelcomeScreen.swift in Sources */ = {isa = PBXBuildFile; fileRef = 3372E215259A10570034EF2D /* SignUpWelcomeScreen.swift */; };
		3373ED66265FB99700118DD9 /* DatePicker.swift in Sources */ = {isa = PBXBuildFile; fileRef = 3373ED65265FB99700118DD9 /* DatePicker.swift */; };
		3376EC762583737800570BB3 /* LimitedAppAccessScreen.swift in Sources */ = {isa = PBXBuildFile; fileRef = 3376EC752583737800570BB3 /* LimitedAppAccessScreen.swift */; };
		3376EC7A2583875900570BB3 /* FilePicker.swift in Sources */ = {isa = PBXBuildFile; fileRef = 3376EC792583875900570BB3 /* FilePicker.swift */; };
		33789562256E3BE70034D79F /* FloatingPlaceholderTextField.swift in Sources */ = {isa = PBXBuildFile; fileRef = 33789561256E3BE70034D79F /* FloatingPlaceholderTextField.swift */; };
		338BFF0625C8171500514E79 /* NotificationsManager.swift in Sources */ = {isa = PBXBuildFile; fileRef = 338BFF0525C8171500514E79 /* NotificationsManager.swift */; };
		338BFF0825C8173800514E79 /* CloudMessagingNotificationsService.swift in Sources */ = {isa = PBXBuildFile; fileRef = 338BFF0725C8173800514E79 /* CloudMessagingNotificationsService.swift */; };
		338F98E7257F77C3002D36FF /* ImagePicker.swift in Sources */ = {isa = PBXBuildFile; fileRef = 338F98E6257F77C3002D36FF /* ImagePicker.swift */; };
		3391B0BE25B824600025B945 /* UserManagementScreen.swift in Sources */ = {isa = PBXBuildFile; fileRef = 3391B0BD25B824600025B945 /* UserManagementScreen.swift */; };
		3391B0C025B871000025B945 /* AlertViewModifiers.swift in Sources */ = {isa = PBXBuildFile; fileRef = 3391B0BF25B871000025B945 /* AlertViewModifiers.swift */; };
		3395030F25824ABB0080CC88 /* SlidingNavigationPanelView.swift in Sources */ = {isa = PBXBuildFile; fileRef = 3395030E25824ABB0080CC88 /* SlidingNavigationPanelView.swift */; };
		3395031325824C060080CC88 /* BlurEffectView.swift in Sources */ = {isa = PBXBuildFile; fileRef = 3395031225824C060080CC88 /* BlurEffectView.swift */; };
		339C503D257A2D9B00AAB45F /* SignUpAddressScreen.swift in Sources */ = {isa = PBXBuildFile; fileRef = 339C503C257A2D9B00AAB45F /* SignUpAddressScreen.swift */; };
		339C5041257A2E7600AAB45F /* CommonViewModifiers.swift in Sources */ = {isa = PBXBuildFile; fileRef = 339C5040257A2E7600AAB45F /* CommonViewModifiers.swift */; };
		339C5045257A548F00AAB45F /* PickerSelector.swift in Sources */ = {isa = PBXBuildFile; fileRef = 339C5044257A548F00AAB45F /* PickerSelector.swift */; };
		339D372225B05CCF00C57B2D /* SettingsScreen.swift in Sources */ = {isa = PBXBuildFile; fileRef = 339D372125B05CCF00C57B2D /* SettingsScreen.swift */; };
		33A0202425B9920000615349 /* TransparentList.swift in Sources */ = {isa = PBXBuildFile; fileRef = 33A0202325B9920000615349 /* TransparentList.swift */; };
		33A0202625B99E1100615349 /* BaseBottomSheetView.swift in Sources */ = {isa = PBXBuildFile; fileRef = 33A0202525B99E1100615349 /* BaseBottomSheetView.swift */; };
		33A1212F26E8D8B800D7AABF /* PreviewStockistBottomSheet.swift in Sources */ = {isa = PBXBuildFile; fileRef = 33A1212E26E8D8B800D7AABF /* PreviewStockistBottomSheet.swift */; };
		33ABAEC8258B826A0061F63C /* CommonViews.swift in Sources */ = {isa = PBXBuildFile; fileRef = 33ABAEC7258B826A0061F63C /* CommonViews.swift */; };
		33AD104C256F92CC005FF354 /* SwiftUIExtensions.swift in Sources */ = {isa = PBXBuildFile; fileRef = 33AD104B256F92CC005FF354 /* SwiftUIExtensions.swift */; };
		33B1B8002563F4EB005215A3 /* AuthScreen.swift in Sources */ = {isa = PBXBuildFile; fileRef = 33B1B7FF2563F4EB005215A3 /* AuthScreen.swift */; };
		33B4A30D25A30F3F00B04AF3 /* FlexibleView.swift in Sources */ = {isa = PBXBuildFile; fileRef = 33B4A30C25A30F3F00B04AF3 /* FlexibleView.swift */; };
		33B4A30F25A34E6900B04AF3 /* Barlow-Black.ttf in Resources */ = {isa = PBXBuildFile; fileRef = 33B4A30E25A34E6900B04AF3 /* Barlow-Black.ttf */; };
		33B834DF2577764D00D72CE8 /* SignUpPersonalDataScreen.swift in Sources */ = {isa = PBXBuildFile; fileRef = 33B834DE2577764D00D72CE8 /* SignUpPersonalDataScreen.swift */; };
		33BAF811265FDFED00559A68 /* ViewOrderScreen.swift in Sources */ = {isa = PBXBuildFile; fileRef = 33BAF810265FDFED00559A68 /* ViewOrderScreen.swift */; };
		33C3216626E79BAD00C7CAB4 /* QuantityInput.swift in Sources */ = {isa = PBXBuildFile; fileRef = 33C3216526E79BAD00C7CAB4 /* QuantityInput.swift */; };
		33CA67C925AEF87600148A27 /* AnalyticsService.swift in Sources */ = {isa = PBXBuildFile; fileRef = 33CA67C825AEF87600148A27 /* AnalyticsService.swift */; };
		33CA67CB25AEF8E100148A27 /* FirebaseAnalyticsService.swift in Sources */ = {isa = PBXBuildFile; fileRef = 33CA67CA25AEF8E100148A27 /* FirebaseAnalyticsService.swift */; };
		33CA67EA25AF0EFD00148A27 /* DIContainer.swift in Sources */ = {isa = PBXBuildFile; fileRef = 33CA67E925AF0EFD00148A27 /* DIContainer.swift */; };
		33CDAA32256E5D42001C189A /* AppColorViewsExtensions.swift in Sources */ = {isa = PBXBuildFile; fileRef = 33CDAA31256E5D42001C189A /* AppColorViewsExtensions.swift */; };
		33D0326125E3D3020046664C /* UserNameImage.swift in Sources */ = {isa = PBXBuildFile; fileRef = 33D0326025E3D3020046664C /* UserNameImage.swift */; };
		33D4743925CAAEDA00BB21CC /* NotificationDetailsScreen.swift in Sources */ = {isa = PBXBuildFile; fileRef = 33D4743825CAAEDA00BB21CC /* NotificationDetailsScreen.swift */; };
		33D57335259B167100A9B5C5 /* SignUpAadhaarCardDetailsScreen.swift in Sources */ = {isa = PBXBuildFile; fileRef = 33D57334259B167100A9B5C5 /* SignUpAadhaarCardDetailsScreen.swift */; };
		33D7F29925BEBCB40070C9DB /* EntityInfoBottomSheet.swift in Sources */ = {isa = PBXBuildFile; fileRef = 33D7F29825BEBCB40070C9DB /* EntityInfoBottomSheet.swift */; };
		33DE40C32664CB83001EB277 /* ConfirmOrderScreen.swift in Sources */ = {isa = PBXBuildFile; fileRef = 33DE40C22664CB83001EB277 /* ConfirmOrderScreen.swift */; };
		33E299DE268CA6C7004183A2 /* Barlow-BoldItalic.ttf in Resources */ = {isa = PBXBuildFile; fileRef = 33E299DC268CA6C7004183A2 /* Barlow-BoldItalic.ttf */; };
		33E299DF268CA6C7004183A2 /* Barlow-MediumItalic.ttf in Resources */ = {isa = PBXBuildFile; fileRef = 33E299DD268CA6C7004183A2 /* Barlow-MediumItalic.ttf */; };
		33E299E1268CB4B9004183A2 /* OrderPlacedScreen.swift in Sources */ = {isa = PBXBuildFile; fileRef = 33E299E0268CB4B9004183A2 /* OrderPlacedScreen.swift */; };
		33E76830256D5F9900B35FDF /* Barlow-Medium.ttf in Resources */ = {isa = PBXBuildFile; fileRef = 33E7682E256D5F9800B35FDF /* Barlow-Medium.ttf */; };
		33E76831256D5F9900B35FDF /* Barlow-Regular.ttf in Resources */ = {isa = PBXBuildFile; fileRef = 33E7682F256D5F9900B35FDF /* Barlow-Regular.ttf */; };
		33E76837256D621B00B35FDF /* Barlow-SemiBold.ttf in Resources */ = {isa = PBXBuildFile; fileRef = 33E76836256D621B00B35FDF /* Barlow-SemiBold.ttf */; };
		33ED9E9C2661327700DAD5A6 /* ModifyOrderEntryBottomSheet.swift in Sources */ = {isa = PBXBuildFile; fileRef = 33ED9E9B2661327700DAD5A6 /* ModifyOrderEntryBottomSheet.swift */; };
		33F151EB256FE1F000C4C656 /* OtpPhoneRequestScreen.swift in Sources */ = {isa = PBXBuildFile; fileRef = 33F151EA256FE1F000C4C656 /* OtpPhoneRequestScreen.swift */; };
		33F151F1256FE7F000C4C656 /* OtpPhoneVerification.swift in Sources */ = {isa = PBXBuildFile; fileRef = 33F151F0256FE7F000C4C656 /* OtpPhoneVerification.swift */; };
		33F1520A256FF5D200C4C656 /* Colors.xcassets in Resources */ = {isa = PBXBuildFile; fileRef = 33F15209256FF5D200C4C656 /* Colors.xcassets */; };
		33F1C07225683FFF0041A890 /* OtpFlowScreen.swift in Sources */ = {isa = PBXBuildFile; fileRef = 33F1C07125683FFF0041A890 /* OtpFlowScreen.swift */; };
		33F55EF4265E6E3C00298BE7 /* OrdersScreen.swift in Sources */ = {isa = PBXBuildFile; fileRef = 33F55EF3265E6E3C00298BE7 /* OrdersScreen.swift */; };
		33F8DFBB25763732009E98EE /* SelectUserTypeScreen.swift in Sources */ = {isa = PBXBuildFile; fileRef = 33F8DFBA25763732009E98EE /* SelectUserTypeScreen.swift */; };
		33F8DFC525763A91009E98EE /* core.framework in Frameworks */ = {isa = PBXBuildFile; fileRef = 33F8DFC425763A91009E98EE /* core.framework */; };
		33F8DFC625763A91009E98EE /* core.framework in Embed Frameworks */ = {isa = PBXBuildFile; fileRef = 33F8DFC425763A91009E98EE /* core.framework */; settings = {ATTRIBUTES = (CodeSignOnCopy, RemoveHeadersOnCopy, ); }; };
		33F8DFE325764253009E98EE /* Barlow-Bold.ttf in Resources */ = {isa = PBXBuildFile; fileRef = 33F8DFE225764253009E98EE /* Barlow-Bold.ttf */; };
		33FD6A40259CAD640092887D /* SearchBar.swift in Sources */ = {isa = PBXBuildFile; fileRef = 33FD6A3F259CAD640092887D /* SearchBar.swift */; };
		33FD6A44259CBE9B0092887D /* GlobalSearchScreen.swift in Sources */ = {isa = PBXBuildFile; fileRef = 33FD6A43259CBE9B0092887D /* GlobalSearchScreen.swift */; };
		33FF142F261CB3E9004F9F98 /* StoresScreen.swift in Sources */ = {isa = PBXBuildFile; fileRef = 33FF142E261CB3E9004F9F98 /* StoresScreen.swift */; };
		33FF54E3257FBCD40018DE59 /* DocumentPicker.swift in Sources */ = {isa = PBXBuildFile; fileRef = 33FF54E2257FBCD40018DE59 /* DocumentPicker.swift */; };
		4BA0007DEC69B01DBC21A4C4 /* Pods_Medico.framework in Frameworks */ = {isa = PBXBuildFile; fileRef = 7AA80CF33BE2304862146BEE /* Pods_Medico.framework */; };
		7555FF7F242A565900829871 /* AppDelegate.swift in Sources */ = {isa = PBXBuildFile; fileRef = 7555FF7E242A565900829871 /* AppDelegate.swift */; };
		7555FF81242A565900829871 /* SceneDelegate.swift in Sources */ = {isa = PBXBuildFile; fileRef = 7555FF80242A565900829871 /* SceneDelegate.swift */; };
		7555FF85242A565B00829871 /* Assets.xcassets in Resources */ = {isa = PBXBuildFile; fileRef = 7555FF84242A565B00829871 /* Assets.xcassets */; };
		7555FF88242A565B00829871 /* Preview Assets.xcassets in Resources */ = {isa = PBXBuildFile; fileRef = 7555FF87242A565B00829871 /* Preview Assets.xcassets */; };
		7555FF8B242A565B00829871 /* LaunchScreen.storyboard in Resources */ = {isa = PBXBuildFile; fileRef = 7555FF89242A565B00829871 /* LaunchScreen.storyboard */; };
		9C323A1327569C7A004D2558 /* ViewTaxInfoBottomSheet.swift in Sources */ = {isa = PBXBuildFile; fileRef = 9C323A1227569C7A004D2558 /* ViewTaxInfoBottomSheet.swift */; };
		9C323A1527569D30004D2558 /* ViewItemTaxBottomSheet.swift in Sources */ = {isa = PBXBuildFile; fileRef = 9C323A1427569D30004D2558 /* ViewItemTaxBottomSheet.swift */; };
/* End PBXBuildFile section */

/* Begin PBXCopyFilesBuildPhase section */
		7555FFB4242A642300829871 /* Embed Frameworks */ = {
			isa = PBXCopyFilesBuildPhase;
			buildActionMask = 2147483647;
			dstPath = "";
			dstSubfolderSpec = 10;
			files = (
				33F8DFC625763A91009E98EE /* core.framework in Embed Frameworks */,
			);
			name = "Embed Frameworks";
			runOnlyForDeploymentPostprocessing = 0;
		};
/* End PBXCopyFilesBuildPhase section */

/* Begin PBXFileReference section */
		10B0DE703D0010159218515A /* Pods-Medico.stag-debug.xcconfig */ = {isa = PBXFileReference; includeInIndex = 1; lastKnownFileType = text.xcconfig; name = "Pods-Medico.stag-debug.xcconfig"; path = "Target Support Files/Pods-Medico/Pods-Medico.stag-debug.xcconfig"; sourceTree = "<group>"; };
		251BB946665B9AAA979DC276 /* Pods-Medico-MedicoUITests.debug.xcconfig */ = {isa = PBXFileReference; includeInIndex = 1; lastKnownFileType = text.xcconfig; name = "Pods-Medico-MedicoUITests.debug.xcconfig"; path = "Target Support Files/Pods-Medico-MedicoUITests/Pods-Medico-MedicoUITests.debug.xcconfig"; sourceTree = "<group>"; };
		289BFD22E9FAC8B5DB1DEF7A /* Pods-Medico.debug.xcconfig */ = {isa = PBXFileReference; includeInIndex = 1; lastKnownFileType = text.xcconfig; name = "Pods-Medico.debug.xcconfig"; path = "Target Support Files/Pods-Medico/Pods-Medico.debug.xcconfig"; sourceTree = "<group>"; };
		29FC7531BC99EA68A486A17E /* Pods-Medico.prod-release.xcconfig */ = {isa = PBXFileReference; includeInIndex = 1; lastKnownFileType = text.xcconfig; name = "Pods-Medico.prod-release.xcconfig"; path = "Target Support Files/Pods-Medico/Pods-Medico.prod-release.xcconfig"; sourceTree = "<group>"; };
		2F2D1DD0CD71D0C64852DCA3 /* Pods_iosTests.framework */ = {isa = PBXFileReference; explicitFileType = wrapper.framework; includeInIndex = 0; path = Pods_iosTests.framework; sourceTree = BUILT_PRODUCTS_DIR; };
		330867512566D67E000C3EB8 /* HostScreen.swift */ = {isa = PBXFileReference; lastKnownFileType = sourcecode.swift; path = HostScreen.swift; sourceTree = "<group>"; };
		330D8C50266A0F85005D46DB /* InvoicesScreen.swift */ = {isa = PBXFileReference; lastKnownFileType = sourcecode.swift; path = InvoicesScreen.swift; sourceTree = "<group>"; };
		330D8C52266A0FFF005D46DB /* InvoiceDetailsScreen.swift */ = {isa = PBXFileReference; lastKnownFileType = sourcecode.swift; path = InvoiceDetailsScreen.swift; sourceTree = "<group>"; };
		3317B5D325A59C7C008681ED /* ProductDetails.swift */ = {isa = PBXFileReference; lastKnownFileType = sourcecode.swift; path = ProductDetails.swift; sourceTree = "<group>"; };
		331B194A26C3D3DD00F0E806 /* Staging.xcconfig */ = {isa = PBXFileReference; lastKnownFileType = text.xcconfig; path = Staging.xcconfig; sourceTree = "<group>"; };
		331B194B26C3D40800F0E806 /* Production.xcconfig */ = {isa = PBXFileReference; lastKnownFileType = text.xcconfig; path = Production.xcconfig; sourceTree = "<group>"; };
		331B194C26C3D50A00F0E806 /* GoogleService-Info-stag.plist */ = {isa = PBXFileReference; fileEncoding = 4; lastKnownFileType = text.plist.xml; path = "GoogleService-Info-stag.plist"; sourceTree = "<group>"; };
		331B194D26C3D50A00F0E806 /* GoogleService-Info-prod.plist */ = {isa = PBXFileReference; fileEncoding = 4; lastKnownFileType = text.plist.xml; path = "GoogleService-Info-prod.plist"; sourceTree = "<group>"; };
		331BED582593614600757694 /* GoogleService-Info-dev.plist */ = {isa = PBXFileReference; fileEncoding = 4; lastKnownFileType = text.plist.xml; path = "GoogleService-Info-dev.plist"; sourceTree = "<group>"; };
		331FC3A725D3D1410072D3B3 /* AddRetailerScreen.swift */ = {isa = PBXFileReference; lastKnownFileType = sourcecode.swift; path = AddRetailerScreen.swift; sourceTree = "<group>"; };
		331FC3AB25D3F6C00072D3B3 /* ComplexNotifications.swift */ = {isa = PBXFileReference; lastKnownFileType = sourcecode.swift; path = ComplexNotifications.swift; sourceTree = "<group>"; };
		33289421256537A50003E092 /* en */ = {isa = PBXFileReference; lastKnownFileType = text.plist.strings; name = en; path = en.lproj/Localizable.strings; sourceTree = "<group>"; };
		332CFD4025AF31FC00341A7E /* ScreenLogger.swift */ = {isa = PBXFileReference; lastKnownFileType = sourcecode.swift; path = ScreenLogger.swift; sourceTree = "<group>"; };
		332CFD4425AF335E00341A7E /* PhoneNumberUtil.swift */ = {isa = PBXFileReference; fileEncoding = 4; lastKnownFileType = sourcecode.swift; path = PhoneNumberUtil.swift; sourceTree = "<group>"; };
		332CFD4725AF337F00341A7E /* AppColor.swift */ = {isa = PBXFileReference; fileEncoding = 4; lastKnownFileType = sourcecode.swift; path = AppColor.swift; sourceTree = "<group>"; };
		332DE72626E6120C0032698A /* EditableInput.swift */ = {isa = PBXFileReference; lastKnownFileType = sourcecode.swift; path = EditableInput.swift; sourceTree = "<group>"; };
		332EB65225F2253C009BC392 /* PopSheet.swift */ = {isa = PBXFileReference; lastKnownFileType = sourcecode.swift; path = PopSheet.swift; sourceTree = "<group>"; };
		332F7E0C258B3BB100C5BF6B /* commonMain */ = {isa = PBXFileReference; lastKnownFileType = folder; name = commonMain; path = ../../data/src/commonMain; sourceTree = "<group>"; };
		332F7E0D258B3BC100C5BF6B /* iosMain */ = {isa = PBXFileReference; lastKnownFileType = folder; name = iosMain; path = ../../core/src/iosMain; sourceTree = "<group>"; };
		332F7E0E258B3BC100C5BF6B /* commonMain */ = {isa = PBXFileReference; lastKnownFileType = folder; name = commonMain; path = ../../core/src/commonMain; sourceTree = "<group>"; };
		33377B1B2632D49D00B619F9 /* CartScreen.swift */ = {isa = PBXFileReference; lastKnownFileType = sourcecode.swift; path = CartScreen.swift; sourceTree = "<group>"; };
		33385A7A256FB66B00DACD7C /* ColorExt.swift */ = {isa = PBXFileReference; fileEncoding = 4; lastKnownFileType = sourcecode.swift; name = ColorExt.swift; path = ios/extensions/ColorExt.swift; sourceTree = SOURCE_ROOT; };
		33385A7B256FB66B00DACD7C /* CommonExt.swift */ = {isa = PBXFileReference; fileEncoding = 4; lastKnownFileType = sourcecode.swift; name = CommonExt.swift; path = ios/extensions/CommonExt.swift; sourceTree = SOURCE_ROOT; };
		33385A85256FB7C200DACD7C /* ViewExtensions.swift */ = {isa = PBXFileReference; lastKnownFileType = sourcecode.swift; name = ViewExtensions.swift; path = ios/extensions/ViewExtensions.swift; sourceTree = SOURCE_ROOT; };
		333D3267262EBABF0075E1D3 /* HelpScreen.swift */ = {isa = PBXFileReference; lastKnownFileType = sourcecode.swift; path = HelpScreen.swift; sourceTree = "<group>"; };
		333D3298262EC6A20075E1D3 /* MailView.swift */ = {isa = PBXFileReference; lastKnownFileType = sourcecode.swift; path = MailView.swift; sourceTree = "<group>"; };
		333D329A262ED4BC0075E1D3 /* SafariView.swift */ = {isa = PBXFileReference; lastKnownFileType = sourcecode.swift; path = SafariView.swift; sourceTree = "<group>"; };
		333F45D225A4B5A8008DE1D2 /* URLImage.swift */ = {isa = PBXFileReference; lastKnownFileType = sourcecode.swift; path = URLImage.swift; sourceTree = "<group>"; };
		334288AB25B3180F008F3890 /* MapView.swift */ = {isa = PBXFileReference; lastKnownFileType = sourcecode.swift; path = MapView.swift; sourceTree = "<group>"; };
		334574EF25762A5F002839C5 /* SignUpScreen.swift */ = {isa = PBXFileReference; lastKnownFileType = sourcecode.swift; path = SignUpScreen.swift; sourceTree = "<group>"; };
		3354F95D26579C9400A4D252 /* PlaceOrderScreen.swift */ = {isa = PBXFileReference; lastKnownFileType = sourcecode.swift; path = PlaceOrderScreen.swift; sourceTree = "<group>"; };
		3354F96F2657D4CA00A4D252 /* CompletedCartOrderScreen.swift */ = {isa = PBXFileReference; lastKnownFileType = sourcecode.swift; path = CompletedCartOrderScreen.swift; sourceTree = "<group>"; };
		3356497325AC453300F2D3CE /* NavigationBar.swift */ = {isa = PBXFileReference; lastKnownFileType = sourcecode.swift; path = NavigationBar.swift; sourceTree = "<group>"; };
		335EE0D4257A7EF90004AD42 /* SignUpTraderDetails.swift */ = {isa = PBXFileReference; lastKnownFileType = sourcecode.swift; path = SignUpTraderDetails.swift; sourceTree = "<group>"; };
		335FFAF825DD07F600BC5FC1 /* DashboardScreen.swift */ = {isa = PBXFileReference; lastKnownFileType = sourcecode.swift; path = DashboardScreen.swift; sourceTree = "<group>"; };
		33621CF52571009D004BD4CF /* MedicoText.swift */ = {isa = PBXFileReference; lastKnownFileType = sourcecode.swift; path = MedicoText.swift; sourceTree = "<group>"; };
		33621CF9257125B2004BD4CF /* ActivityView.swift */ = {isa = PBXFileReference; lastKnownFileType = sourcecode.swift; path = ActivityView.swift; sourceTree = "<group>"; };
		33621D0125712DE6004BD4CF /* PasswordScreen.swift */ = {isa = PBXFileReference; lastKnownFileType = sourcecode.swift; path = PasswordScreen.swift; sourceTree = "<group>"; };
		33638EFC2574FB8400A9E8B4 /* SwiftDataSource.swift */ = {isa = PBXFileReference; lastKnownFileType = sourcecode.swift; path = SwiftDataSource.swift; sourceTree = "<group>"; };
		33648DAC261AFB2500CDB5D3 /* BuyProductScreen.swift */ = {isa = PBXFileReference; lastKnownFileType = sourcecode.swift; path = BuyProductScreen.swift; sourceTree = "<group>"; };
		33648DCE261B18A900CDB5D3 /* NumberPicker.swift */ = {isa = PBXFileReference; lastKnownFileType = sourcecode.swift; path = NumberPicker.swift; sourceTree = "<group>"; };
		336589BE257E779C008D1CCC /* SignUpLegalDocumentsScreen.swift */ = {isa = PBXFileReference; lastKnownFileType = sourcecode.swift; path = SignUpLegalDocumentsScreen.swift; sourceTree = "<group>"; };
		336728212578E1CB00C7E73D /* KeyboardResponder.swift */ = {isa = PBXFileReference; fileEncoding = 4; lastKnownFileType = sourcecode.swift; path = KeyboardResponder.swift; sourceTree = "<group>"; };
		3367284C2579294F00C7E73D /* PhoneTextField.swift */ = {isa = PBXFileReference; lastKnownFileType = sourcecode.swift; path = PhoneTextField.swift; sourceTree = "<group>"; };
		336D346F25C973470021F39A /* NotificationsScreen.swift */ = {isa = PBXFileReference; lastKnownFileType = sourcecode.swift; path = NotificationsScreen.swift; sourceTree = "<group>"; };
		3372E215259A10570034EF2D /* SignUpWelcomeScreen.swift */ = {isa = PBXFileReference; lastKnownFileType = sourcecode.swift; path = SignUpWelcomeScreen.swift; sourceTree = "<group>"; };
		3373ED65265FB99700118DD9 /* DatePicker.swift */ = {isa = PBXFileReference; lastKnownFileType = sourcecode.swift; path = DatePicker.swift; sourceTree = "<group>"; };
		3376EC752583737800570BB3 /* LimitedAppAccessScreen.swift */ = {isa = PBXFileReference; lastKnownFileType = sourcecode.swift; path = LimitedAppAccessScreen.swift; sourceTree = "<group>"; };
		3376EC792583875900570BB3 /* FilePicker.swift */ = {isa = PBXFileReference; lastKnownFileType = sourcecode.swift; path = FilePicker.swift; sourceTree = "<group>"; };
		33789561256E3BE70034D79F /* FloatingPlaceholderTextField.swift */ = {isa = PBXFileReference; lastKnownFileType = sourcecode.swift; path = FloatingPlaceholderTextField.swift; sourceTree = "<group>"; };
		338BFF0525C8171500514E79 /* NotificationsManager.swift */ = {isa = PBXFileReference; lastKnownFileType = sourcecode.swift; path = NotificationsManager.swift; sourceTree = "<group>"; };
		338BFF0725C8173800514E79 /* CloudMessagingNotificationsService.swift */ = {isa = PBXFileReference; lastKnownFileType = sourcecode.swift; path = CloudMessagingNotificationsService.swift; sourceTree = "<group>"; };
		338F98E6257F77C3002D36FF /* ImagePicker.swift */ = {isa = PBXFileReference; lastKnownFileType = sourcecode.swift; path = ImagePicker.swift; sourceTree = "<group>"; };
		3391B0BD25B824600025B945 /* UserManagementScreen.swift */ = {isa = PBXFileReference; lastKnownFileType = sourcecode.swift; path = UserManagementScreen.swift; sourceTree = "<group>"; };
		3391B0BF25B871000025B945 /* AlertViewModifiers.swift */ = {isa = PBXFileReference; lastKnownFileType = sourcecode.swift; path = AlertViewModifiers.swift; sourceTree = "<group>"; };
		3395030E25824ABB0080CC88 /* SlidingNavigationPanelView.swift */ = {isa = PBXFileReference; lastKnownFileType = sourcecode.swift; path = SlidingNavigationPanelView.swift; sourceTree = "<group>"; };
		3395031225824C060080CC88 /* BlurEffectView.swift */ = {isa = PBXFileReference; lastKnownFileType = sourcecode.swift; path = BlurEffectView.swift; sourceTree = "<group>"; };
		3398A33426C3CF2D003F692D /* Development.xcconfig */ = {isa = PBXFileReference; lastKnownFileType = text.xcconfig; path = Development.xcconfig; sourceTree = "<group>"; };
		339C503C257A2D9B00AAB45F /* SignUpAddressScreen.swift */ = {isa = PBXFileReference; lastKnownFileType = sourcecode.swift; path = SignUpAddressScreen.swift; sourceTree = "<group>"; };
		339C5040257A2E7600AAB45F /* CommonViewModifiers.swift */ = {isa = PBXFileReference; lastKnownFileType = sourcecode.swift; path = CommonViewModifiers.swift; sourceTree = "<group>"; };
		339C5044257A548F00AAB45F /* PickerSelector.swift */ = {isa = PBXFileReference; lastKnownFileType = sourcecode.swift; path = PickerSelector.swift; sourceTree = "<group>"; };
		339D372125B05CCF00C57B2D /* SettingsScreen.swift */ = {isa = PBXFileReference; lastKnownFileType = sourcecode.swift; path = SettingsScreen.swift; sourceTree = "<group>"; };
		33A0202325B9920000615349 /* TransparentList.swift */ = {isa = PBXFileReference; lastKnownFileType = sourcecode.swift; path = TransparentList.swift; sourceTree = "<group>"; };
		33A0202525B99E1100615349 /* BaseBottomSheetView.swift */ = {isa = PBXFileReference; lastKnownFileType = sourcecode.swift; path = BaseBottomSheetView.swift; sourceTree = "<group>"; };
		33A1212E26E8D8B800D7AABF /* PreviewStockistBottomSheet.swift */ = {isa = PBXFileReference; lastKnownFileType = sourcecode.swift; path = PreviewStockistBottomSheet.swift; sourceTree = "<group>"; };
		33ABAEC7258B826A0061F63C /* CommonViews.swift */ = {isa = PBXFileReference; lastKnownFileType = sourcecode.swift; path = CommonViews.swift; sourceTree = "<group>"; };
		33AD104B256F92CC005FF354 /* SwiftUIExtensions.swift */ = {isa = PBXFileReference; lastKnownFileType = sourcecode.swift; name = SwiftUIExtensions.swift; path = ios/extensions/SwiftUIExtensions.swift; sourceTree = SOURCE_ROOT; };
		33B1B7FF2563F4EB005215A3 /* AuthScreen.swift */ = {isa = PBXFileReference; lastKnownFileType = sourcecode.swift; path = AuthScreen.swift; sourceTree = "<group>"; };
		33B4A30C25A30F3F00B04AF3 /* FlexibleView.swift */ = {isa = PBXFileReference; lastKnownFileType = sourcecode.swift; path = FlexibleView.swift; sourceTree = "<group>"; };
		33B4A30E25A34E6900B04AF3 /* Barlow-Black.ttf */ = {isa = PBXFileReference; lastKnownFileType = file; path = "Barlow-Black.ttf"; sourceTree = "<group>"; };
		33B834DE2577764D00D72CE8 /* SignUpPersonalDataScreen.swift */ = {isa = PBXFileReference; lastKnownFileType = sourcecode.swift; path = SignUpPersonalDataScreen.swift; sourceTree = "<group>"; };
		33BAF810265FDFED00559A68 /* ViewOrderScreen.swift */ = {isa = PBXFileReference; lastKnownFileType = sourcecode.swift; path = ViewOrderScreen.swift; sourceTree = "<group>"; };
		33C3216526E79BAD00C7CAB4 /* QuantityInput.swift */ = {isa = PBXFileReference; lastKnownFileType = sourcecode.swift; path = QuantityInput.swift; sourceTree = "<group>"; };
		33CA67C825AEF87600148A27 /* AnalyticsService.swift */ = {isa = PBXFileReference; lastKnownFileType = sourcecode.swift; path = AnalyticsService.swift; sourceTree = "<group>"; };
		33CA67CA25AEF8E100148A27 /* FirebaseAnalyticsService.swift */ = {isa = PBXFileReference; lastKnownFileType = sourcecode.swift; path = FirebaseAnalyticsService.swift; sourceTree = "<group>"; };
		33CA67E925AF0EFD00148A27 /* DIContainer.swift */ = {isa = PBXFileReference; lastKnownFileType = sourcecode.swift; path = DIContainer.swift; sourceTree = "<group>"; };
		33CDAA31256E5D42001C189A /* AppColorViewsExtensions.swift */ = {isa = PBXFileReference; lastKnownFileType = sourcecode.swift; name = AppColorViewsExtensions.swift; path = ios/extensions/AppColorViewsExtensions.swift; sourceTree = SOURCE_ROOT; };
		33D0326025E3D3020046664C /* UserNameImage.swift */ = {isa = PBXFileReference; lastKnownFileType = sourcecode.swift; path = UserNameImage.swift; sourceTree = "<group>"; };
		33D4743825CAAEDA00BB21CC /* NotificationDetailsScreen.swift */ = {isa = PBXFileReference; lastKnownFileType = sourcecode.swift; path = NotificationDetailsScreen.swift; sourceTree = "<group>"; };
		33D57334259B167100A9B5C5 /* SignUpAadhaarCardDetailsScreen.swift */ = {isa = PBXFileReference; lastKnownFileType = sourcecode.swift; path = SignUpAadhaarCardDetailsScreen.swift; sourceTree = "<group>"; };
		33D7F29825BEBCB40070C9DB /* EntityInfoBottomSheet.swift */ = {isa = PBXFileReference; lastKnownFileType = sourcecode.swift; path = EntityInfoBottomSheet.swift; sourceTree = "<group>"; };
		33DE40C22664CB83001EB277 /* ConfirmOrderScreen.swift */ = {isa = PBXFileReference; lastKnownFileType = sourcecode.swift; path = ConfirmOrderScreen.swift; sourceTree = "<group>"; };
		33E299DC268CA6C7004183A2 /* Barlow-BoldItalic.ttf */ = {isa = PBXFileReference; lastKnownFileType = file; path = "Barlow-BoldItalic.ttf"; sourceTree = "<group>"; };
		33E299DD268CA6C7004183A2 /* Barlow-MediumItalic.ttf */ = {isa = PBXFileReference; lastKnownFileType = file; path = "Barlow-MediumItalic.ttf"; sourceTree = "<group>"; };
		33E299E0268CB4B9004183A2 /* OrderPlacedScreen.swift */ = {isa = PBXFileReference; lastKnownFileType = sourcecode.swift; path = OrderPlacedScreen.swift; sourceTree = "<group>"; };
		33E7682E256D5F9800B35FDF /* Barlow-Medium.ttf */ = {isa = PBXFileReference; lastKnownFileType = file; path = "Barlow-Medium.ttf"; sourceTree = "<group>"; };
		33E7682F256D5F9900B35FDF /* Barlow-Regular.ttf */ = {isa = PBXFileReference; lastKnownFileType = file; path = "Barlow-Regular.ttf"; sourceTree = "<group>"; };
		33E76836256D621B00B35FDF /* Barlow-SemiBold.ttf */ = {isa = PBXFileReference; lastKnownFileType = file; path = "Barlow-SemiBold.ttf"; sourceTree = "<group>"; };
		33ED9E9B2661327700DAD5A6 /* ModifyOrderEntryBottomSheet.swift */ = {isa = PBXFileReference; lastKnownFileType = sourcecode.swift; path = ModifyOrderEntryBottomSheet.swift; sourceTree = "<group>"; };
		33F151EA256FE1F000C4C656 /* OtpPhoneRequestScreen.swift */ = {isa = PBXFileReference; lastKnownFileType = sourcecode.swift; path = OtpPhoneRequestScreen.swift; sourceTree = "<group>"; };
		33F151F0256FE7F000C4C656 /* OtpPhoneVerification.swift */ = {isa = PBXFileReference; lastKnownFileType = sourcecode.swift; path = OtpPhoneVerification.swift; sourceTree = "<group>"; };
		33F15209256FF5D200C4C656 /* Colors.xcassets */ = {isa = PBXFileReference; lastKnownFileType = folder.assetcatalog; path = Colors.xcassets; sourceTree = "<group>"; };
		33F1C07125683FFF0041A890 /* OtpFlowScreen.swift */ = {isa = PBXFileReference; lastKnownFileType = sourcecode.swift; path = OtpFlowScreen.swift; sourceTree = "<group>"; };
		33F55EF3265E6E3C00298BE7 /* OrdersScreen.swift */ = {isa = PBXFileReference; lastKnownFileType = sourcecode.swift; path = OrdersScreen.swift; sourceTree = "<group>"; };
		33F8DFBA25763732009E98EE /* SelectUserTypeScreen.swift */ = {isa = PBXFileReference; lastKnownFileType = sourcecode.swift; path = SelectUserTypeScreen.swift; sourceTree = "<group>"; };
		33F8DFC425763A91009E98EE /* core.framework */ = {isa = PBXFileReference; lastKnownFileType = wrapper.framework; name = core.framework; path = "../core/build/xcode-frameworks/core.framework"; sourceTree = "<group>"; };
		33F8DFE225764253009E98EE /* Barlow-Bold.ttf */ = {isa = PBXFileReference; lastKnownFileType = file; path = "Barlow-Bold.ttf"; sourceTree = "<group>"; };
		33FD6A3F259CAD640092887D /* SearchBar.swift */ = {isa = PBXFileReference; lastKnownFileType = sourcecode.swift; path = SearchBar.swift; sourceTree = "<group>"; };
		33FD6A43259CBE9B0092887D /* GlobalSearchScreen.swift */ = {isa = PBXFileReference; lastKnownFileType = sourcecode.swift; path = GlobalSearchScreen.swift; sourceTree = "<group>"; };
		33FF142E261CB3E9004F9F98 /* StoresScreen.swift */ = {isa = PBXFileReference; lastKnownFileType = sourcecode.swift; path = StoresScreen.swift; sourceTree = "<group>"; };
		33FF54E2257FBCD40018DE59 /* DocumentPicker.swift */ = {isa = PBXFileReference; lastKnownFileType = sourcecode.swift; path = DocumentPicker.swift; sourceTree = "<group>"; };
		5D3B9C379AD2162E729C5D31 /* Pods_ios_iosUITests.framework */ = {isa = PBXFileReference; explicitFileType = wrapper.framework; includeInIndex = 0; path = Pods_ios_iosUITests.framework; sourceTree = BUILT_PRODUCTS_DIR; };
		5D65B56B42EA12578B135D16 /* Pods-Medico.release.xcconfig */ = {isa = PBXFileReference; includeInIndex = 1; lastKnownFileType = text.xcconfig; name = "Pods-Medico.release.xcconfig"; path = "Target Support Files/Pods-Medico/Pods-Medico.release.xcconfig"; sourceTree = "<group>"; };
		7555FF7B242A565900829871 /* Dev medicostores.app */ = {isa = PBXFileReference; explicitFileType = wrapper.application; includeInIndex = 0; path = "Dev medicostores.app"; sourceTree = BUILT_PRODUCTS_DIR; };
		7555FF7E242A565900829871 /* AppDelegate.swift */ = {isa = PBXFileReference; lastKnownFileType = sourcecode.swift; path = AppDelegate.swift; sourceTree = "<group>"; };
		7555FF80242A565900829871 /* SceneDelegate.swift */ = {isa = PBXFileReference; lastKnownFileType = sourcecode.swift; path = SceneDelegate.swift; sourceTree = "<group>"; };
		7555FF84242A565B00829871 /* Assets.xcassets */ = {isa = PBXFileReference; lastKnownFileType = folder.assetcatalog; path = Assets.xcassets; sourceTree = "<group>"; };
		7555FF87242A565B00829871 /* Preview Assets.xcassets */ = {isa = PBXFileReference; lastKnownFileType = folder.assetcatalog; path = "Preview Assets.xcassets"; sourceTree = "<group>"; };
		7555FF8A242A565B00829871 /* Base */ = {isa = PBXFileReference; lastKnownFileType = file.storyboard; name = Base; path = Base.lproj/LaunchScreen.storyboard; sourceTree = "<group>"; };
		7555FF8C242A565B00829871 /* Info.plist */ = {isa = PBXFileReference; lastKnownFileType = text.plist.xml; path = Info.plist; sourceTree = "<group>"; };
		7AA80CF33BE2304862146BEE /* Pods_Medico.framework */ = {isa = PBXFileReference; explicitFileType = wrapper.framework; includeInIndex = 0; path = Pods_Medico.framework; sourceTree = BUILT_PRODUCTS_DIR; };
		7ED1FF174FDDF050269DD464 /* Pods-Medico.prod-debug.xcconfig */ = {isa = PBXFileReference; includeInIndex = 1; lastKnownFileType = text.xcconfig; name = "Pods-Medico.prod-debug.xcconfig"; path = "Target Support Files/Pods-Medico/Pods-Medico.prod-debug.xcconfig"; sourceTree = "<group>"; };
		8F4C16B158170595A4EC8EE8 /* Pods-Medico-MedicoUITests.release.xcconfig */ = {isa = PBXFileReference; includeInIndex = 1; lastKnownFileType = text.xcconfig; name = "Pods-Medico-MedicoUITests.release.xcconfig"; path = "Target Support Files/Pods-Medico-MedicoUITests/Pods-Medico-MedicoUITests.release.xcconfig"; sourceTree = "<group>"; };
		9C323A1227569C7A004D2558 /* ViewTaxInfoBottomSheet.swift */ = {isa = PBXFileReference; lastKnownFileType = sourcecode.swift; path = ViewTaxInfoBottomSheet.swift; sourceTree = "<group>"; };
		9C323A1427569D30004D2558 /* ViewItemTaxBottomSheet.swift */ = {isa = PBXFileReference; lastKnownFileType = sourcecode.swift; path = ViewItemTaxBottomSheet.swift; sourceTree = "<group>"; };
		A4D04C257EEAE918940525D2 /* Pods_Medico_MedicoUITests.framework */ = {isa = PBXFileReference; explicitFileType = wrapper.framework; includeInIndex = 0; path = Pods_Medico_MedicoUITests.framework; sourceTree = BUILT_PRODUCTS_DIR; };
		AC038EA1AD4DE30F33A4F60D /* Pods-Medico.stag-release.xcconfig */ = {isa = PBXFileReference; includeInIndex = 1; lastKnownFileType = text.xcconfig; name = "Pods-Medico.stag-release.xcconfig"; path = "Target Support Files/Pods-Medico/Pods-Medico.stag-release.xcconfig"; sourceTree = "<group>"; };
		B15E786F8A13687792CDC701 /* Pods-Medico.dev-debug.xcconfig */ = {isa = PBXFileReference; includeInIndex = 1; lastKnownFileType = text.xcconfig; name = "Pods-Medico.dev-debug.xcconfig"; path = "Target Support Files/Pods-Medico/Pods-Medico.dev-debug.xcconfig"; sourceTree = "<group>"; };
		C24B78CAC6E0F09D5BBF9B3D /* Pods-Medico.dev-release.xcconfig */ = {isa = PBXFileReference; includeInIndex = 1; lastKnownFileType = text.xcconfig; name = "Pods-Medico.dev-release.xcconfig"; path = "Target Support Files/Pods-Medico/Pods-Medico.dev-release.xcconfig"; sourceTree = "<group>"; };
/* End PBXFileReference section */

/* Begin PBXFrameworksBuildPhase section */
		7555FF78242A565900829871 /* Frameworks */ = {
			isa = PBXFrameworksBuildPhase;
			buildActionMask = 2147483647;
			files = (
				33F8DFC525763A91009E98EE /* core.framework in Frameworks */,
				333F45D125A49AC8008DE1D2 /* Introspect in Frameworks */,
				4BA0007DEC69B01DBC21A4C4 /* Pods_Medico.framework in Frameworks */,
			);
			runOnlyForDeploymentPostprocessing = 0;
		};
/* End PBXFrameworksBuildPhase section */

/* Begin PBXGroup section */
		33016394255999F200835961 /* Utils */ = {
			isa = PBXGroup;
			children = (
				332CFD4625AF337100341A7E /* Models */,
				332CFD4325AF334A00341A7E /* Services */,
			);
			path = Utils;
			sourceTree = "<group>";
		};
		330D8C4F266A0F6B005D46DB /* Invoices */ = {
			isa = PBXGroup;
			children = (
				330D8C52266A0FFF005D46DB /* InvoiceDetailsScreen.swift */,
				330D8C50266A0F85005D46DB /* InvoicesScreen.swift */,
			);
			path = Invoices;
			sourceTree = "<group>";
		};
		3317B5D525A59CE3008681ED /* Product */ = {
			isa = PBXGroup;
			children = (
				33648DAC261AFB2500CDB5D3 /* BuyProductScreen.swift */,
				3317B5D325A59C7C008681ED /* ProductDetails.swift */,
			);
			path = Product;
			sourceTree = "<group>";
		};
		331B195026C3D51800F0E806 /* GoogleService */ = {
			isa = PBXGroup;
			children = (
				331BED582593614600757694 /* GoogleService-Info-dev.plist */,
				331B194D26C3D50A00F0E806 /* GoogleService-Info-prod.plist */,
				331B194C26C3D50A00F0E806 /* GoogleService-Info-stag.plist */,
			);
			path = GoogleService;
			sourceTree = "<group>";
		};
		332CFD4225AF330C00341A7E /* Navigation */ = {
			isa = PBXGroup;
			children = (
				3356497325AC453300F2D3CE /* NavigationBar.swift */,
				3395030E25824ABB0080CC88 /* SlidingNavigationPanelView.swift */,
			);
			path = Navigation;
			sourceTree = "<group>";
		};
		332CFD4325AF334A00341A7E /* Services */ = {
			isa = PBXGroup;
			children = (
				332CFD4425AF335E00341A7E /* PhoneNumberUtil.swift */,
				332CFD4025AF31FC00341A7E /* ScreenLogger.swift */,
			);
			path = Services;
			sourceTree = "<group>";
		};
		332CFD4625AF337100341A7E /* Models */ = {
			isa = PBXGroup;
			children = (
				332CFD4725AF337F00341A7E /* AppColor.swift */,
				33638EFC2574FB8400A9E8B4 /* SwiftDataSource.swift */,
			);
			path = Models;
			sourceTree = "<group>";
		};
		332CFD4925AF33B100341A7E /* Other */ = {
			isa = PBXGroup;
			children = (
				336728212578E1CB00C7E73D /* KeyboardResponder.swift */,
			);
			path = Other;
			sourceTree = "<group>";
		};
		332F7DF9258B39BD00C5BF6B /* KotlinSources */ = {
			isa = PBXGroup;
			children = (
				332F7E02258B3A1500C5BF6B /* Core */,
				332F7E03258B3A8700C5BF6B /* Data */,
			);
			name = KotlinSources;
			sourceTree = "<group>";
		};
		332F7E02258B3A1500C5BF6B /* Core */ = {
			isa = PBXGroup;
			children = (
				332F7E0E258B3BC100C5BF6B /* commonMain */,
				332F7E0D258B3BC100C5BF6B /* iosMain */,
			);
			name = Core;
			sourceTree = "<group>";
		};
		332F7E03258B3A8700C5BF6B /* Data */ = {
			isa = PBXGroup;
			children = (
				332F7E0C258B3BB100C5BF6B /* commonMain */,
			);
			name = Data;
			sourceTree = "<group>";
		};
		33377B1A2632D48A00B619F9 /* Cart */ = {
			isa = PBXGroup;
			children = (
				33377B1B2632D49D00B619F9 /* CartScreen.swift */,
				3354F96F2657D4CA00A4D252 /* CompletedCartOrderScreen.swift */,
				3354F95D26579C9400A4D252 /* PlaceOrderScreen.swift */,
			);
			path = Cart;
			sourceTree = "<group>";
		};
		333D3266262EBAAE0075E1D3 /* Help */ = {
			isa = PBXGroup;
			children = (
				333D3267262EBABF0075E1D3 /* HelpScreen.swift */,
			);
			path = Help;
			sourceTree = "<group>";
		};
		333F45D425A4B608008DE1D2 /* Pickers */ = {
			isa = PBXGroup;
			children = (
				3373ED65265FB99700118DD9 /* DatePicker.swift */,
				3376EC792583875900570BB3 /* FilePicker.swift */,
				33648DCE261B18A900CDB5D3 /* NumberPicker.swift */,
				339C5044257A548F00AAB45F /* PickerSelector.swift */,
			);
			path = Pickers;
			sourceTree = "<group>";
		};
		333F45D525A4B616008DE1D2 /* Inputs */ = {
			isa = PBXGroup;
			children = (
				332DE72626E6120C0032698A /* EditableInput.swift */,
				33789561256E3BE70034D79F /* FloatingPlaceholderTextField.swift */,
				3367284C2579294F00C7E73D /* PhoneTextField.swift */,
				33C3216526E79BAD00C7CAB4 /* QuantityInput.swift */,
				33FD6A3F259CAD640092887D /* SearchBar.swift */,
			);
			path = Inputs;
			sourceTree = "<group>";
		};
		333F45D625A4B636008DE1D2 /* Texts */ = {
			isa = PBXGroup;
			children = (
				33621CF52571009D004BD4CF /* MedicoText.swift */,
			);
			path = Texts;
			sourceTree = "<group>";
		};
		333F45D725A4B63C008DE1D2 /* Images */ = {
			isa = PBXGroup;
			children = (
				333F45D225A4B5A8008DE1D2 /* URLImage.swift */,
				33D0326025E3D3020046664C /* UserNameImage.swift */,
			);
			path = Images;
			sourceTree = "<group>";
		};
		334574EE257629B6002839C5 /* SignUp */ = {
			isa = PBXGroup;
			children = (
				33D57336259B37B200A9B5C5 /* DocumentsDetails */,
				33F8DFBA25763732009E98EE /* SelectUserTypeScreen.swift */,
				33B834DE2577764D00D72CE8 /* SignUpPersonalDataScreen.swift */,
				339C503C257A2D9B00AAB45F /* SignUpAddressScreen.swift */,
				336589BE257E779C008D1CCC /* SignUpLegalDocumentsScreen.swift */,
				3372E215259A10570034EF2D /* SignUpWelcomeScreen.swift */,
			);
			path = SignUp;
			sourceTree = "<group>";
		};
		334FF84325B5CC9600EC9663 /* Password */ = {
			isa = PBXGroup;
			children = (
				33621D0125712DE6004BD4CF /* PasswordScreen.swift */,
			);
			path = Password;
			sourceTree = "<group>";
		};
		335FFAF725DD07DD00BC5FC1 /* Dashboard */ = {
			isa = PBXGroup;
			children = (
				335FFAF825DD07F600BC5FC1 /* DashboardScreen.swift */,
			);
			path = Dashboard;
			sourceTree = "<group>";
		};
		336D346E25C9732F0021F39A /* Notifications */ = {
			isa = PBXGroup;
			children = (
				336D346F25C973470021F39A /* NotificationsScreen.swift */,
				33D4743825CAAEDA00BB21CC /* NotificationDetailsScreen.swift */,
			);
			path = Notifications;
			sourceTree = "<group>";
		};
		3376EC742583736200570BB3 /* LimitedAppAccess */ = {
			isa = PBXGroup;
			children = (
				3376EC752583737800570BB3 /* LimitedAppAccessScreen.swift */,
			);
			path = LimitedAppAccess;
			sourceTree = "<group>";
		};
		3378955F256E3B970034D79F /* Views */ = {
			isa = PBXGroup;
			children = (
				3391B0C125B871940025B945 /* Alert */,
				33A0202225B991E700615349 /* Containers */,
				333F45D725A4B63C008DE1D2 /* Images */,
				333F45D525A4B616008DE1D2 /* Inputs */,
				332CFD4225AF330C00341A7E /* Navigation */,
				332CFD4925AF33B100341A7E /* Other */,
				333F45D425A4B608008DE1D2 /* Pickers */,
				33A0202725B99E2200615349 /* Sheets */,
				333F45D625A4B636008DE1D2 /* Texts */,
				338F98EA257F7808002D36FF /* UIKitElements */,
				33ABAEC7258B826A0061F63C /* CommonViews.swift */,
				339C5040257A2E7600AAB45F /* CommonViewModifiers.swift */,
			);
			path = Views;
			sourceTree = "<group>";
		};
		337C0A35256D423D00C3F0A5 /* Screens */ = {
			isa = PBXGroup;
			children = (
				33B1B7FE2563F4C6005215A3 /* Authentication */,
				33377B1A2632D48A00B619F9 /* Cart */,
				335FFAF725DD07DD00BC5FC1 /* Dashboard */,
				33FD6A42259CBE7E0092887D /* GlobalSearch */,
				333D3266262EBAAE0075E1D3 /* Help */,
				330D8C4F266A0F6B005D46DB /* Invoices */,
				3376EC742583736200570BB3 /* LimitedAppAccess */,
				33F55EF2265E6DA800298BE7 /* Orders */,
				336D346E25C9732F0021F39A /* Notifications */,
				334FF84325B5CC9600EC9663 /* Password */,
				3317B5D525A59CE3008681ED /* Product */,
				339D372025B05C6E00C57B2D /* Settings */,
				33FF142D261CB3B8004F9F98 /* Store */,
				3391B08C25B81E740025B945 /* UsersManagement */,
				330867512566D67E000C3EB8 /* HostScreen.swift */,
			);
			path = Screens;
			sourceTree = "<group>";
		};
		337C0A36256D426900C3F0A5 /* Resources */ = {
			isa = PBXGroup;
			children = (
				3391B0BA25B820360025B945 /* Assets */,
				3398A33326C3CF09003F692D /* Configs */,
				33E7682D256D5F6D00B35FDF /* Fonts */,
				7555FF89242A565B00829871 /* LaunchScreen.storyboard */,
				3391B0BC25B820680025B945 /* Localization */,
				7555FF86242A565B00829871 /* Preview Content */,
				3391B0BB25B8204F0025B945 /* PropertyLists */,
			);
			path = Resources;
			sourceTree = "<group>";
		};
		338BFF0425C816FB00514E79 /* Notifications */ = {
			isa = PBXGroup;
			children = (
				338BFF0725C8173800514E79 /* CloudMessagingNotificationsService.swift */,
				338BFF0525C8171500514E79 /* NotificationsManager.swift */,
			);
			path = Notifications;
			sourceTree = "<group>";
		};
		338F98EA257F7808002D36FF /* UIKitElements */ = {
			isa = PBXGroup;
			children = (
				33621CF9257125B2004BD4CF /* ActivityView.swift */,
				3395031225824C060080CC88 /* BlurEffectView.swift */,
				33FF54E2257FBCD40018DE59 /* DocumentPicker.swift */,
				338F98E6257F77C3002D36FF /* ImagePicker.swift */,
				333D3298262EC6A20075E1D3 /* MailView.swift */,
				334288AB25B3180F008F3890 /* MapView.swift */,
				333D329A262ED4BC0075E1D3 /* SafariView.swift */,
			);
			path = UIKitElements;
			sourceTree = "<group>";
		};
		3391B08C25B81E740025B945 /* UsersManagement */ = {
			isa = PBXGroup;
			children = (
				331FC3A725D3D1410072D3B3 /* AddRetailerScreen.swift */,
				3391B0BD25B824600025B945 /* UserManagementScreen.swift */,
			);
			path = UsersManagement;
			sourceTree = "<group>";
		};
		3391B0BA25B820360025B945 /* Assets */ = {
			isa = PBXGroup;
			children = (
				7555FF84242A565B00829871 /* Assets.xcassets */,
				33F15209256FF5D200C4C656 /* Colors.xcassets */,
			);
			path = Assets;
			sourceTree = "<group>";
		};
		3391B0BB25B8204F0025B945 /* PropertyLists */ = {
			isa = PBXGroup;
			children = (
				331B195026C3D51800F0E806 /* GoogleService */,
				7555FF8C242A565B00829871 /* Info.plist */,
			);
			path = PropertyLists;
			sourceTree = "<group>";
		};
		3391B0BC25B820680025B945 /* Localization */ = {
			isa = PBXGroup;
			children = (
				33289422256537A50003E092 /* Localizable.strings */,
			);
			path = Localization;
			sourceTree = "<group>";
		};
		3391B0C125B871940025B945 /* Alert */ = {
			isa = PBXGroup;
			children = (
				3391B0BF25B871000025B945 /* AlertViewModifiers.swift */,
				331FC3AB25D3F6C00072D3B3 /* ComplexNotifications.swift */,
			);
			path = Alert;
			sourceTree = "<group>";
		};
		33946A942580E65800A01804 /* Otp */ = {
			isa = PBXGroup;
			children = (
				33F151EA256FE1F000C4C656 /* OtpPhoneRequestScreen.swift */,
				33F151F0256FE7F000C4C656 /* OtpPhoneVerification.swift */,
			);
			path = Otp;
			sourceTree = "<group>";
		};
		3398A33326C3CF09003F692D /* Configs */ = {
			isa = PBXGroup;
			children = (
				3398A33426C3CF2D003F692D /* Development.xcconfig */,
				331B194A26C3D3DD00F0E806 /* Staging.xcconfig */,
				331B194B26C3D40800F0E806 /* Production.xcconfig */,
			);
			path = Configs;
			sourceTree = "<group>";
		};
		339D372025B05C6E00C57B2D /* Settings */ = {
			isa = PBXGroup;
			children = (
				339D372125B05CCF00C57B2D /* SettingsScreen.swift */,
			);
			path = Settings;
			sourceTree = "<group>";
		};
		33A0202225B991E700615349 /* Containers */ = {
			isa = PBXGroup;
			children = (
				33B4A30C25A30F3F00B04AF3 /* FlexibleView.swift */,
				33A0202325B9920000615349 /* TransparentList.swift */,
			);
			path = Containers;
			sourceTree = "<group>";
		};
		33A0202725B99E2200615349 /* Sheets */ = {
			isa = PBXGroup;
			children = (
				33A0202525B99E1100615349 /* BaseBottomSheetView.swift */,
				33D7F29825BEBCB40070C9DB /* EntityInfoBottomSheet.swift */,
				33ED9E9B2661327700DAD5A6 /* ModifyOrderEntryBottomSheet.swift */,
				332EB65225F2253C009BC392 /* PopSheet.swift */,
				33A1212E26E8D8B800D7AABF /* PreviewStockistBottomSheet.swift */,
				9C323A1227569C7A004D2558 /* ViewTaxInfoBottomSheet.swift */,
				9C323A1427569D30004D2558 /* ViewItemTaxBottomSheet.swift */,
			);
			path = Sheets;
			sourceTree = "<group>";
		};
		33B1B7FE2563F4C6005215A3 /* Authentication */ = {
			isa = PBXGroup;
			children = (
				33946A942580E65800A01804 /* Otp */,
				334574EE257629B6002839C5 /* SignUp */,
				33B1B7FF2563F4EB005215A3 /* AuthScreen.swift */,
				33F1C07125683FFF0041A890 /* OtpFlowScreen.swift */,
				334574EF25762A5F002839C5 /* SignUpScreen.swift */,
			);
			path = Authentication;
			sourceTree = "<group>";
		};
		33B1B80725642192005215A3 /* Extensions */ = {
			isa = PBXGroup;
			children = (
				33CDAA31256E5D42001C189A /* AppColorViewsExtensions.swift */,
				33385A7A256FB66B00DACD7C /* ColorExt.swift */,
				33385A7B256FB66B00DACD7C /* CommonExt.swift */,
				33AD104B256F92CC005FF354 /* SwiftUIExtensions.swift */,
				33385A85256FB7C200DACD7C /* ViewExtensions.swift */,
			);
			path = Extensions;
			sourceTree = "<group>";
		};
		33CA67C625AEF7E700148A27 /* Analytics */ = {
			isa = PBXGroup;
			children = (
				33CA67C825AEF87600148A27 /* AnalyticsService.swift */,
				33CA67CA25AEF8E100148A27 /* FirebaseAnalyticsService.swift */,
			);
			path = Analytics;
			sourceTree = "<group>";
		};
		33CA67C725AEF81300148A27 /* Services */ = {
			isa = PBXGroup;
			children = (
				33CA67C625AEF7E700148A27 /* Analytics */,
				338BFF0425C816FB00514E79 /* Notifications */,
				33CA67E925AF0EFD00148A27 /* DIContainer.swift */,
			);
			path = Services;
			sourceTree = "<group>";
		};
		33D57336259B37B200A9B5C5 /* DocumentsDetails */ = {
			isa = PBXGroup;
			children = (
				33D57334259B167100A9B5C5 /* SignUpAadhaarCardDetailsScreen.swift */,
				335EE0D4257A7EF90004AD42 /* SignUpTraderDetails.swift */,
			);
			path = DocumentsDetails;
			sourceTree = "<group>";
		};
		33E7682D256D5F6D00B35FDF /* Fonts */ = {
			isa = PBXGroup;
			children = (
				33E299DC268CA6C7004183A2 /* Barlow-BoldItalic.ttf */,
				33E299DD268CA6C7004183A2 /* Barlow-MediumItalic.ttf */,
				33B4A30E25A34E6900B04AF3 /* Barlow-Black.ttf */,
				33F8DFE225764253009E98EE /* Barlow-Bold.ttf */,
				33E76836256D621B00B35FDF /* Barlow-SemiBold.ttf */,
				33E7682E256D5F9800B35FDF /* Barlow-Medium.ttf */,
				33E7682F256D5F9900B35FDF /* Barlow-Regular.ttf */,
			);
			path = Fonts;
			sourceTree = "<group>";
		};
		33F55EF2265E6DA800298BE7 /* Orders */ = {
			isa = PBXGroup;
			children = (
				33DE40C22664CB83001EB277 /* ConfirmOrderScreen.swift */,
				33E299E0268CB4B9004183A2 /* OrderPlacedScreen.swift */,
				33F55EF3265E6E3C00298BE7 /* OrdersScreen.swift */,
				33BAF810265FDFED00559A68 /* ViewOrderScreen.swift */,
			);
			path = Orders;
			sourceTree = "<group>";
		};
		33FD6A42259CBE7E0092887D /* GlobalSearch */ = {
			isa = PBXGroup;
			children = (
				33FD6A43259CBE9B0092887D /* GlobalSearchScreen.swift */,
			);
			path = GlobalSearch;
			sourceTree = "<group>";
		};
		33FF142D261CB3B8004F9F98 /* Store */ = {
			isa = PBXGroup;
			children = (
				33FF142E261CB3E9004F9F98 /* StoresScreen.swift */,
			);
			path = Store;
			sourceTree = "<group>";
		};
		7555FF72242A565900829871 = {
			isa = PBXGroup;
			children = (
				7555FF7D242A565900829871 /* ios */,
				7555FF7C242A565900829871 /* Products */,
				7555FFB0242A642200829871 /* Frameworks */,
				F5E94E8000B79EC32F9C20E2 /* Pods */,
			);
			sourceTree = "<group>";
		};
		7555FF7C242A565900829871 /* Products */ = {
			isa = PBXGroup;
			children = (
				7555FF7B242A565900829871 /* Dev medicostores.app */,
			);
			name = Products;
			sourceTree = "<group>";
		};
		7555FF7D242A565900829871 /* ios */ = {
			isa = PBXGroup;
			children = (
				7555FF7E242A565900829871 /* AppDelegate.swift */,
				33B1B80725642192005215A3 /* Extensions */,
				332F7DF9258B39BD00C5BF6B /* KotlinSources */,
				337C0A36256D426900C3F0A5 /* Resources */,
				7555FF80242A565900829871 /* SceneDelegate.swift */,
				337C0A35256D423D00C3F0A5 /* Screens */,
				33CA67C725AEF81300148A27 /* Services */,
				33016394255999F200835961 /* Utils */,
				3378955F256E3B970034D79F /* Views */,
			);
			path = ios;
			sourceTree = "<group>";
		};
		7555FF86242A565B00829871 /* Preview Content */ = {
			isa = PBXGroup;
			children = (
				7555FF87242A565B00829871 /* Preview Assets.xcassets */,
			);
			path = "Preview Content";
			sourceTree = "<group>";
		};
		7555FFB0242A642200829871 /* Frameworks */ = {
			isa = PBXGroup;
			children = (
				33F8DFC425763A91009E98EE /* core.framework */,
				5D3B9C379AD2162E729C5D31 /* Pods_ios_iosUITests.framework */,
				2F2D1DD0CD71D0C64852DCA3 /* Pods_iosTests.framework */,
				7AA80CF33BE2304862146BEE /* Pods_Medico.framework */,
				A4D04C257EEAE918940525D2 /* Pods_Medico_MedicoUITests.framework */,
			);
			name = Frameworks;
			sourceTree = "<group>";
		};
		F5E94E8000B79EC32F9C20E2 /* Pods */ = {
			isa = PBXGroup;
			children = (
				289BFD22E9FAC8B5DB1DEF7A /* Pods-Medico.debug.xcconfig */,
				5D65B56B42EA12578B135D16 /* Pods-Medico.release.xcconfig */,
				251BB946665B9AAA979DC276 /* Pods-Medico-MedicoUITests.debug.xcconfig */,
				8F4C16B158170595A4EC8EE8 /* Pods-Medico-MedicoUITests.release.xcconfig */,
				B15E786F8A13687792CDC701 /* Pods-Medico.dev-debug.xcconfig */,
				10B0DE703D0010159218515A /* Pods-Medico.stag-debug.xcconfig */,
				7ED1FF174FDDF050269DD464 /* Pods-Medico.prod-debug.xcconfig */,
				C24B78CAC6E0F09D5BBF9B3D /* Pods-Medico.dev-release.xcconfig */,
				AC038EA1AD4DE30F33A4F60D /* Pods-Medico.stag-release.xcconfig */,
				29FC7531BC99EA68A486A17E /* Pods-Medico.prod-release.xcconfig */,
			);
			path = Pods;
			sourceTree = "<group>";
		};
/* End PBXGroup section */

/* Begin PBXNativeTarget section */
		7555FF7A242A565900829871 /* Medico */ = {
			isa = PBXNativeTarget;
			buildConfigurationList = 7555FFA5242A565B00829871 /* Build configuration list for PBXNativeTarget "Medico" */;
			buildPhases = (
				09DF2A296B4A29D1C3C82ECC /* [CP] Check Pods Manifest.lock */,
				7555FFB5242A651A00829871 /* Run Script */,
				7555FF77242A565900829871 /* Sources */,
				7555FF78242A565900829871 /* Frameworks */,
				7555FF79242A565900829871 /* Resources */,
				7555FFB4242A642300829871 /* Embed Frameworks */,
				331B195126C3D53200F0E806 /* ShellScript */,
				D56BEB1B90779AF1E4EB6534 /* [CP] Embed Pods Frameworks */,
				331BECFF25934DC300757694 /* ShellScript */,
			);
			buildRules = (
			);
			dependencies = (
			);
			name = Medico;
			packageProductDependencies = (
				333F45D025A49AC8008DE1D2 /* Introspect */,
			);
			productName = ios;
			productReference = 7555FF7B242A565900829871 /* Dev medicostores.app */;
			productType = "com.apple.product-type.application";
		};
/* End PBXNativeTarget section */

/* Begin PBXProject section */
		7555FF73242A565900829871 /* Project object */ = {
			isa = PBXProject;
			attributes = {
				LastSwiftUpdateCheck = 1220;
				LastUpgradeCheck = 1130;
				ORGANIZATIONNAME = "Zeal Software Solutions";
				TargetAttributes = {
					7555FF7A242A565900829871 = {
						CreatedOnToolsVersion = 11.3.1;
					};
				};
			};
			buildConfigurationList = 7555FF76242A565900829871 /* Build configuration list for PBXProject "ios" */;
			compatibilityVersion = "Xcode 9.3";
			developmentRegion = en;
			hasScannedForEncodings = 0;
			knownRegions = (
				en,
				Base,
			);
			mainGroup = 7555FF72242A565900829871;
			packageReferences = (
				333F45BF25A499B8008DE1D2 /* XCRemoteSwiftPackageReference "SwiftUI-Introspect" */,
			);
			productRefGroup = 7555FF7C242A565900829871 /* Products */;
			projectDirPath = "";
			projectRoot = "";
			targets = (
				7555FF7A242A565900829871 /* Medico */,
			);
		};
/* End PBXProject section */

/* Begin PBXResourcesBuildPhase section */
		7555FF79242A565900829871 /* Resources */ = {
			isa = PBXResourcesBuildPhase;
			buildActionMask = 2147483647;
			files = (
				33289420256537A50003E092 /* Localizable.strings in Resources */,
				33E76830256D5F9900B35FDF /* Barlow-Medium.ttf in Resources */,
				7555FF8B242A565B00829871 /* LaunchScreen.storyboard in Resources */,
				7555FF88242A565B00829871 /* Preview Assets.xcassets in Resources */,
				33E76831256D5F9900B35FDF /* Barlow-Regular.ttf in Resources */,
				331B194F26C3D50A00F0E806 /* GoogleService-Info-prod.plist in Resources */,
				33E299DF268CA6C7004183A2 /* Barlow-MediumItalic.ttf in Resources */,
				33F1520A256FF5D200C4C656 /* Colors.xcassets in Resources */,
				33E76837256D621B00B35FDF /* Barlow-SemiBold.ttf in Resources */,
				331BED592593614600757694 /* GoogleService-Info-dev.plist in Resources */,
				33E299DE268CA6C7004183A2 /* Barlow-BoldItalic.ttf in Resources */,
				7555FF85242A565B00829871 /* Assets.xcassets in Resources */,
				33B4A30F25A34E6900B04AF3 /* Barlow-Black.ttf in Resources */,
				33F8DFE325764253009E98EE /* Barlow-Bold.ttf in Resources */,
				331B194E26C3D50A00F0E806 /* GoogleService-Info-stag.plist in Resources */,
			);
			runOnlyForDeploymentPostprocessing = 0;
		};
/* End PBXResourcesBuildPhase section */

/* Begin PBXShellScriptBuildPhase section */
		09DF2A296B4A29D1C3C82ECC /* [CP] Check Pods Manifest.lock */ = {
			isa = PBXShellScriptBuildPhase;
			buildActionMask = 2147483647;
			files = (
			);
			inputFileListPaths = (
			);
			inputPaths = (
				"${PODS_PODFILE_DIR_PATH}/Podfile.lock",
				"${PODS_ROOT}/Manifest.lock",
			);
			name = "[CP] Check Pods Manifest.lock";
			outputFileListPaths = (
			);
			outputPaths = (
				"$(DERIVED_FILE_DIR)/Pods-Medico-checkManifestLockResult.txt",
			);
			runOnlyForDeploymentPostprocessing = 0;
			shellPath = /bin/sh;
			shellScript = "diff \"${PODS_PODFILE_DIR_PATH}/Podfile.lock\" \"${PODS_ROOT}/Manifest.lock\" > /dev/null\nif [ $? != 0 ] ; then\n    # print error to STDERR\n    echo \"error: The sandbox is not in sync with the Podfile.lock. Run 'pod install' or update your CocoaPods installation.\" >&2\n    exit 1\nfi\n# This output is used by Xcode 'outputs' to avoid re-running this script phase.\necho \"SUCCESS\" > \"${SCRIPT_OUTPUT_FILE_0}\"\n";
			showEnvVarsInLog = 0;
		};
		331B195126C3D53200F0E806 /* ShellScript */ = {
			isa = PBXShellScriptBuildPhase;
			buildActionMask = 2147483647;
			files = (
			);
			inputFileListPaths = (
			);
			inputPaths = (
			);
			outputFileListPaths = (
			);
			outputPaths = (
			);
			runOnlyForDeploymentPostprocessing = 0;
			shellPath = /bin/sh;
			shellScript = "PATH_TO_GOOGLE_PLISTS=\"${PROJECT_DIR}/ios/Resources/PropertyLists/GoogleService\"\n\ncase \"${CONFIGURATION}\" in\n\n   \"DEV-Debug\" | \"DEV-Release\" )\n        cp -r \"$PATH_TO_GOOGLE_PLISTS/GoogleService-Info-dev.plist\" \"${BUILT_PRODUCTS_DIR}/${PRODUCT_NAME}.app/GoogleService-Info.plist\" ;;\n\n    \"STAG-Debug\" | \"STAG-Release\" )\n        cp -r \"$PATH_TO_GOOGLE_PLISTS/GoogleService-Info-stag.plist\" \"${BUILT_PRODUCTS_DIR}/${PRODUCT_NAME}.app/GoogleService-Info.plist\" ;;\n        \n    \"PROD-Debug\" | \"PROD-Release\" )\n        cp -r \"$PATH_TO_GOOGLE_PLISTS/GoogleService-Info-prod.plist\" \"${BUILT_PRODUCTS_DIR}/${PRODUCT_NAME}.app/GoogleService-Info.plist\" ;;\n\n    *)\n        ;;\nesac\n";
		};
		331BECFF25934DC300757694 /* ShellScript */ = {
			isa = PBXShellScriptBuildPhase;
			buildActionMask = 2147483647;
			files = (
			);
			inputFileListPaths = (
			);
			inputPaths = (
				"$(SRCROOT)/$(BUILT_PRODUCTS_DIR)/$(INFOPLIST_PATH)",
				"${DWARF_DSYM_FOLDER_PATH}/${DWARF_DSYM_FILE_NAME}/Contents/Resources/DWARF/${TARGET_NAME}",
			);
			outputFileListPaths = (
			);
			outputPaths = (
			);
			runOnlyForDeploymentPostprocessing = 0;
			shellPath = /bin/sh;
			shellScript = "\"${PODS_ROOT}/FirebaseCrashlytics/run\"\n";
		};
		7555FFB5242A651A00829871 /* Run Script */ = {
			isa = PBXShellScriptBuildPhase;
			buildActionMask = 2147483647;
			files = (
			);
			inputFileListPaths = (
			);
			inputPaths = (
			);
			name = "Run Script";
			outputFileListPaths = (
			);
			outputPaths = (
			);
			runOnlyForDeploymentPostprocessing = 0;
			shellPath = /bin/sh;
			shellScript = "cd \"$SRCROOT/..\"\n\necho \"${CONFIGURATION}\"\nSCHEME_NAME=`cat ${SCHEME_FILE}`\nif [ $SCHEME_NAME = 'MedicoSimulator' ]; then\n    FOR_SIMULATOR=true CONFIGURATION=${CONFIGURATION} ./gradlew :core:packForXCode\nelif [ \"${CONFIGURATION}\" = \"DEV_DEBUG\" ] || [ \"${CONFIGURATION}\" = \"STAG_DEBUG\" ] || [ \"${CONFIGURATION}\" = \"PROD_DEBUG\" ]; then\n    CONFIGURATION=Debug ./gradlew :core:packForXCode\nelse\n    CONFIGURATION=Release ./gradlew :core:packForXCode\nfi\n";
		};
		D56BEB1B90779AF1E4EB6534 /* [CP] Embed Pods Frameworks */ = {
			isa = PBXShellScriptBuildPhase;
			buildActionMask = 2147483647;
			files = (
			);
			inputFileListPaths = (
				"${PODS_ROOT}/Target Support Files/Pods-Medico/Pods-Medico-frameworks-${CONFIGURATION}-input-files.xcfilelist",
			);
			name = "[CP] Embed Pods Frameworks";
			outputFileListPaths = (
				"${PODS_ROOT}/Target Support Files/Pods-Medico/Pods-Medico-frameworks-${CONFIGURATION}-output-files.xcfilelist",
			);
			runOnlyForDeploymentPostprocessing = 0;
			shellPath = /bin/sh;
			shellScript = "\"${PODS_ROOT}/Target Support Files/Pods-Medico/Pods-Medico-frameworks.sh\"\n";
			showEnvVarsInLog = 0;
		};
/* End PBXShellScriptBuildPhase section */

/* Begin PBXSourcesBuildPhase section */
		7555FF77242A565900829871 /* Sources */ = {
			isa = PBXSourcesBuildPhase;
			buildActionMask = 2147483647;
			files = (
				33ED9E9C2661327700DAD5A6 /* ModifyOrderEntryBottomSheet.swift in Sources */,
				33648DCF261B18A900CDB5D3 /* NumberPicker.swift in Sources */,
				3376EC7A2583875900570BB3 /* FilePicker.swift in Sources */,
				33ABAEC8258B826A0061F63C /* CommonViews.swift in Sources */,
				33B4A30D25A30F3F00B04AF3 /* FlexibleView.swift in Sources */,
				33AD104C256F92CC005FF354 /* SwiftUIExtensions.swift in Sources */,
				333D3299262EC6A20075E1D3 /* MailView.swift in Sources */,
				332DE72726E6120C0032698A /* EditableInput.swift in Sources */,
				3354F9702657D4CA00A4D252 /* CompletedCartOrderScreen.swift in Sources */,
				330D8C53266A0FFF005D46DB /* InvoiceDetailsScreen.swift in Sources */,
				336589BF257E779C008D1CCC /* SignUpLegalDocumentsScreen.swift in Sources */,
				33E299E1268CB4B9004183A2 /* OrderPlacedScreen.swift in Sources */,
				3356497425AC453300F2D3CE /* NavigationBar.swift in Sources */,
				33385A7D256FB66B00DACD7C /* ColorExt.swift in Sources */,
				332EB65325F2253C009BC392 /* PopSheet.swift in Sources */,
				3354F95E26579C9400A4D252 /* PlaceOrderScreen.swift in Sources */,
				33FF142F261CB3E9004F9F98 /* StoresScreen.swift in Sources */,
				334288AC25B3180F008F3890 /* MapView.swift in Sources */,
				338F98E7257F77C3002D36FF /* ImagePicker.swift in Sources */,
				33BAF811265FDFED00559A68 /* ViewOrderScreen.swift in Sources */,
				330867522566D67E000C3EB8 /* HostScreen.swift in Sources */,
				9C323A1327569C7A004D2558 /* ViewTaxInfoBottomSheet.swift in Sources */,
				332CFD4525AF335E00341A7E /* PhoneNumberUtil.swift in Sources */,
				338BFF0625C8171500514E79 /* NotificationsManager.swift in Sources */,
				3395030F25824ABB0080CC88 /* SlidingNavigationPanelView.swift in Sources */,
				33D57335259B167100A9B5C5 /* SignUpAadhaarCardDetailsScreen.swift in Sources */,
				3391B0BE25B824600025B945 /* UserManagementScreen.swift in Sources */,
				33CDAA32256E5D42001C189A /* AppColorViewsExtensions.swift in Sources */,
				33A0202625B99E1100615349 /* BaseBottomSheetView.swift in Sources */,
				331FC3A825D3D1410072D3B3 /* AddRetailerScreen.swift in Sources */,
				3395031325824C060080CC88 /* BlurEffectView.swift in Sources */,
				33D0326125E3D3020046664C /* UserNameImage.swift in Sources */,
				33648DAD261AFB2500CDB5D3 /* BuyProductScreen.swift in Sources */,
				3373ED66265FB99700118DD9 /* DatePicker.swift in Sources */,
				333F45D325A4B5A8008DE1D2 /* URLImage.swift in Sources */,
				332CFD4125AF31FC00341A7E /* ScreenLogger.swift in Sources */,
				33385A7E256FB66B00DACD7C /* CommonExt.swift in Sources */,
				33DE40C32664CB83001EB277 /* ConfirmOrderScreen.swift in Sources */,
				33A0202425B9920000615349 /* TransparentList.swift in Sources */,
				334574F025762A5F002839C5 /* SignUpScreen.swift in Sources */,
				333D329B262ED4BC0075E1D3 /* SafariView.swift in Sources */,
				33638EFD2574FB8400A9E8B4 /* SwiftDataSource.swift in Sources */,
				33789562256E3BE70034D79F /* FloatingPlaceholderTextField.swift in Sources */,
				335FFAF925DD07F600BC5FC1 /* DashboardScreen.swift in Sources */,
				33D4743925CAAEDA00BB21CC /* NotificationDetailsScreen.swift in Sources */,
				3367284D2579294F00C7E73D /* PhoneTextField.swift in Sources */,
				3391B0C025B871000025B945 /* AlertViewModifiers.swift in Sources */,
				339C5045257A548F00AAB45F /* PickerSelector.swift in Sources */,
				33C3216626E79BAD00C7CAB4 /* QuantityInput.swift in Sources */,
				336D347025C973470021F39A /* NotificationsScreen.swift in Sources */,
				33B834DF2577764D00D72CE8 /* SignUpPersonalDataScreen.swift in Sources */,
				338BFF0825C8173800514E79 /* CloudMessagingNotificationsService.swift in Sources */,
				332CFD4825AF337F00341A7E /* AppColor.swift in Sources */,
				33F151F1256FE7F000C4C656 /* OtpPhoneVerification.swift in Sources */,
				33F151EB256FE1F000C4C656 /* OtpPhoneRequestScreen.swift in Sources */,
				33F55EF4265E6E3C00298BE7 /* OrdersScreen.swift in Sources */,
				333D3268262EBABF0075E1D3 /* HelpScreen.swift in Sources */,
				33CA67CB25AEF8E100148A27 /* FirebaseAnalyticsService.swift in Sources */,
				33F1C07225683FFF0041A890 /* OtpFlowScreen.swift in Sources */,
				33A1212F26E8D8B800D7AABF /* PreviewStockistBottomSheet.swift in Sources */,
				335EE0D5257A7EF90004AD42 /* SignUpTraderDetails.swift in Sources */,
				33385A86256FB7C200DACD7C /* ViewExtensions.swift in Sources */,
				33CA67EA25AF0EFD00148A27 /* DIContainer.swift in Sources */,
				33621CF62571009D004BD4CF /* MedicoText.swift in Sources */,
				33F8DFBB25763732009E98EE /* SelectUserTypeScreen.swift in Sources */,
				339C5041257A2E7600AAB45F /* CommonViewModifiers.swift in Sources */,
				33FD6A40259CAD640092887D /* SearchBar.swift in Sources */,
				331FC3AC25D3F6C00072D3B3 /* ComplexNotifications.swift in Sources */,
				9C323A1527569D30004D2558 /* ViewItemTaxBottomSheet.swift in Sources */,
				33CA67C925AEF87600148A27 /* AnalyticsService.swift in Sources */,
				33621CFA257125B2004BD4CF /* ActivityView.swift in Sources */,
				330D8C51266A0F85005D46DB /* InvoicesScreen.swift in Sources */,
				3376EC762583737800570BB3 /* LimitedAppAccessScreen.swift in Sources */,
				3372E216259A10570034EF2D /* SignUpWelcomeScreen.swift in Sources */,
				7555FF7F242A565900829871 /* AppDelegate.swift in Sources */,
				33D7F29925BEBCB40070C9DB /* EntityInfoBottomSheet.swift in Sources */,
				33621D0225712DE6004BD4CF /* PasswordScreen.swift in Sources */,
				33FD6A44259CBE9B0092887D /* GlobalSearchScreen.swift in Sources */,
				339C503D257A2D9B00AAB45F /* SignUpAddressScreen.swift in Sources */,
				339D372225B05CCF00C57B2D /* SettingsScreen.swift in Sources */,
				336728222578E1CB00C7E73D /* KeyboardResponder.swift in Sources */,
				7555FF81242A565900829871 /* SceneDelegate.swift in Sources */,
				33FF54E3257FBCD40018DE59 /* DocumentPicker.swift in Sources */,
				33B1B8002563F4EB005215A3 /* AuthScreen.swift in Sources */,
				3317B5D425A59C7C008681ED /* ProductDetails.swift in Sources */,
				33377B1C2632D49D00B619F9 /* CartScreen.swift in Sources */,
			);
			runOnlyForDeploymentPostprocessing = 0;
		};
/* End PBXSourcesBuildPhase section */

/* Begin PBXVariantGroup section */
		33289422256537A50003E092 /* Localizable.strings */ = {
			isa = PBXVariantGroup;
			children = (
				33289421256537A50003E092 /* en */,
			);
			name = Localizable.strings;
			sourceTree = "<group>";
		};
		7555FF89242A565B00829871 /* LaunchScreen.storyboard */ = {
			isa = PBXVariantGroup;
			children = (
				7555FF8A242A565B00829871 /* Base */,
			);
			name = LaunchScreen.storyboard;
			sourceTree = "<group>";
		};
/* End PBXVariantGroup section */

/* Begin XCBuildConfiguration section */
		33045D0C26AEB8F60077C8BB /* STAG-Debug */ = {
			isa = XCBuildConfiguration;
			baseConfigurationReference = 331B194A26C3D3DD00F0E806 /* Staging.xcconfig */;
			buildSettings = {
				ALWAYS_SEARCH_USER_PATHS = NO;
				CLANG_ANALYZER_NONNULL = YES;
				CLANG_ANALYZER_NUMBER_OBJECT_CONVERSION = YES_AGGRESSIVE;
				CLANG_CXX_LANGUAGE_STANDARD = "gnu++14";
				CLANG_CXX_LIBRARY = "libc++";
				CLANG_ENABLE_MODULES = YES;
				CLANG_ENABLE_OBJC_ARC = YES;
				CLANG_ENABLE_OBJC_WEAK = YES;
				CLANG_WARN_BLOCK_CAPTURE_AUTORELEASING = YES;
				CLANG_WARN_BOOL_CONVERSION = YES;
				CLANG_WARN_COMMA = YES;
				CLANG_WARN_CONSTANT_CONVERSION = YES;
				CLANG_WARN_DEPRECATED_OBJC_IMPLEMENTATIONS = YES;
				CLANG_WARN_DIRECT_OBJC_ISA_USAGE = YES_ERROR;
				CLANG_WARN_DOCUMENTATION_COMMENTS = YES;
				CLANG_WARN_EMPTY_BODY = YES;
				CLANG_WARN_ENUM_CONVERSION = YES;
				CLANG_WARN_INFINITE_RECURSION = YES;
				CLANG_WARN_INT_CONVERSION = YES;
				CLANG_WARN_NON_LITERAL_NULL_CONVERSION = YES;
				CLANG_WARN_OBJC_IMPLICIT_RETAIN_SELF = YES;
				CLANG_WARN_OBJC_LITERAL_CONVERSION = YES;
				CLANG_WARN_OBJC_ROOT_CLASS = YES_ERROR;
				CLANG_WARN_RANGE_LOOP_ANALYSIS = YES;
				CLANG_WARN_STRICT_PROTOTYPES = YES;
				CLANG_WARN_SUSPICIOUS_MOVE = YES;
				CLANG_WARN_UNGUARDED_AVAILABILITY = YES_AGGRESSIVE;
				CLANG_WARN_UNREACHABLE_CODE = YES;
				CLANG_WARN__DUPLICATE_METHOD_MATCH = YES;
				COPY_PHASE_STRIP = NO;
				DEBUG_INFORMATION_FORMAT = "dwarf-with-dsym";
				ENABLE_STRICT_OBJC_MSGSEND = YES;
				ENABLE_TESTABILITY = YES;
				GCC_C_LANGUAGE_STANDARD = gnu11;
				GCC_DYNAMIC_NO_PIC = NO;
				GCC_NO_COMMON_BLOCKS = YES;
				GCC_OPTIMIZATION_LEVEL = 0;
				GCC_PREPROCESSOR_DEFINITIONS = (
					"DEBUG=1",
					"$(inherited)",
				);
				GCC_WARN_64_TO_32_BIT_CONVERSION = YES;
				GCC_WARN_ABOUT_RETURN_TYPE = YES_ERROR;
				GCC_WARN_UNDECLARED_SELECTOR = YES;
				GCC_WARN_UNINITIALIZED_AUTOS = YES_AGGRESSIVE;
				GCC_WARN_UNUSED_FUNCTION = YES;
				GCC_WARN_UNUSED_VARIABLE = YES;
				IPHONEOS_DEPLOYMENT_TARGET = 13.0;
				MTL_ENABLE_DEBUG_INFO = INCLUDE_SOURCE;
				MTL_FAST_MATH = YES;
				ONLY_ACTIVE_ARCH = YES;
				SDKROOT = iphoneos;
				SWIFT_ACTIVE_COMPILATION_CONDITIONS = DEBUG;
				SWIFT_OPTIMIZATION_LEVEL = "-Onone";
			};
			name = "STAG-Debug";
		};
		33045D0D26AEB8F60077C8BB /* STAG-Debug */ = {
			isa = XCBuildConfiguration;
			baseConfigurationReference = 10B0DE703D0010159218515A /* Pods-Medico.stag-debug.xcconfig */;
			buildSettings = {
				ASSETCATALOG_COMPILER_APPICON_NAME = AppIcon;
				BUNDLE_LOADER = "";
				CODE_SIGN_ENTITLEMENTS = Medico.entitlements;
				CODE_SIGN_IDENTITY = "iPhone Developer";
				CODE_SIGN_STYLE = Manual;
				CURRENT_PROJECT_VERSION = 9;
				DEVELOPMENT_ASSET_PATHS = "\"ios/Resources/Preview Content\"";
				DEVELOPMENT_TEAM = QHQT856493;
				ENABLE_PREVIEWS = YES;
				FRAMEWORK_SEARCH_PATHS = (
					"$(SRCROOT)/../core/build/xcode-frameworks",
					"$(inherited)",
				);
				INFOPLIST_FILE = ios/Resources/PropertyLists/Info.plist;
				INTERMEDIATES_OUTPUT_DIR = "${PROJECT_DIR}/build/intermediates/${CONFIGURATION}/";
				IPHONEOS_DEPLOYMENT_TARGET = 13.0;
				LD_RUNPATH_SEARCH_PATHS = (
					"$(inherited)",
					"@executable_path/Frameworks",
				);
				MARKETING_VERSION = 1.2;
				PRODUCT_BUNDLE_IDENTIFIER = "${MEDICO_BUNDLE_IDENTIFIER}";
				PRODUCT_NAME = "$(MEDICO_BUNDLE_NAME)";
				PROVISIONING_PROFILE_SPECIFIER = "Medico Staging Development";
				SCHEME_FILE = "${INTERMEDIATES_OUTPUT_DIR}scheme_name.txt";
				SWIFT_ACTIVE_COMPILATION_CONDITIONS = "${MEDICO_COMPILATION_CONDITION}";
				SWIFT_VERSION = 5.0;
				TARGETED_DEVICE_FAMILY = 1;
			};
			name = "STAG-Debug";
		};
		33045D0E26AEC6930077C8BB /* PROD-Debug */ = {
			isa = XCBuildConfiguration;
			baseConfigurationReference = 331B194B26C3D40800F0E806 /* Production.xcconfig */;
			buildSettings = {
				ALWAYS_SEARCH_USER_PATHS = NO;
				CLANG_ANALYZER_NONNULL = YES;
				CLANG_ANALYZER_NUMBER_OBJECT_CONVERSION = YES_AGGRESSIVE;
				CLANG_CXX_LANGUAGE_STANDARD = "gnu++14";
				CLANG_CXX_LIBRARY = "libc++";
				CLANG_ENABLE_MODULES = YES;
				CLANG_ENABLE_OBJC_ARC = YES;
				CLANG_ENABLE_OBJC_WEAK = YES;
				CLANG_WARN_BLOCK_CAPTURE_AUTORELEASING = YES;
				CLANG_WARN_BOOL_CONVERSION = YES;
				CLANG_WARN_COMMA = YES;
				CLANG_WARN_CONSTANT_CONVERSION = YES;
				CLANG_WARN_DEPRECATED_OBJC_IMPLEMENTATIONS = YES;
				CLANG_WARN_DIRECT_OBJC_ISA_USAGE = YES_ERROR;
				CLANG_WARN_DOCUMENTATION_COMMENTS = YES;
				CLANG_WARN_EMPTY_BODY = YES;
				CLANG_WARN_ENUM_CONVERSION = YES;
				CLANG_WARN_INFINITE_RECURSION = YES;
				CLANG_WARN_INT_CONVERSION = YES;
				CLANG_WARN_NON_LITERAL_NULL_CONVERSION = YES;
				CLANG_WARN_OBJC_IMPLICIT_RETAIN_SELF = YES;
				CLANG_WARN_OBJC_LITERAL_CONVERSION = YES;
				CLANG_WARN_OBJC_ROOT_CLASS = YES_ERROR;
				CLANG_WARN_RANGE_LOOP_ANALYSIS = YES;
				CLANG_WARN_STRICT_PROTOTYPES = YES;
				CLANG_WARN_SUSPICIOUS_MOVE = YES;
				CLANG_WARN_UNGUARDED_AVAILABILITY = YES_AGGRESSIVE;
				CLANG_WARN_UNREACHABLE_CODE = YES;
				CLANG_WARN__DUPLICATE_METHOD_MATCH = YES;
				COPY_PHASE_STRIP = NO;
				DEBUG_INFORMATION_FORMAT = "dwarf-with-dsym";
				ENABLE_STRICT_OBJC_MSGSEND = YES;
				ENABLE_TESTABILITY = YES;
				GCC_C_LANGUAGE_STANDARD = gnu11;
				GCC_DYNAMIC_NO_PIC = NO;
				GCC_NO_COMMON_BLOCKS = YES;
				GCC_OPTIMIZATION_LEVEL = 0;
				GCC_PREPROCESSOR_DEFINITIONS = (
					"DEBUG=1",
					"$(inherited)",
				);
				GCC_WARN_64_TO_32_BIT_CONVERSION = YES;
				GCC_WARN_ABOUT_RETURN_TYPE = YES_ERROR;
				GCC_WARN_UNDECLARED_SELECTOR = YES;
				GCC_WARN_UNINITIALIZED_AUTOS = YES_AGGRESSIVE;
				GCC_WARN_UNUSED_FUNCTION = YES;
				GCC_WARN_UNUSED_VARIABLE = YES;
				IPHONEOS_DEPLOYMENT_TARGET = 13.0;
				MTL_ENABLE_DEBUG_INFO = INCLUDE_SOURCE;
				MTL_FAST_MATH = YES;
				ONLY_ACTIVE_ARCH = YES;
				SDKROOT = iphoneos;
				SWIFT_ACTIVE_COMPILATION_CONDITIONS = DEBUG;
				SWIFT_OPTIMIZATION_LEVEL = "-Onone";
			};
			name = "PROD-Debug";
		};
		33045D0F26AEC6930077C8BB /* PROD-Debug */ = {
			isa = XCBuildConfiguration;
			baseConfigurationReference = 7ED1FF174FDDF050269DD464 /* Pods-Medico.prod-debug.xcconfig */;
			buildSettings = {
				ASSETCATALOG_COMPILER_APPICON_NAME = AppIcon;
				BUNDLE_LOADER = "";
				CODE_SIGN_ENTITLEMENTS = Medico.entitlements;
				CODE_SIGN_IDENTITY = "iPhone Developer";
				CODE_SIGN_STYLE = Manual;
				CURRENT_PROJECT_VERSION = 9;
				DEVELOPMENT_ASSET_PATHS = "\"ios/Resources/Preview Content\"";
				DEVELOPMENT_TEAM = QHQT856493;
				ENABLE_PREVIEWS = YES;
				FRAMEWORK_SEARCH_PATHS = (
					"$(SRCROOT)/../core/build/xcode-frameworks",
					"$(inherited)",
				);
				INFOPLIST_FILE = ios/Resources/PropertyLists/Info.plist;
				INTERMEDIATES_OUTPUT_DIR = "${PROJECT_DIR}/build/intermediates/${CONFIGURATION}/";
				IPHONEOS_DEPLOYMENT_TARGET = 13.0;
				LD_RUNPATH_SEARCH_PATHS = (
					"$(inherited)",
					"@executable_path/Frameworks",
				);
				MARKETING_VERSION = 1.2;
				PRODUCT_BUNDLE_IDENTIFIER = "${MEDICO_BUNDLE_IDENTIFIER}";
				PRODUCT_NAME = "$(MEDICO_BUNDLE_NAME)";
				PROVISIONING_PROFILE_SPECIFIER = "Medico Prod Development";
				SCHEME_FILE = "${INTERMEDIATES_OUTPUT_DIR}scheme_name.txt";
				SWIFT_ACTIVE_COMPILATION_CONDITIONS = "${MEDICO_COMPILATION_CONDITION}";
				SWIFT_VERSION = 5.0;
				TARGETED_DEVICE_FAMILY = 1;
			};
			name = "PROD-Debug";
		};
		33045D1026AEC6AA0077C8BB /* STAG-Release */ = {
			isa = XCBuildConfiguration;
			baseConfigurationReference = 331B194A26C3D3DD00F0E806 /* Staging.xcconfig */;
			buildSettings = {
				ALWAYS_SEARCH_USER_PATHS = NO;
				CLANG_ANALYZER_NONNULL = YES;
				CLANG_ANALYZER_NUMBER_OBJECT_CONVERSION = YES_AGGRESSIVE;
				CLANG_CXX_LANGUAGE_STANDARD = "gnu++14";
				CLANG_CXX_LIBRARY = "libc++";
				CLANG_ENABLE_MODULES = YES;
				CLANG_ENABLE_OBJC_ARC = YES;
				CLANG_ENABLE_OBJC_WEAK = YES;
				CLANG_WARN_BLOCK_CAPTURE_AUTORELEASING = YES;
				CLANG_WARN_BOOL_CONVERSION = YES;
				CLANG_WARN_COMMA = YES;
				CLANG_WARN_CONSTANT_CONVERSION = YES;
				CLANG_WARN_DEPRECATED_OBJC_IMPLEMENTATIONS = YES;
				CLANG_WARN_DIRECT_OBJC_ISA_USAGE = YES_ERROR;
				CLANG_WARN_DOCUMENTATION_COMMENTS = YES;
				CLANG_WARN_EMPTY_BODY = YES;
				CLANG_WARN_ENUM_CONVERSION = YES;
				CLANG_WARN_INFINITE_RECURSION = YES;
				CLANG_WARN_INT_CONVERSION = YES;
				CLANG_WARN_NON_LITERAL_NULL_CONVERSION = YES;
				CLANG_WARN_OBJC_IMPLICIT_RETAIN_SELF = YES;
				CLANG_WARN_OBJC_LITERAL_CONVERSION = YES;
				CLANG_WARN_OBJC_ROOT_CLASS = YES_ERROR;
				CLANG_WARN_RANGE_LOOP_ANALYSIS = YES;
				CLANG_WARN_STRICT_PROTOTYPES = YES;
				CLANG_WARN_SUSPICIOUS_MOVE = YES;
				CLANG_WARN_UNGUARDED_AVAILABILITY = YES_AGGRESSIVE;
				CLANG_WARN_UNREACHABLE_CODE = YES;
				CLANG_WARN__DUPLICATE_METHOD_MATCH = YES;
				COPY_PHASE_STRIP = NO;
				DEBUG_INFORMATION_FORMAT = "dwarf-with-dsym";
				ENABLE_NS_ASSERTIONS = NO;
				ENABLE_STRICT_OBJC_MSGSEND = YES;
				GCC_C_LANGUAGE_STANDARD = gnu11;
				GCC_NO_COMMON_BLOCKS = YES;
				GCC_WARN_64_TO_32_BIT_CONVERSION = YES;
				GCC_WARN_ABOUT_RETURN_TYPE = YES_ERROR;
				GCC_WARN_UNDECLARED_SELECTOR = YES;
				GCC_WARN_UNINITIALIZED_AUTOS = YES_AGGRESSIVE;
				GCC_WARN_UNUSED_FUNCTION = YES;
				GCC_WARN_UNUSED_VARIABLE = YES;
				IPHONEOS_DEPLOYMENT_TARGET = 13.0;
				MTL_ENABLE_DEBUG_INFO = NO;
				MTL_FAST_MATH = YES;
				SDKROOT = iphoneos;
				SWIFT_COMPILATION_MODE = wholemodule;
				SWIFT_OPTIMIZATION_LEVEL = "-O";
				VALIDATE_PRODUCT = YES;
			};
			name = "STAG-Release";
		};
		33045D1126AEC6AA0077C8BB /* STAG-Release */ = {
			isa = XCBuildConfiguration;
			baseConfigurationReference = AC038EA1AD4DE30F33A4F60D /* Pods-Medico.stag-release.xcconfig */;
			buildSettings = {
				ASSETCATALOG_COMPILER_APPICON_NAME = AppIcon;
				BUNDLE_LOADER = "";
				CODE_SIGN_ENTITLEMENTS = Medico.entitlements;
				CODE_SIGN_IDENTITY = "iPhone Distribution";
				CODE_SIGN_STYLE = Manual;
				CURRENT_PROJECT_VERSION = 9;
				DEVELOPMENT_ASSET_PATHS = "\"ios/Resources/Preview Content\"";
				DEVELOPMENT_TEAM = QHQT856493;
				ENABLE_PREVIEWS = YES;
				FRAMEWORK_SEARCH_PATHS = (
					"$(SRCROOT)/../core/build/xcode-frameworks",
					"$(inherited)",
				);
				INFOPLIST_FILE = ios/Resources/PropertyLists/Info.plist;
				INTERMEDIATES_OUTPUT_DIR = "${PROJECT_DIR}/build/intermediates/${CONFIGURATION}/";
				IPHONEOS_DEPLOYMENT_TARGET = 13.0;
				LD_RUNPATH_SEARCH_PATHS = (
					"$(inherited)",
					"@executable_path/Frameworks",
				);
				MARKETING_VERSION = 1.2;
				PRODUCT_BUNDLE_IDENTIFIER = "${MEDICO_BUNDLE_IDENTIFIER}";
				PRODUCT_NAME = "$(MEDICO_BUNDLE_NAME)";
				PROVISIONING_PROFILE_SPECIFIER = "Medico Staging Distribution";
				SCHEME_FILE = "${INTERMEDIATES_OUTPUT_DIR}scheme_name.txt";
				SWIFT_ACTIVE_COMPILATION_CONDITIONS = "${MEDICO_COMPILATION_CONDITION}";
				SWIFT_VERSION = 5.0;
				TARGETED_DEVICE_FAMILY = 1;
			};
			name = "STAG-Release";
		};
		33045D1226AEC6B30077C8BB /* PROD-Release */ = {
			isa = XCBuildConfiguration;
			baseConfigurationReference = 331B194B26C3D40800F0E806 /* Production.xcconfig */;
			buildSettings = {
				ALWAYS_SEARCH_USER_PATHS = NO;
				CLANG_ANALYZER_NONNULL = YES;
				CLANG_ANALYZER_NUMBER_OBJECT_CONVERSION = YES_AGGRESSIVE;
				CLANG_CXX_LANGUAGE_STANDARD = "gnu++14";
				CLANG_CXX_LIBRARY = "libc++";
				CLANG_ENABLE_MODULES = YES;
				CLANG_ENABLE_OBJC_ARC = YES;
				CLANG_ENABLE_OBJC_WEAK = YES;
				CLANG_WARN_BLOCK_CAPTURE_AUTORELEASING = YES;
				CLANG_WARN_BOOL_CONVERSION = YES;
				CLANG_WARN_COMMA = YES;
				CLANG_WARN_CONSTANT_CONVERSION = YES;
				CLANG_WARN_DEPRECATED_OBJC_IMPLEMENTATIONS = YES;
				CLANG_WARN_DIRECT_OBJC_ISA_USAGE = YES_ERROR;
				CLANG_WARN_DOCUMENTATION_COMMENTS = YES;
				CLANG_WARN_EMPTY_BODY = YES;
				CLANG_WARN_ENUM_CONVERSION = YES;
				CLANG_WARN_INFINITE_RECURSION = YES;
				CLANG_WARN_INT_CONVERSION = YES;
				CLANG_WARN_NON_LITERAL_NULL_CONVERSION = YES;
				CLANG_WARN_OBJC_IMPLICIT_RETAIN_SELF = YES;
				CLANG_WARN_OBJC_LITERAL_CONVERSION = YES;
				CLANG_WARN_OBJC_ROOT_CLASS = YES_ERROR;
				CLANG_WARN_RANGE_LOOP_ANALYSIS = YES;
				CLANG_WARN_STRICT_PROTOTYPES = YES;
				CLANG_WARN_SUSPICIOUS_MOVE = YES;
				CLANG_WARN_UNGUARDED_AVAILABILITY = YES_AGGRESSIVE;
				CLANG_WARN_UNREACHABLE_CODE = YES;
				CLANG_WARN__DUPLICATE_METHOD_MATCH = YES;
				COPY_PHASE_STRIP = NO;
				DEBUG_INFORMATION_FORMAT = "dwarf-with-dsym";
				ENABLE_NS_ASSERTIONS = NO;
				ENABLE_STRICT_OBJC_MSGSEND = YES;
				GCC_C_LANGUAGE_STANDARD = gnu11;
				GCC_NO_COMMON_BLOCKS = YES;
				GCC_WARN_64_TO_32_BIT_CONVERSION = YES;
				GCC_WARN_ABOUT_RETURN_TYPE = YES_ERROR;
				GCC_WARN_UNDECLARED_SELECTOR = YES;
				GCC_WARN_UNINITIALIZED_AUTOS = YES_AGGRESSIVE;
				GCC_WARN_UNUSED_FUNCTION = YES;
				GCC_WARN_UNUSED_VARIABLE = YES;
				IPHONEOS_DEPLOYMENT_TARGET = 13.0;
				MTL_ENABLE_DEBUG_INFO = NO;
				MTL_FAST_MATH = YES;
				SDKROOT = iphoneos;
				SWIFT_COMPILATION_MODE = wholemodule;
				SWIFT_OPTIMIZATION_LEVEL = "-O";
				VALIDATE_PRODUCT = YES;
			};
			name = "PROD-Release";
		};
		33045D1326AEC6B30077C8BB /* PROD-Release */ = {
			isa = XCBuildConfiguration;
			baseConfigurationReference = 29FC7531BC99EA68A486A17E /* Pods-Medico.prod-release.xcconfig */;
			buildSettings = {
				ASSETCATALOG_COMPILER_APPICON_NAME = AppIcon;
				BUNDLE_LOADER = "";
				CODE_SIGN_ENTITLEMENTS = Medico.entitlements;
				CODE_SIGN_IDENTITY = "iPhone Distribution";
				CODE_SIGN_STYLE = Manual;
				CURRENT_PROJECT_VERSION = 9;
				DEVELOPMENT_ASSET_PATHS = "\"ios/Resources/Preview Content\"";
				DEVELOPMENT_TEAM = QHQT856493;
				ENABLE_PREVIEWS = YES;
				FRAMEWORK_SEARCH_PATHS = (
					"$(SRCROOT)/../core/build/xcode-frameworks",
					"$(inherited)",
				);
				INFOPLIST_FILE = ios/Resources/PropertyLists/Info.plist;
				INTERMEDIATES_OUTPUT_DIR = "${PROJECT_DIR}/build/intermediates/${CONFIGURATION}/";
				IPHONEOS_DEPLOYMENT_TARGET = 13.0;
				LD_RUNPATH_SEARCH_PATHS = (
					"$(inherited)",
					"@executable_path/Frameworks",
				);
				MARKETING_VERSION = 1.2;
				PRODUCT_BUNDLE_IDENTIFIER = "${MEDICO_BUNDLE_IDENTIFIER}";
				PRODUCT_NAME = "$(MEDICO_BUNDLE_NAME)";
				PROVISIONING_PROFILE_SPECIFIER = "Medico Prod Distribution";
				SCHEME_FILE = "${INTERMEDIATES_OUTPUT_DIR}scheme_name.txt";
				SWIFT_ACTIVE_COMPILATION_CONDITIONS = "${MEDICO_COMPILATION_CONDITION}";
				SWIFT_VERSION = 5.0;
				TARGETED_DEVICE_FAMILY = 1;
			};
			name = "PROD-Release";
		};
		7555FFA3242A565B00829871 /* DEV-Debug */ = {
			isa = XCBuildConfiguration;
			baseConfigurationReference = 3398A33426C3CF2D003F692D /* Development.xcconfig */;
			buildSettings = {
				ALWAYS_SEARCH_USER_PATHS = NO;
				CLANG_ANALYZER_NONNULL = YES;
				CLANG_ANALYZER_NUMBER_OBJECT_CONVERSION = YES_AGGRESSIVE;
				CLANG_CXX_LANGUAGE_STANDARD = "gnu++14";
				CLANG_CXX_LIBRARY = "libc++";
				CLANG_ENABLE_MODULES = YES;
				CLANG_ENABLE_OBJC_ARC = YES;
				CLANG_ENABLE_OBJC_WEAK = YES;
				CLANG_WARN_BLOCK_CAPTURE_AUTORELEASING = YES;
				CLANG_WARN_BOOL_CONVERSION = YES;
				CLANG_WARN_COMMA = YES;
				CLANG_WARN_CONSTANT_CONVERSION = YES;
				CLANG_WARN_DEPRECATED_OBJC_IMPLEMENTATIONS = YES;
				CLANG_WARN_DIRECT_OBJC_ISA_USAGE = YES_ERROR;
				CLANG_WARN_DOCUMENTATION_COMMENTS = YES;
				CLANG_WARN_EMPTY_BODY = YES;
				CLANG_WARN_ENUM_CONVERSION = YES;
				CLANG_WARN_INFINITE_RECURSION = YES;
				CLANG_WARN_INT_CONVERSION = YES;
				CLANG_WARN_NON_LITERAL_NULL_CONVERSION = YES;
				CLANG_WARN_OBJC_IMPLICIT_RETAIN_SELF = YES;
				CLANG_WARN_OBJC_LITERAL_CONVERSION = YES;
				CLANG_WARN_OBJC_ROOT_CLASS = YES_ERROR;
				CLANG_WARN_RANGE_LOOP_ANALYSIS = YES;
				CLANG_WARN_STRICT_PROTOTYPES = YES;
				CLANG_WARN_SUSPICIOUS_MOVE = YES;
				CLANG_WARN_UNGUARDED_AVAILABILITY = YES_AGGRESSIVE;
				CLANG_WARN_UNREACHABLE_CODE = YES;
				CLANG_WARN__DUPLICATE_METHOD_MATCH = YES;
				COPY_PHASE_STRIP = NO;
				DEBUG_INFORMATION_FORMAT = "dwarf-with-dsym";
				ENABLE_STRICT_OBJC_MSGSEND = YES;
				ENABLE_TESTABILITY = YES;
				GCC_C_LANGUAGE_STANDARD = gnu11;
				GCC_DYNAMIC_NO_PIC = NO;
				GCC_NO_COMMON_BLOCKS = YES;
				GCC_OPTIMIZATION_LEVEL = 0;
				GCC_PREPROCESSOR_DEFINITIONS = (
					"DEBUG=1",
					"$(inherited)",
				);
				GCC_WARN_64_TO_32_BIT_CONVERSION = YES;
				GCC_WARN_ABOUT_RETURN_TYPE = YES_ERROR;
				GCC_WARN_UNDECLARED_SELECTOR = YES;
				GCC_WARN_UNINITIALIZED_AUTOS = YES_AGGRESSIVE;
				GCC_WARN_UNUSED_FUNCTION = YES;
				GCC_WARN_UNUSED_VARIABLE = YES;
				IPHONEOS_DEPLOYMENT_TARGET = 13.0;
				MTL_ENABLE_DEBUG_INFO = INCLUDE_SOURCE;
				MTL_FAST_MATH = YES;
				ONLY_ACTIVE_ARCH = YES;
				SDKROOT = iphoneos;
				SWIFT_ACTIVE_COMPILATION_CONDITIONS = DEBUG;
				SWIFT_OPTIMIZATION_LEVEL = "-Onone";
			};
			name = "DEV-Debug";
		};
		7555FFA4242A565B00829871 /* DEV-Release */ = {
			isa = XCBuildConfiguration;
			baseConfigurationReference = 3398A33426C3CF2D003F692D /* Development.xcconfig */;
			buildSettings = {
				ALWAYS_SEARCH_USER_PATHS = NO;
				CLANG_ANALYZER_NONNULL = YES;
				CLANG_ANALYZER_NUMBER_OBJECT_CONVERSION = YES_AGGRESSIVE;
				CLANG_CXX_LANGUAGE_STANDARD = "gnu++14";
				CLANG_CXX_LIBRARY = "libc++";
				CLANG_ENABLE_MODULES = YES;
				CLANG_ENABLE_OBJC_ARC = YES;
				CLANG_ENABLE_OBJC_WEAK = YES;
				CLANG_WARN_BLOCK_CAPTURE_AUTORELEASING = YES;
				CLANG_WARN_BOOL_CONVERSION = YES;
				CLANG_WARN_COMMA = YES;
				CLANG_WARN_CONSTANT_CONVERSION = YES;
				CLANG_WARN_DEPRECATED_OBJC_IMPLEMENTATIONS = YES;
				CLANG_WARN_DIRECT_OBJC_ISA_USAGE = YES_ERROR;
				CLANG_WARN_DOCUMENTATION_COMMENTS = YES;
				CLANG_WARN_EMPTY_BODY = YES;
				CLANG_WARN_ENUM_CONVERSION = YES;
				CLANG_WARN_INFINITE_RECURSION = YES;
				CLANG_WARN_INT_CONVERSION = YES;
				CLANG_WARN_NON_LITERAL_NULL_CONVERSION = YES;
				CLANG_WARN_OBJC_IMPLICIT_RETAIN_SELF = YES;
				CLANG_WARN_OBJC_LITERAL_CONVERSION = YES;
				CLANG_WARN_OBJC_ROOT_CLASS = YES_ERROR;
				CLANG_WARN_RANGE_LOOP_ANALYSIS = YES;
				CLANG_WARN_STRICT_PROTOTYPES = YES;
				CLANG_WARN_SUSPICIOUS_MOVE = YES;
				CLANG_WARN_UNGUARDED_AVAILABILITY = YES_AGGRESSIVE;
				CLANG_WARN_UNREACHABLE_CODE = YES;
				CLANG_WARN__DUPLICATE_METHOD_MATCH = YES;
				COPY_PHASE_STRIP = NO;
				DEBUG_INFORMATION_FORMAT = "dwarf-with-dsym";
				ENABLE_NS_ASSERTIONS = NO;
				ENABLE_STRICT_OBJC_MSGSEND = YES;
				GCC_C_LANGUAGE_STANDARD = gnu11;
				GCC_NO_COMMON_BLOCKS = YES;
				GCC_WARN_64_TO_32_BIT_CONVERSION = YES;
				GCC_WARN_ABOUT_RETURN_TYPE = YES_ERROR;
				GCC_WARN_UNDECLARED_SELECTOR = YES;
				GCC_WARN_UNINITIALIZED_AUTOS = YES_AGGRESSIVE;
				GCC_WARN_UNUSED_FUNCTION = YES;
				GCC_WARN_UNUSED_VARIABLE = YES;
				IPHONEOS_DEPLOYMENT_TARGET = 13.0;
				MTL_ENABLE_DEBUG_INFO = NO;
				MTL_FAST_MATH = YES;
				SDKROOT = iphoneos;
				SWIFT_COMPILATION_MODE = wholemodule;
				SWIFT_OPTIMIZATION_LEVEL = "-O";
				VALIDATE_PRODUCT = YES;
			};
			name = "DEV-Release";
		};
		7555FFA6242A565B00829871 /* DEV-Debug */ = {
			isa = XCBuildConfiguration;
			baseConfigurationReference = B15E786F8A13687792CDC701 /* Pods-Medico.dev-debug.xcconfig */;
			buildSettings = {
				ASSETCATALOG_COMPILER_APPICON_NAME = AppIcon;
				BUNDLE_LOADER = "";
				CODE_SIGN_ENTITLEMENTS = Medico.entitlements;
				CODE_SIGN_IDENTITY = "iPhone Developer";
				CODE_SIGN_STYLE = Manual;
				CURRENT_PROJECT_VERSION = 9;
				DEVELOPMENT_ASSET_PATHS = "\"ios/Resources/Preview Content\"";
				DEVELOPMENT_TEAM = QHQT856493;
				ENABLE_PREVIEWS = YES;
				FRAMEWORK_SEARCH_PATHS = (
					"$(SRCROOT)/../core/build/xcode-frameworks",
					"$(inherited)",
				);
				INFOPLIST_FILE = ios/Resources/PropertyLists/Info.plist;
				INTERMEDIATES_OUTPUT_DIR = "${PROJECT_DIR}/build/intermediates/${CONFIGURATION}/";
				IPHONEOS_DEPLOYMENT_TARGET = 13.0;
				LD_RUNPATH_SEARCH_PATHS = (
					"$(inherited)",
					"@executable_path/Frameworks",
				);
				MARKETING_VERSION = 1.2;
				PRODUCT_BUNDLE_IDENTIFIER = "${MEDICO_BUNDLE_IDENTIFIER}";
				PRODUCT_NAME = "$(MEDICO_BUNDLE_NAME)";
				PROVISIONING_PROFILE_SPECIFIER = "Medico Dev Development";
				SCHEME_FILE = "${INTERMEDIATES_OUTPUT_DIR}scheme_name.txt";
				SWIFT_ACTIVE_COMPILATION_CONDITIONS = "${MEDICO_COMPILATION_CONDITION}";
				SWIFT_VERSION = 5.0;
				TARGETED_DEVICE_FAMILY = 1;
			};
			name = "DEV-Debug";
		};
		7555FFA7242A565B00829871 /* DEV-Release */ = {
			isa = XCBuildConfiguration;
			baseConfigurationReference = C24B78CAC6E0F09D5BBF9B3D /* Pods-Medico.dev-release.xcconfig */;
			buildSettings = {
				ASSETCATALOG_COMPILER_APPICON_NAME = AppIcon;
				BUNDLE_LOADER = "";
				CODE_SIGN_ENTITLEMENTS = Medico.entitlements;
				CODE_SIGN_IDENTITY = "iPhone Distribution";
				CODE_SIGN_STYLE = Manual;
				CURRENT_PROJECT_VERSION = 9;
				DEVELOPMENT_ASSET_PATHS = "\"ios/Resources/Preview Content\"";
				DEVELOPMENT_TEAM = QHQT856493;
				ENABLE_PREVIEWS = YES;
				FRAMEWORK_SEARCH_PATHS = (
					"$(SRCROOT)/../core/build/xcode-frameworks",
					"$(inherited)",
				);
				INFOPLIST_FILE = ios/Resources/PropertyLists/Info.plist;
				INTERMEDIATES_OUTPUT_DIR = "${PROJECT_DIR}/build/intermediates/${CONFIGURATION}/";
				IPHONEOS_DEPLOYMENT_TARGET = 13.0;
				LD_RUNPATH_SEARCH_PATHS = (
					"$(inherited)",
					"@executable_path/Frameworks",
				);
				MARKETING_VERSION = 1.2;
				PRODUCT_BUNDLE_IDENTIFIER = "${MEDICO_BUNDLE_IDENTIFIER}";
				PRODUCT_NAME = "$(MEDICO_BUNDLE_NAME)";
				PROVISIONING_PROFILE_SPECIFIER = "Medico Dev Distribution";
				SCHEME_FILE = "${INTERMEDIATES_OUTPUT_DIR}scheme_name.txt";
				SWIFT_ACTIVE_COMPILATION_CONDITIONS = "${MEDICO_COMPILATION_CONDITION}";
				SWIFT_VERSION = 5.0;
				TARGETED_DEVICE_FAMILY = 1;
			};
			name = "DEV-Release";
		};
/* End XCBuildConfiguration section */

/* Begin XCConfigurationList section */
		7555FF76242A565900829871 /* Build configuration list for PBXProject "ios" */ = {
			isa = XCConfigurationList;
			buildConfigurations = (
				7555FFA3242A565B00829871 /* DEV-Debug */,
				33045D0C26AEB8F60077C8BB /* STAG-Debug */,
				33045D0E26AEC6930077C8BB /* PROD-Debug */,
				7555FFA4242A565B00829871 /* DEV-Release */,
				33045D1026AEC6AA0077C8BB /* STAG-Release */,
				33045D1226AEC6B30077C8BB /* PROD-Release */,
			);
			defaultConfigurationIsVisible = 0;
			defaultConfigurationName = "DEV-Release";
		};
		7555FFA5242A565B00829871 /* Build configuration list for PBXNativeTarget "Medico" */ = {
			isa = XCConfigurationList;
			buildConfigurations = (
				7555FFA6242A565B00829871 /* DEV-Debug */,
				33045D0D26AEB8F60077C8BB /* STAG-Debug */,
				33045D0F26AEC6930077C8BB /* PROD-Debug */,
				7555FFA7242A565B00829871 /* DEV-Release */,
				33045D1126AEC6AA0077C8BB /* STAG-Release */,
				33045D1326AEC6B30077C8BB /* PROD-Release */,
			);
			defaultConfigurationIsVisible = 0;
			defaultConfigurationName = "DEV-Release";
		};
/* End XCConfigurationList section */

/* Begin XCRemoteSwiftPackageReference section */
		333F45BF25A499B8008DE1D2 /* XCRemoteSwiftPackageReference "SwiftUI-Introspect" */ = {
			isa = XCRemoteSwiftPackageReference;
			repositoryURL = "https://github.com/siteline/SwiftUI-Introspect.git";
			requirement = {
				kind = upToNextMajorVersion;
				minimumVersion = 0.1.2;
			};
		};
/* End XCRemoteSwiftPackageReference section */

/* Begin XCSwiftPackageProductDependency section */
		333F45D025A49AC8008DE1D2 /* Introspect */ = {
			isa = XCSwiftPackageProductDependency;
			package = 333F45BF25A499B8008DE1D2 /* XCRemoteSwiftPackageReference "SwiftUI-Introspect" */;
			productName = Introspect;
		};
/* End XCSwiftPackageProductDependency section */
	};
	rootObject = 7555FF73242A565900829871 /* Project object */;
}
